Microsoft Visual Studio Solution File, Format Version 11.00
# Visual Studio 2010
Project("{8BC9CEB8-8B4A-11D0-8D11-00A0C91BC942}") = "prep", "appweb-windows-static\prep.vcxproj", "{467DCB7C-9406-49DF-B865-A532AE2D74A8}"
EndProject
Project("{8BC9CEB8-8B4A-11D0-8D11-00A0C91BC942}") = "libmpr", "appweb-windows-static\libmpr.vcxproj", "{B878BE55-BECB-4C83-8E95-6AD11BA24206}"
	ProjectSection(ProjectDependencies) = postProject
		{467DCB7C-9406-49DF-B865-A532AE2D74A8} = {467DCB7C-9406-49DF-B865-A532AE2D74A8}
	EndProjectSection
EndProject
Project("{8BC9CEB8-8B4A-11D0-8D11-00A0C91BC942}") = "libpcre", "appweb-windows-static\libpcre.vcxproj", "{E3B596C4-5E58-4D8D-A280-7E2D91641357}"
	ProjectSection(ProjectDependencies) = postProject
		{467DCB7C-9406-49DF-B865-A532AE2D74A8} = {467DCB7C-9406-49DF-B865-A532AE2D74A8}
	EndProjectSection
EndProject
Project("{8BC9CEB8-8B4A-11D0-8D11-00A0C91BC942}") = "libhttp", "appweb-windows-static\libhttp.vcxproj", "{3F525F82-92E8-4897-8A53-F03027B478FF}"
	ProjectSection(ProjectDependencies) = postProject
		{467DCB7C-9406-49DF-B865-A532AE2D74A8} = {467DCB7C-9406-49DF-B865-A532AE2D74A8}
	EndProjectSection
	ProjectSection(ProjectDependencies) = postProject
		{B878BE55-BECB-4C83-8E95-6AD11BA24206} = {B878BE55-BECB-4C83-8E95-6AD11BA24206}
	EndProjectSection
	ProjectSection(ProjectDependencies) = postProject
		{E3B596C4-5E58-4D8D-A280-7E2D91641357} = {E3B596C4-5E58-4D8D-A280-7E2D91641357}
	EndProjectSection
EndProject
Project("{8BC9CEB8-8B4A-11D0-8D11-00A0C91BC942}") = "libappweb", "appweb-windows-static\libappweb.vcxproj", "{6F3FAAD3-BFEA-4AF7-B4D9-514E9E44AD75}"
	ProjectSection(ProjectDependencies) = postProject
		{467DCB7C-9406-49DF-B865-A532AE2D74A8} = {467DCB7C-9406-49DF-B865-A532AE2D74A8}
	EndProjectSection
	ProjectSection(ProjectDependencies) = postProject
		{3F525F82-92E8-4897-8A53-F03027B478FF} = {3F525F82-92E8-4897-8A53-F03027B478FF}
	EndProjectSection
	ProjectSection(ProjectDependencies) = postProject
		{B878BE55-BECB-4C83-8E95-6AD11BA24206} = {B878BE55-BECB-4C83-8E95-6AD11BA24206}
	EndProjectSection
EndProject
Project("{8BC9CEB8-8B4A-11D0-8D11-00A0C91BC942}") = "slink.c", "appweb-windows-static\slink.c.vcxproj", "{C4E6AB32-0EB8-4204-8A75-2D1D07D01226}"
	ProjectSection(ProjectDependencies) = postProject
		{467DCB7C-9406-49DF-B865-A532AE2D74A8} = {467DCB7C-9406-49DF-B865-A532AE2D74A8}
	EndProjectSection
EndProject
Project("{8BC9CEB8-8B4A-11D0-8D11-00A0C91BC942}") = "libmod_esp", "appweb-windows-static\libmod_esp.vcxproj", "{083A3CFB-2C82-4AC3-88FD-84D42A7FB829}"
	ProjectSection(ProjectDependencies) = postProject
		{467DCB7C-9406-49DF-B865-A532AE2D74A8} = {467DCB7C-9406-49DF-B865-A532AE2D74A8}
	EndProjectSection
	ProjectSection(ProjectDependencies) = postProject
		{6F3FAAD3-BFEA-4AF7-B4D9-514E9E44AD75} = {6F3FAAD3-BFEA-4AF7-B4D9-514E9E44AD75}
	EndProjectSection
EndProject
Project("{8BC9CEB8-8B4A-11D0-8D11-00A0C91BC942}") = "libslink", "appweb-windows-static\libslink.vcxproj", "{567D31A9-AB87-426F-A11F-1686E39503B9}"
	ProjectSection(ProjectDependencies) = postProject
		{467DCB7C-9406-49DF-B865-A532AE2D74A8} = {467DCB7C-9406-49DF-B865-A532AE2D74A8}
	EndProjectSection
	ProjectSection(ProjectDependencies) = postProject
		{C4E6AB32-0EB8-4204-8A75-2D1D07D01226} = {C4E6AB32-0EB8-4204-8A75-2D1D07D01226}
	EndProjectSection
	ProjectSection(ProjectDependencies) = postProject
		{083A3CFB-2C82-4AC3-88FD-84D42A7FB829} = {083A3CFB-2C82-4AC3-88FD-84D42A7FB829}
	EndProjectSection
EndProject
Project("{8BC9CEB8-8B4A-11D0-8D11-00A0C91BC942}") = "libmprssl", "appweb-windows-static\libmprssl.vcxproj", "{F9CE73AD-00F6-4DB5-9965-81D549F70E8E}"
	ProjectSection(ProjectDependencies) = postProject
		{467DCB7C-9406-49DF-B865-A532AE2D74A8} = {467DCB7C-9406-49DF-B865-A532AE2D74A8}
	EndProjectSection
	ProjectSection(ProjectDependencies) = postProject
		{B878BE55-BECB-4C83-8E95-6AD11BA24206} = {B878BE55-BECB-4C83-8E95-6AD11BA24206}
	EndProjectSection
EndProject
Project("{8BC9CEB8-8B4A-11D0-8D11-00A0C91BC942}") = "libmod_ssl", "appweb-windows-static\libmod_ssl.vcxproj", "{67B51044-C97A-4039-BF30-D90FF1B944A6}"
	ProjectSection(ProjectDependencies) = postProject
		{467DCB7C-9406-49DF-B865-A532AE2D74A8} = {467DCB7C-9406-49DF-B865-A532AE2D74A8}
	EndProjectSection
	ProjectSection(ProjectDependencies) = postProject
		{6F3FAAD3-BFEA-4AF7-B4D9-514E9E44AD75} = {6F3FAAD3-BFEA-4AF7-B4D9-514E9E44AD75}
	EndProjectSection
	ProjectSection(ProjectDependencies) = postProject
		{F9CE73AD-00F6-4DB5-9965-81D549F70E8E} = {F9CE73AD-00F6-4DB5-9965-81D549F70E8E}
	EndProjectSection
EndProject
Project("{8BC9CEB8-8B4A-11D0-8D11-00A0C91BC942}") = "libmod_cgi", "appweb-windows-static\libmod_cgi.vcxproj", "{DF08F009-0EE1-42E5-BB75-BEDCFC730466}"
	ProjectSection(ProjectDependencies) = postProject
		{467DCB7C-9406-49DF-B865-A532AE2D74A8} = {467DCB7C-9406-49DF-B865-A532AE2D74A8}
	EndProjectSection
	ProjectSection(ProjectDependencies) = postProject
		{6F3FAAD3-BFEA-4AF7-B4D9-514E9E44AD75} = {6F3FAAD3-BFEA-4AF7-B4D9-514E9E44AD75}
	EndProjectSection
EndProject
Project("{8BC9CEB8-8B4A-11D0-8D11-00A0C91BC942}") = "appweb", "appweb-windows-static\appweb.vcxproj", "{CAE5FE6D-6379-48F9-96DD-E4276435B9FF}"
	ProjectSection(ProjectDependencies) = postProject
		{467DCB7C-9406-49DF-B865-A532AE2D74A8} = {467DCB7C-9406-49DF-B865-A532AE2D74A8}
	EndProjectSection
	ProjectSection(ProjectDependencies) = postProject
		{6F3FAAD3-BFEA-4AF7-B4D9-514E9E44AD75} = {6F3FAAD3-BFEA-4AF7-B4D9-514E9E44AD75}
	EndProjectSection
	ProjectSection(ProjectDependencies) = postProject
		{567D31A9-AB87-426F-A11F-1686E39503B9} = {567D31A9-AB87-426F-A11F-1686E39503B9}
	EndProjectSection
	ProjectSection(ProjectDependencies) = postProject
		{083A3CFB-2C82-4AC3-88FD-84D42A7FB829} = {083A3CFB-2C82-4AC3-88FD-84D42A7FB829}
	EndProjectSection
	ProjectSection(ProjectDependencies) = postProject
		{67B51044-C97A-4039-BF30-D90FF1B944A6} = {67B51044-C97A-4039-BF30-D90FF1B944A6}
	EndProjectSection
	ProjectSection(ProjectDependencies) = postProject
		{DF08F009-0EE1-42E5-BB75-BEDCFC730466} = {DF08F009-0EE1-42E5-BB75-BEDCFC730466}
	EndProjectSection
EndProject
Project("{8BC9CEB8-8B4A-11D0-8D11-00A0C91BC942}") = "appwebMonitor", "appweb-windows-static\appwebMonitor.vcxproj", "{065C9A1E-A499-4229-A04A-107343926D5F}"
	ProjectSection(ProjectDependencies) = postProject
		{467DCB7C-9406-49DF-B865-A532AE2D74A8} = {467DCB7C-9406-49DF-B865-A532AE2D74A8}
	EndProjectSection
	ProjectSection(ProjectDependencies) = postProject
		{6F3FAAD3-BFEA-4AF7-B4D9-514E9E44AD75} = {6F3FAAD3-BFEA-4AF7-B4D9-514E9E44AD75}
	EndProjectSection
EndProject
Project("{8BC9CEB8-8B4A-11D0-8D11-00A0C91BC942}") = "appwebMonitor.ico", "appweb-windows-static\appwebMonitor.ico.vcxproj", "{1FF45612-31D7-4AF6-96E4-A72AA9A7543E}"
	ProjectSection(ProjectDependencies) = postProject
		{467DCB7C-9406-49DF-B865-A532AE2D74A8} = {467DCB7C-9406-49DF-B865-A532AE2D74A8}
	EndProjectSection
EndProject
Project("{8BC9CEB8-8B4A-11D0-8D11-00A0C91BC942}") = "authpass", "appweb-windows-static\authpass.vcxproj", "{C5A7C331-54BB-4077-839A-2881AF8D0E71}"
	ProjectSection(ProjectDependencies) = postProject
		{467DCB7C-9406-49DF-B865-A532AE2D74A8} = {467DCB7C-9406-49DF-B865-A532AE2D74A8}
	EndProjectSection
	ProjectSection(ProjectDependencies) = postProject
		{6F3FAAD3-BFEA-4AF7-B4D9-514E9E44AD75} = {6F3FAAD3-BFEA-4AF7-B4D9-514E9E44AD75}
	EndProjectSection
EndProject
Project("{8BC9CEB8-8B4A-11D0-8D11-00A0C91BC942}") = "cgiProgram", "appweb-windows-static\cgiProgram.vcxproj", "{D58DAC33-8E20-4FDA-B15A-3BEA88BFB823}"
	ProjectSection(ProjectDependencies) = postProject
		{467DCB7C-9406-49DF-B865-A532AE2D74A8} = {467DCB7C-9406-49DF-B865-A532AE2D74A8}
	EndProjectSection
EndProject
Project("{8BC9CEB8-8B4A-11D0-8D11-00A0C91BC942}") = "esp-paks", "appweb-windows-static\esp-paks.vcxproj", "{121D52E6-B29F-4E3D-88E9-2B458BBB64F8}"
	ProjectSection(ProjectDependencies) = postProject
		{467DCB7C-9406-49DF-B865-A532AE2D74A8} = {467DCB7C-9406-49DF-B865-A532AE2D74A8}
	EndProjectSection
EndProject
Project("{8BC9CEB8-8B4A-11D0-8D11-00A0C91BC942}") = "esp.conf", "appweb-windows-static\esp.conf.vcxproj", "{78093957-91A1-456F-A201-101B71482F08}"
	ProjectSection(ProjectDependencies) = postProject
		{467DCB7C-9406-49DF-B865-A532AE2D74A8} = {467DCB7C-9406-49DF-B865-A532AE2D74A8}
	EndProjectSection
EndProject
Project("{8BC9CEB8-8B4A-11D0-8D11-00A0C91BC942}") = "espcmd", "appweb-windows-static\espcmd.vcxproj", "{A0302935-8A7A-465E-A75A-0C8FFD0FD3D4}"
	ProjectSection(ProjectDependencies) = postProject
		{467DCB7C-9406-49DF-B865-A532AE2D74A8} = {467DCB7C-9406-49DF-B865-A532AE2D74A8}
	EndProjectSection
	ProjectSection(ProjectDependencies) = postProject
		{083A3CFB-2C82-4AC3-88FD-84D42A7FB829} = {083A3CFB-2C82-4AC3-88FD-84D42A7FB829}
	EndProjectSection
EndProject
Project("{8BC9CEB8-8B4A-11D0-8D11-00A0C91BC942}") = "http-ca-crt", "appweb-windows-static\http-ca-crt.vcxproj", "{318CBAE1-7F65-447C-885C-C19F593D3DF9}"
	ProjectSection(ProjectDependencies) = postProject
		{467DCB7C-9406-49DF-B865-A532AE2D74A8} = {467DCB7C-9406-49DF-B865-A532AE2D74A8}
	EndProjectSection
EndProject
Project("{8BC9CEB8-8B4A-11D0-8D11-00A0C91BC942}") = "httpcmd", "appweb-windows-static\httpcmd.vcxproj", "{BD56A006-E448-4135-9771-180CCAD05860}"
	ProjectSection(ProjectDependencies) = postProject
		{467DCB7C-9406-49DF-B865-A532AE2D74A8} = {467DCB7C-9406-49DF-B865-A532AE2D74A8}
	EndProjectSection
	ProjectSection(ProjectDependencies) = postProject
		{3F525F82-92E8-4897-8A53-F03027B478FF} = {3F525F82-92E8-4897-8A53-F03027B478FF}
	EndProjectSection
	ProjectSection(ProjectDependencies) = postProject
		{F9CE73AD-00F6-4DB5-9965-81D549F70E8E} = {F9CE73AD-00F6-4DB5-9965-81D549F70E8E}
	EndProjectSection
EndProject
Project("{8BC9CEB8-8B4A-11D0-8D11-00A0C91BC942}") = "libest", "appweb-windows-static\libest.vcxproj", "{65F5F0D9-39CB-4A86-9DD5-8FC9F27ACD00}"
	ProjectSection(ProjectDependencies) = postProject
		{467DCB7C-9406-49DF-B865-A532AE2D74A8} = {467DCB7C-9406-49DF-B865-A532AE2D74A8}
	EndProjectSection
EndProject
Project("{8BC9CEB8-8B4A-11D0-8D11-00A0C91BC942}") = "makerom", "appweb-windows-static\makerom.vcxproj", "{C79C5E99-2905-4EF9-A40A-89DD8458E116}"
	ProjectSection(ProjectDependencies) = postProject
		{467DCB7C-9406-49DF-B865-A532AE2D74A8} = {467DCB7C-9406-49DF-B865-A532AE2D74A8}
	EndProjectSection
	ProjectSection(ProjectDependencies) = postProject
		{B878BE55-BECB-4C83-8E95-6AD11BA24206} = {B878BE55-BECB-4C83-8E95-6AD11BA24206}
	EndProjectSection
EndProject
Project("{8BC9CEB8-8B4A-11D0-8D11-00A0C91BC942}") = "manager", "appweb-windows-static\manager.vcxproj", "{864322EE-D842-4B70-8B4A-805768B6D030}"
	ProjectSection(ProjectDependencies) = postProject
		{467DCB7C-9406-49DF-B865-A532AE2D74A8} = {467DCB7C-9406-49DF-B865-A532AE2D74A8}
	EndProjectSection
	ProjectSection(ProjectDependencies) = postProject
		{B878BE55-BECB-4C83-8E95-6AD11BA24206} = {B878BE55-BECB-4C83-8E95-6AD11BA24206}
	EndProjectSection
EndProject
Project("{8BC9CEB8-8B4A-11D0-8D11-00A0C91BC942}") = "removeFiles", "appweb-windows-static\removeFiles.vcxproj", "{1B04B6FB-9199-47BB-8960-9E5D4C9C922E}"
	ProjectSection(ProjectDependencies) = postProject
		{467DCB7C-9406-49DF-B865-A532AE2D74A8} = {467DCB7C-9406-49DF-B865-A532AE2D74A8}
	EndProjectSection
EndProject
Project("{8BC9CEB8-8B4A-11D0-8D11-00A0C91BC942}") = "server-cache", "appweb-windows-static\server-cache.vcxproj", "{6C4D0198-8480-45E2-968E-2E56998A1AB5}"
	ProjectSection(ProjectDependencies) = postProject
		{467DCB7C-9406-49DF-B865-A532AE2D74A8} = {467DCB7C-9406-49DF-B865-A532AE2D74A8}
	EndProjectSection
EndProject
Project("{8BC9CEB8-8B4A-11D0-8D11-00A0C91BC942}") = "testAppweb", "appweb-windows-static\testAppweb.vcxproj", "{125C9085-1D6D-401A-B829-5845AD1F4D7F}"
	ProjectSection(ProjectDependencies) = postProject
		{467DCB7C-9406-49DF-B865-A532AE2D74A8} = {467DCB7C-9406-49DF-B865-A532AE2D74A8}
	EndProjectSection
	ProjectSection(ProjectDependencies) = postProject
		{6F3FAAD3-BFEA-4AF7-B4D9-514E9E44AD75} = {6F3FAAD3-BFEA-4AF7-B4D9-514E9E44AD75}
	EndProjectSection
EndProject
Project("{8BC9CEB8-8B4A-11D0-8D11-00A0C91BC942}") = "test-basic.cgi", "appweb-windows-static\test-basic.cgi.vcxproj", "{B0E356D5-D7D2-45A8-B591-2C42F8A7047C}"
	ProjectSection(ProjectDependencies) = postProject
		{467DCB7C-9406-49DF-B865-A532AE2D74A8} = {467DCB7C-9406-49DF-B865-A532AE2D74A8}
	EndProjectSection
	ProjectSection(ProjectDependencies) = postProject
		{125C9085-1D6D-401A-B829-5845AD1F4D7F} = {125C9085-1D6D-401A-B829-5845AD1F4D7F}
	EndProjectSection
EndProject
Project("{8BC9CEB8-8B4A-11D0-8D11-00A0C91BC942}") = "test-cache.cgi", "appweb-windows-static\test-cache.cgi.vcxproj", "{1BF6FE79-5F07-4944-8520-9375700C1714}"
	ProjectSection(ProjectDependencies) = postProject
		{467DCB7C-9406-49DF-B865-A532AE2D74A8} = {467DCB7C-9406-49DF-B865-A532AE2D74A8}
	EndProjectSection
	ProjectSection(ProjectDependencies) = postProject
		{125C9085-1D6D-401A-B829-5845AD1F4D7F} = {125C9085-1D6D-401A-B829-5845AD1F4D7F}
	EndProjectSection
EndProject
Project("{8BC9CEB8-8B4A-11D0-8D11-00A0C91BC942}") = "test-cgiProgram", "appweb-windows-static\test-cgiProgram.vcxproj", "{80C38BBC-CAA1-491C-B4EC-893B0DFDCB27}"
	ProjectSection(ProjectDependencies) = postProject
		{467DCB7C-9406-49DF-B865-A532AE2D74A8} = {467DCB7C-9406-49DF-B865-A532AE2D74A8}
	EndProjectSection
	ProjectSection(ProjectDependencies) = postProject
		{D58DAC33-8E20-4FDA-B15A-3BEA88BFB823} = {D58DAC33-8E20-4FDA-B15A-3BEA88BFB823}
	EndProjectSection
EndProject
Project("{8BC9CEB8-8B4A-11D0-8D11-00A0C91BC942}") = "test-testScript", "appweb-windows-static\test-testScript.vcxproj", "{447A894D-776B-4C6F-9A42-21F36794CE6B}"
	ProjectSection(ProjectDependencies) = postProject
		{467DCB7C-9406-49DF-B865-A532AE2D74A8} = {467DCB7C-9406-49DF-B865-A532AE2D74A8}
	EndProjectSection
	ProjectSection(ProjectDependencies) = postProject
		{125C9085-1D6D-401A-B829-5845AD1F4D7F} = {125C9085-1D6D-401A-B829-5845AD1F4D7F}
	EndProjectSection
EndProject

Global
	GlobalSection(SolutionConfigurationPlatforms) = preSolution
		Debug|Win32 = Debug|Win32
		Debug|x64 = Debug|x64
		Release|Win32 = Release|Win32
		Release|x64 = Release|x64
	EndGlobalSection
	GlobalSection(ProjectConfigurationPlatforms) = postSolution
{467DCB7C-9406-49DF-B865-A532AE2D74A8}.Debug|Win32.ActiveCfg = Debug|Win32
{467DCB7C-9406-49DF-B865-A532AE2D74A8}.Debug|Win32.Build.0 = Debug|Win32
{467DCB7C-9406-49DF-B865-A532AE2D74A8}.Debug|x64.ActiveCfg = Debug|x64
{467DCB7C-9406-49DF-B865-A532AE2D74A8}.Debug|x64.Build.0 = Debug|x64
{467DCB7C-9406-49DF-B865-A532AE2D74A8}.Release|Win32.ActiveCfg = Release|Win32
{467DCB7C-9406-49DF-B865-A532AE2D74A8}.Release|Win32.Build.0 = Release|Win32
{467DCB7C-9406-49DF-B865-A532AE2D74A8}.Release|x64.ActiveCfg = Release|x64
{467DCB7C-9406-49DF-B865-A532AE2D74A8}.Release|x64.Build.0 = Release|x64
{B878BE55-BECB-4C83-8E95-6AD11BA24206}.Debug|Win32.ActiveCfg = Debug|Win32
{B878BE55-BECB-4C83-8E95-6AD11BA24206}.Debug|Win32.Build.0 = Debug|Win32
{B878BE55-BECB-4C83-8E95-6AD11BA24206}.Debug|x64.ActiveCfg = Debug|x64
{B878BE55-BECB-4C83-8E95-6AD11BA24206}.Debug|x64.Build.0 = Debug|x64
{B878BE55-BECB-4C83-8E95-6AD11BA24206}.Release|Win32.ActiveCfg = Release|Win32
{B878BE55-BECB-4C83-8E95-6AD11BA24206}.Release|Win32.Build.0 = Release|Win32
{B878BE55-BECB-4C83-8E95-6AD11BA24206}.Release|x64.ActiveCfg = Release|x64
{B878BE55-BECB-4C83-8E95-6AD11BA24206}.Release|x64.Build.0 = Release|x64
{E3B596C4-5E58-4D8D-A280-7E2D91641357}.Debug|Win32.ActiveCfg = Debug|Win32
{E3B596C4-5E58-4D8D-A280-7E2D91641357}.Debug|Win32.Build.0 = Debug|Win32
{E3B596C4-5E58-4D8D-A280-7E2D91641357}.Debug|x64.ActiveCfg = Debug|x64
{E3B596C4-5E58-4D8D-A280-7E2D91641357}.Debug|x64.Build.0 = Debug|x64
{E3B596C4-5E58-4D8D-A280-7E2D91641357}.Release|Win32.ActiveCfg = Release|Win32
{E3B596C4-5E58-4D8D-A280-7E2D91641357}.Release|Win32.Build.0 = Release|Win32
{E3B596C4-5E58-4D8D-A280-7E2D91641357}.Release|x64.ActiveCfg = Release|x64
{E3B596C4-5E58-4D8D-A280-7E2D91641357}.Release|x64.Build.0 = Release|x64
{3F525F82-92E8-4897-8A53-F03027B478FF}.Debug|Win32.ActiveCfg = Debug|Win32
{3F525F82-92E8-4897-8A53-F03027B478FF}.Debug|Win32.Build.0 = Debug|Win32
{3F525F82-92E8-4897-8A53-F03027B478FF}.Debug|x64.ActiveCfg = Debug|x64
{3F525F82-92E8-4897-8A53-F03027B478FF}.Debug|x64.Build.0 = Debug|x64
{3F525F82-92E8-4897-8A53-F03027B478FF}.Release|Win32.ActiveCfg = Release|Win32
{3F525F82-92E8-4897-8A53-F03027B478FF}.Release|Win32.Build.0 = Release|Win32
{3F525F82-92E8-4897-8A53-F03027B478FF}.Release|x64.ActiveCfg = Release|x64
{3F525F82-92E8-4897-8A53-F03027B478FF}.Release|x64.Build.0 = Release|x64
{6F3FAAD3-BFEA-4AF7-B4D9-514E9E44AD75}.Debug|Win32.ActiveCfg = Debug|Win32
{6F3FAAD3-BFEA-4AF7-B4D9-514E9E44AD75}.Debug|Win32.Build.0 = Debug|Win32
{6F3FAAD3-BFEA-4AF7-B4D9-514E9E44AD75}.Debug|x64.ActiveCfg = Debug|x64
{6F3FAAD3-BFEA-4AF7-B4D9-514E9E44AD75}.Debug|x64.Build.0 = Debug|x64
{6F3FAAD3-BFEA-4AF7-B4D9-514E9E44AD75}.Release|Win32.ActiveCfg = Release|Win32
{6F3FAAD3-BFEA-4AF7-B4D9-514E9E44AD75}.Release|Win32.Build.0 = Release|Win32
{6F3FAAD3-BFEA-4AF7-B4D9-514E9E44AD75}.Release|x64.ActiveCfg = Release|x64
{6F3FAAD3-BFEA-4AF7-B4D9-514E9E44AD75}.Release|x64.Build.0 = Release|x64
{C4E6AB32-0EB8-4204-8A75-2D1D07D01226}.Debug|Win32.ActiveCfg = Debug|Win32
{C4E6AB32-0EB8-4204-8A75-2D1D07D01226}.Debug|Win32.Build.0 = Debug|Win32
{C4E6AB32-0EB8-4204-8A75-2D1D07D01226}.Debug|x64.ActiveCfg = Debug|x64
{C4E6AB32-0EB8-4204-8A75-2D1D07D01226}.Debug|x64.Build.0 = Debug|x64
{C4E6AB32-0EB8-4204-8A75-2D1D07D01226}.Release|Win32.ActiveCfg = Release|Win32
{C4E6AB32-0EB8-4204-8A75-2D1D07D01226}.Release|Win32.Build.0 = Release|Win32
{C4E6AB32-0EB8-4204-8A75-2D1D07D01226}.Release|x64.ActiveCfg = Release|x64
{C4E6AB32-0EB8-4204-8A75-2D1D07D01226}.Release|x64.Build.0 = Release|x64
{083A3CFB-2C82-4AC3-88FD-84D42A7FB829}.Debug|Win32.ActiveCfg = Debug|Win32
{083A3CFB-2C82-4AC3-88FD-84D42A7FB829}.Debug|Win32.Build.0 = Debug|Win32
{083A3CFB-2C82-4AC3-88FD-84D42A7FB829}.Debug|x64.ActiveCfg = Debug|x64
{083A3CFB-2C82-4AC3-88FD-84D42A7FB829}.Debug|x64.Build.0 = Debug|x64
{083A3CFB-2C82-4AC3-88FD-84D42A7FB829}.Release|Win32.ActiveCfg = Release|Win32
{083A3CFB-2C82-4AC3-88FD-84D42A7FB829}.Release|Win32.Build.0 = Release|Win32
{083A3CFB-2C82-4AC3-88FD-84D42A7FB829}.Release|x64.ActiveCfg = Release|x64
{083A3CFB-2C82-4AC3-88FD-84D42A7FB829}.Release|x64.Build.0 = Release|x64
{567D31A9-AB87-426F-A11F-1686E39503B9}.Debug|Win32.ActiveCfg = Debug|Win32
{567D31A9-AB87-426F-A11F-1686E39503B9}.Debug|Win32.Build.0 = Debug|Win32
{567D31A9-AB87-426F-A11F-1686E39503B9}.Debug|x64.ActiveCfg = Debug|x64
{567D31A9-AB87-426F-A11F-1686E39503B9}.Debug|x64.Build.0 = Debug|x64
{567D31A9-AB87-426F-A11F-1686E39503B9}.Release|Win32.ActiveCfg = Release|Win32
{567D31A9-AB87-426F-A11F-1686E39503B9}.Release|Win32.Build.0 = Release|Win32
{567D31A9-AB87-426F-A11F-1686E39503B9}.Release|x64.ActiveCfg = Release|x64
{567D31A9-AB87-426F-A11F-1686E39503B9}.Release|x64.Build.0 = Release|x64
{F9CE73AD-00F6-4DB5-9965-81D549F70E8E}.Debug|Win32.ActiveCfg = Debug|Win32
{F9CE73AD-00F6-4DB5-9965-81D549F70E8E}.Debug|Win32.Build.0 = Debug|Win32
{F9CE73AD-00F6-4DB5-9965-81D549F70E8E}.Debug|x64.ActiveCfg = Debug|x64
{F9CE73AD-00F6-4DB5-9965-81D549F70E8E}.Debug|x64.Build.0 = Debug|x64
{F9CE73AD-00F6-4DB5-9965-81D549F70E8E}.Release|Win32.ActiveCfg = Release|Win32
{F9CE73AD-00F6-4DB5-9965-81D549F70E8E}.Release|Win32.Build.0 = Release|Win32
{F9CE73AD-00F6-4DB5-9965-81D549F70E8E}.Release|x64.ActiveCfg = Release|x64
{F9CE73AD-00F6-4DB5-9965-81D549F70E8E}.Release|x64.Build.0 = Release|x64
{67B51044-C97A-4039-BF30-D90FF1B944A6}.Debug|Win32.ActiveCfg = Debug|Win32
{67B51044-C97A-4039-BF30-D90FF1B944A6}.Debug|Win32.Build.0 = Debug|Win32
{67B51044-C97A-4039-BF30-D90FF1B944A6}.Debug|x64.ActiveCfg = Debug|x64
{67B51044-C97A-4039-BF30-D90FF1B944A6}.Debug|x64.Build.0 = Debug|x64
{67B51044-C97A-4039-BF30-D90FF1B944A6}.Release|Win32.ActiveCfg = Release|Win32
{67B51044-C97A-4039-BF30-D90FF1B944A6}.Release|Win32.Build.0 = Release|Win32
{67B51044-C97A-4039-BF30-D90FF1B944A6}.Release|x64.ActiveCfg = Release|x64
{67B51044-C97A-4039-BF30-D90FF1B944A6}.Release|x64.Build.0 = Release|x64
{DF08F009-0EE1-42E5-BB75-BEDCFC730466}.Debug|Win32.ActiveCfg = Debug|Win32
{DF08F009-0EE1-42E5-BB75-BEDCFC730466}.Debug|Win32.Build.0 = Debug|Win32
{DF08F009-0EE1-42E5-BB75-BEDCFC730466}.Debug|x64.ActiveCfg = Debug|x64
{DF08F009-0EE1-42E5-BB75-BEDCFC730466}.Debug|x64.Build.0 = Debug|x64
{DF08F009-0EE1-42E5-BB75-BEDCFC730466}.Release|Win32.ActiveCfg = Release|Win32
{DF08F009-0EE1-42E5-BB75-BEDCFC730466}.Release|Win32.Build.0 = Release|Win32
{DF08F009-0EE1-42E5-BB75-BEDCFC730466}.Release|x64.ActiveCfg = Release|x64
{DF08F009-0EE1-42E5-BB75-BEDCFC730466}.Release|x64.Build.0 = Release|x64
{CAE5FE6D-6379-48F9-96DD-E4276435B9FF}.Debug|Win32.ActiveCfg = Debug|Win32
{CAE5FE6D-6379-48F9-96DD-E4276435B9FF}.Debug|Win32.Build.0 = Debug|Win32
{CAE5FE6D-6379-48F9-96DD-E4276435B9FF}.Debug|x64.ActiveCfg = Debug|x64
{CAE5FE6D-6379-48F9-96DD-E4276435B9FF}.Debug|x64.Build.0 = Debug|x64
{CAE5FE6D-6379-48F9-96DD-E4276435B9FF}.Release|Win32.ActiveCfg = Release|Win32
{CAE5FE6D-6379-48F9-96DD-E4276435B9FF}.Release|Win32.Build.0 = Release|Win32
{CAE5FE6D-6379-48F9-96DD-E4276435B9FF}.Release|x64.ActiveCfg = Release|x64
{CAE5FE6D-6379-48F9-96DD-E4276435B9FF}.Release|x64.Build.0 = Release|x64
{065C9A1E-A499-4229-A04A-107343926D5F}.Debug|Win32.ActiveCfg = Debug|Win32
{065C9A1E-A499-4229-A04A-107343926D5F}.Debug|Win32.Build.0 = Debug|Win32
{065C9A1E-A499-4229-A04A-107343926D5F}.Debug|x64.ActiveCfg = Debug|x64
{065C9A1E-A499-4229-A04A-107343926D5F}.Debug|x64.Build.0 = Debug|x64
{065C9A1E-A499-4229-A04A-107343926D5F}.Release|Win32.ActiveCfg = Release|Win32
{065C9A1E-A499-4229-A04A-107343926D5F}.Release|Win32.Build.0 = Release|Win32
{065C9A1E-A499-4229-A04A-107343926D5F}.Release|x64.ActiveCfg = Release|x64
{065C9A1E-A499-4229-A04A-107343926D5F}.Release|x64.Build.0 = Release|x64
{1FF45612-31D7-4AF6-96E4-A72AA9A7543E}.Debug|Win32.ActiveCfg = Debug|Win32
{1FF45612-31D7-4AF6-96E4-A72AA9A7543E}.Debug|Win32.Build.0 = Debug|Win32
{1FF45612-31D7-4AF6-96E4-A72AA9A7543E}.Debug|x64.ActiveCfg = Debug|x64
{1FF45612-31D7-4AF6-96E4-A72AA9A7543E}.Debug|x64.Build.0 = Debug|x64
{1FF45612-31D7-4AF6-96E4-A72AA9A7543E}.Release|Win32.ActiveCfg = Release|Win32
{1FF45612-31D7-4AF6-96E4-A72AA9A7543E}.Release|Win32.Build.0 = Release|Win32
{1FF45612-31D7-4AF6-96E4-A72AA9A7543E}.Release|x64.ActiveCfg = Release|x64
{1FF45612-31D7-4AF6-96E4-A72AA9A7543E}.Release|x64.Build.0 = Release|x64
{C5A7C331-54BB-4077-839A-2881AF8D0E71}.Debug|Win32.ActiveCfg = Debug|Win32
{C5A7C331-54BB-4077-839A-2881AF8D0E71}.Debug|Win32.Build.0 = Debug|Win32
{C5A7C331-54BB-4077-839A-2881AF8D0E71}.Debug|x64.ActiveCfg = Debug|x64
{C5A7C331-54BB-4077-839A-2881AF8D0E71}.Debug|x64.Build.0 = Debug|x64
{C5A7C331-54BB-4077-839A-2881AF8D0E71}.Release|Win32.ActiveCfg = Release|Win32
{C5A7C331-54BB-4077-839A-2881AF8D0E71}.Release|Win32.Build.0 = Release|Win32
{C5A7C331-54BB-4077-839A-2881AF8D0E71}.Release|x64.ActiveCfg = Release|x64
{C5A7C331-54BB-4077-839A-2881AF8D0E71}.Release|x64.Build.0 = Release|x64
{D58DAC33-8E20-4FDA-B15A-3BEA88BFB823}.Debug|Win32.ActiveCfg = Debug|Win32
{D58DAC33-8E20-4FDA-B15A-3BEA88BFB823}.Debug|Win32.Build.0 = Debug|Win32
{D58DAC33-8E20-4FDA-B15A-3BEA88BFB823}.Debug|x64.ActiveCfg = Debug|x64
{D58DAC33-8E20-4FDA-B15A-3BEA88BFB823}.Debug|x64.Build.0 = Debug|x64
{D58DAC33-8E20-4FDA-B15A-3BEA88BFB823}.Release|Win32.ActiveCfg = Release|Win32
{D58DAC33-8E20-4FDA-B15A-3BEA88BFB823}.Release|Win32.Build.0 = Release|Win32
{D58DAC33-8E20-4FDA-B15A-3BEA88BFB823}.Release|x64.ActiveCfg = Release|x64
{D58DAC33-8E20-4FDA-B15A-3BEA88BFB823}.Release|x64.Build.0 = Release|x64
{121D52E6-B29F-4E3D-88E9-2B458BBB64F8}.Debug|Win32.ActiveCfg = Debug|Win32
{121D52E6-B29F-4E3D-88E9-2B458BBB64F8}.Debug|Win32.Build.0 = Debug|Win32
{121D52E6-B29F-4E3D-88E9-2B458BBB64F8}.Debug|x64.ActiveCfg = Debug|x64
{121D52E6-B29F-4E3D-88E9-2B458BBB64F8}.Debug|x64.Build.0 = Debug|x64
{121D52E6-B29F-4E3D-88E9-2B458BBB64F8}.Release|Win32.ActiveCfg = Release|Win32
{121D52E6-B29F-4E3D-88E9-2B458BBB64F8}.Release|Win32.Build.0 = Release|Win32
{121D52E6-B29F-4E3D-88E9-2B458BBB64F8}.Release|x64.ActiveCfg = Release|x64
{121D52E6-B29F-4E3D-88E9-2B458BBB64F8}.Release|x64.Build.0 = Release|x64
{78093957-91A1-456F-A201-101B71482F08}.Debug|Win32.ActiveCfg = Debug|Win32
{78093957-91A1-456F-A201-101B71482F08}.Debug|Win32.Build.0 = Debug|Win32
{78093957-91A1-456F-A201-101B71482F08}.Debug|x64.ActiveCfg = Debug|x64
{78093957-91A1-456F-A201-101B71482F08}.Debug|x64.Build.0 = Debug|x64
{78093957-91A1-456F-A201-101B71482F08}.Release|Win32.ActiveCfg = Release|Win32
{78093957-91A1-456F-A201-101B71482F08}.Release|Win32.Build.0 = Release|Win32
{78093957-91A1-456F-A201-101B71482F08}.Release|x64.ActiveCfg = Release|x64
{78093957-91A1-456F-A201-101B71482F08}.Release|x64.Build.0 = Release|x64
{A0302935-8A7A-465E-A75A-0C8FFD0FD3D4}.Debug|Win32.ActiveCfg = Debug|Win32
{A0302935-8A7A-465E-A75A-0C8FFD0FD3D4}.Debug|Win32.Build.0 = Debug|Win32
{A0302935-8A7A-465E-A75A-0C8FFD0FD3D4}.Debug|x64.ActiveCfg = Debug|x64
{A0302935-8A7A-465E-A75A-0C8FFD0FD3D4}.Debug|x64.Build.0 = Debug|x64
{A0302935-8A7A-465E-A75A-0C8FFD0FD3D4}.Release|Win32.ActiveCfg = Release|Win32
{A0302935-8A7A-465E-A75A-0C8FFD0FD3D4}.Release|Win32.Build.0 = Release|Win32
{A0302935-8A7A-465E-A75A-0C8FFD0FD3D4}.Release|x64.ActiveCfg = Release|x64
{A0302935-8A7A-465E-A75A-0C8FFD0FD3D4}.Release|x64.Build.0 = Release|x64
{318CBAE1-7F65-447C-885C-C19F593D3DF9}.Debug|Win32.ActiveCfg = Debug|Win32
{318CBAE1-7F65-447C-885C-C19F593D3DF9}.Debug|Win32.Build.0 = Debug|Win32
{318CBAE1-7F65-447C-885C-C19F593D3DF9}.Debug|x64.ActiveCfg = Debug|x64
{318CBAE1-7F65-447C-885C-C19F593D3DF9}.Debug|x64.Build.0 = Debug|x64
{318CBAE1-7F65-447C-885C-C19F593D3DF9}.Release|Win32.ActiveCfg = Release|Win32
{318CBAE1-7F65-447C-885C-C19F593D3DF9}.Release|Win32.Build.0 = Release|Win32
{318CBAE1-7F65-447C-885C-C19F593D3DF9}.Release|x64.ActiveCfg = Release|x64
{318CBAE1-7F65-447C-885C-C19F593D3DF9}.Release|x64.Build.0 = Release|x64
{BD56A006-E448-4135-9771-180CCAD05860}.Debug|Win32.ActiveCfg = Debug|Win32
{BD56A006-E448-4135-9771-180CCAD05860}.Debug|Win32.Build.0 = Debug|Win32
{BD56A006-E448-4135-9771-180CCAD05860}.Debug|x64.ActiveCfg = Debug|x64
{BD56A006-E448-4135-9771-180CCAD05860}.Debug|x64.Build.0 = Debug|x64
{BD56A006-E448-4135-9771-180CCAD05860}.Release|Win32.ActiveCfg = Release|Win32
{BD56A006-E448-4135-9771-180CCAD05860}.Release|Win32.Build.0 = Release|Win32
{BD56A006-E448-4135-9771-180CCAD05860}.Release|x64.ActiveCfg = Release|x64
{BD56A006-E448-4135-9771-180CCAD05860}.Release|x64.Build.0 = Release|x64
{65F5F0D9-39CB-4A86-9DD5-8FC9F27ACD00}.Debug|Win32.ActiveCfg = Debug|Win32
{65F5F0D9-39CB-4A86-9DD5-8FC9F27ACD00}.Debug|Win32.Build.0 = Debug|Win32
{65F5F0D9-39CB-4A86-9DD5-8FC9F27ACD00}.Debug|x64.ActiveCfg = Debug|x64
{65F5F0D9-39CB-4A86-9DD5-8FC9F27ACD00}.Debug|x64.Build.0 = Debug|x64
{65F5F0D9-39CB-4A86-9DD5-8FC9F27ACD00}.Release|Win32.ActiveCfg = Release|Win32
{65F5F0D9-39CB-4A86-9DD5-8FC9F27ACD00}.Release|Win32.Build.0 = Release|Win32
{65F5F0D9-39CB-4A86-9DD5-8FC9F27ACD00}.Release|x64.ActiveCfg = Release|x64
{65F5F0D9-39CB-4A86-9DD5-8FC9F27ACD00}.Release|x64.Build.0 = Release|x64
{C79C5E99-2905-4EF9-A40A-89DD8458E116}.Debug|Win32.ActiveCfg = Debug|Win32
{C79C5E99-2905-4EF9-A40A-89DD8458E116}.Debug|Win32.Build.0 = Debug|Win32
{C79C5E99-2905-4EF9-A40A-89DD8458E116}.Debug|x64.ActiveCfg = Debug|x64
{C79C5E99-2905-4EF9-A40A-89DD8458E116}.Debug|x64.Build.0 = Debug|x64
{C79C5E99-2905-4EF9-A40A-89DD8458E116}.Release|Win32.ActiveCfg = Release|Win32
{C79C5E99-2905-4EF9-A40A-89DD8458E116}.Release|Win32.Build.0 = Release|Win32
{C79C5E99-2905-4EF9-A40A-89DD8458E116}.Release|x64.ActiveCfg = Release|x64
{C79C5E99-2905-4EF9-A40A-89DD8458E116}.Release|x64.Build.0 = Release|x64
{864322EE-D842-4B70-8B4A-805768B6D030}.Debug|Win32.ActiveCfg = Debug|Win32
{864322EE-D842-4B70-8B4A-805768B6D030}.Debug|Win32.Build.0 = Debug|Win32
{864322EE-D842-4B70-8B4A-805768B6D030}.Debug|x64.ActiveCfg = Debug|x64
{864322EE-D842-4B70-8B4A-805768B6D030}.Debug|x64.Build.0 = Debug|x64
{864322EE-D842-4B70-8B4A-805768B6D030}.Release|Win32.ActiveCfg = Release|Win32
{864322EE-D842-4B70-8B4A-805768B6D030}.Release|Win32.Build.0 = Release|Win32
{864322EE-D842-4B70-8B4A-805768B6D030}.Release|x64.ActiveCfg = Release|x64
{864322EE-D842-4B70-8B4A-805768B6D030}.Release|x64.Build.0 = Release|x64
{1B04B6FB-9199-47BB-8960-9E5D4C9C922E}.Debug|Win32.ActiveCfg = Debug|Win32
{1B04B6FB-9199-47BB-8960-9E5D4C9C922E}.Debug|Win32.Build.0 = Debug|Win32
{1B04B6FB-9199-47BB-8960-9E5D4C9C922E}.Debug|x64.ActiveCfg = Debug|x64
{1B04B6FB-9199-47BB-8960-9E5D4C9C922E}.Debug|x64.Build.0 = Debug|x64
{1B04B6FB-9199-47BB-8960-9E5D4C9C922E}.Release|Win32.ActiveCfg = Release|Win32
{1B04B6FB-9199-47BB-8960-9E5D4C9C922E}.Release|Win32.Build.0 = Release|Win32
{1B04B6FB-9199-47BB-8960-9E5D4C9C922E}.Release|x64.ActiveCfg = Release|x64
{1B04B6FB-9199-47BB-8960-9E5D4C9C922E}.Release|x64.Build.0 = Release|x64
{6C4D0198-8480-45E2-968E-2E56998A1AB5}.Debug|Win32.ActiveCfg = Debug|Win32
{6C4D0198-8480-45E2-968E-2E56998A1AB5}.Debug|Win32.Build.0 = Debug|Win32
{6C4D0198-8480-45E2-968E-2E56998A1AB5}.Debug|x64.ActiveCfg = Debug|x64
{6C4D0198-8480-45E2-968E-2E56998A1AB5}.Debug|x64.Build.0 = Debug|x64
{6C4D0198-8480-45E2-968E-2E56998A1AB5}.Release|Win32.ActiveCfg = Release|Win32
{6C4D0198-8480-45E2-968E-2E56998A1AB5}.Release|Win32.Build.0 = Release|Win32
{6C4D0198-8480-45E2-968E-2E56998A1AB5}.Release|x64.ActiveCfg = Release|x64
{6C4D0198-8480-45E2-968E-2E56998A1AB5}.Release|x64.Build.0 = Release|x64
{125C9085-1D6D-401A-B829-5845AD1F4D7F}.Debug|Win32.ActiveCfg = Debug|Win32
{125C9085-1D6D-401A-B829-5845AD1F4D7F}.Debug|Win32.Build.0 = Debug|Win32
{125C9085-1D6D-401A-B829-5845AD1F4D7F}.Debug|x64.ActiveCfg = Debug|x64
{125C9085-1D6D-401A-B829-5845AD1F4D7F}.Debug|x64.Build.0 = Debug|x64
{125C9085-1D6D-401A-B829-5845AD1F4D7F}.Release|Win32.ActiveCfg = Release|Win32
{125C9085-1D6D-401A-B829-5845AD1F4D7F}.Release|Win32.Build.0 = Release|Win32
{125C9085-1D6D-401A-B829-5845AD1F4D7F}.Release|x64.ActiveCfg = Release|x64
{125C9085-1D6D-401A-B829-5845AD1F4D7F}.Release|x64.Build.0 = Release|x64
{B0E356D5-D7D2-45A8-B591-2C42F8A7047C}.Debug|Win32.ActiveCfg = Debug|Win32
{B0E356D5-D7D2-45A8-B591-2C42F8A7047C}.Debug|Win32.Build.0 = Debug|Win32
{B0E356D5-D7D2-45A8-B591-2C42F8A7047C}.Debug|x64.ActiveCfg = Debug|x64
{B0E356D5-D7D2-45A8-B591-2C42F8A7047C}.Debug|x64.Build.0 = Debug|x64
{B0E356D5-D7D2-45A8-B591-2C42F8A7047C}.Release|Win32.ActiveCfg = Release|Win32
{B0E356D5-D7D2-45A8-B591-2C42F8A7047C}.Release|Win32.Build.0 = Release|Win32
{B0E356D5-D7D2-45A8-B591-2C42F8A7047C}.Release|x64.ActiveCfg = Release|x64
{B0E356D5-D7D2-45A8-B591-2C42F8A7047C}.Release|x64.Build.0 = Release|x64
{1BF6FE79-5F07-4944-8520-9375700C1714}.Debug|Win32.ActiveCfg = Debug|Win32
{1BF6FE79-5F07-4944-8520-9375700C1714}.Debug|Win32.Build.0 = Debug|Win32
{1BF6FE79-5F07-4944-8520-9375700C1714}.Debug|x64.ActiveCfg = Debug|x64
{1BF6FE79-5F07-4944-8520-9375700C1714}.Debug|x64.Build.0 = Debug|x64
{1BF6FE79-5F07-4944-8520-9375700C1714}.Release|Win32.ActiveCfg = Release|Win32
{1BF6FE79-5F07-4944-8520-9375700C1714}.Release|Win32.Build.0 = Release|Win32
{1BF6FE79-5F07-4944-8520-9375700C1714}.Release|x64.ActiveCfg = Release|x64
{1BF6FE79-5F07-4944-8520-9375700C1714}.Release|x64.Build.0 = Release|x64
{80C38BBC-CAA1-491C-B4EC-893B0DFDCB27}.Debug|Win32.ActiveCfg = Debug|Win32
{80C38BBC-CAA1-491C-B4EC-893B0DFDCB27}.Debug|Win32.Build.0 = Debug|Win32
{80C38BBC-CAA1-491C-B4EC-893B0DFDCB27}.Debug|x64.ActiveCfg = Debug|x64
{80C38BBC-CAA1-491C-B4EC-893B0DFDCB27}.Debug|x64.Build.0 = Debug|x64
{80C38BBC-CAA1-491C-B4EC-893B0DFDCB27}.Release|Win32.ActiveCfg = Release|Win32
{80C38BBC-CAA1-491C-B4EC-893B0DFDCB27}.Release|Win32.Build.0 = Release|Win32
{80C38BBC-CAA1-491C-B4EC-893B0DFDCB27}.Release|x64.ActiveCfg = Release|x64
{80C38BBC-CAA1-491C-B4EC-893B0DFDCB27}.Release|x64.Build.0 = Release|x64
{447A894D-776B-4C6F-9A42-21F36794CE6B}.Debug|Win32.ActiveCfg = Debug|Win32
{447A894D-776B-4C6F-9A42-21F36794CE6B}.Debug|Win32.Build.0 = Debug|Win32
{447A894D-776B-4C6F-9A42-21F36794CE6B}.Debug|x64.ActiveCfg = Debug|x64
{447A894D-776B-4C6F-9A42-21F36794CE6B}.Debug|x64.Build.0 = Debug|x64
{447A894D-776B-4C6F-9A42-21F36794CE6B}.Release|Win32.ActiveCfg = Release|Win32
{447A894D-776B-4C6F-9A42-21F36794CE6B}.Release|Win32.Build.0 = Release|Win32
{447A894D-776B-4C6F-9A42-21F36794CE6B}.Release|x64.ActiveCfg = Release|x64
{447A894D-776B-4C6F-9A42-21F36794CE6B}.Release|x64.Build.0 = Release|x64
EndGlobalSection

  GlobalSection(SolutionProperties) = preSolution
    HideSolutionNode = FALSE
  EndGlobalSection
EndGlobal
