Microsoft Visual Studio Solution File, Format Version 11.00
# Visual Studio 2010
Project("{8BC9CEB8-8B4A-11D0-8D11-00A0C91BC942}") = "prep", "appweb-windows-default\prep.vcxproj", "{BAC6751B-ADDB-4FEA-B810-2DD3631160E1}"
EndProject
Project("{8BC9CEB8-8B4A-11D0-8D11-00A0C91BC942}") = "removeFiles", "appweb-windows-default\removeFiles.vcxproj", "{09F05B2E-2705-4AB2-8F84-D369FD3720B0}"
	ProjectSection(ProjectDependencies) = postProject
		{BAC6751B-ADDB-4FEA-B810-2DD3631160E1} = {BAC6751B-ADDB-4FEA-B810-2DD3631160E1}
	EndProjectSection
EndProject
Project("{8BC9CEB8-8B4A-11D0-8D11-00A0C91BC942}") = "libmpr", "appweb-windows-default\libmpr.vcxproj", "{B56B6B05-A099-45EC-8039-70E952F0D409}"
	ProjectSection(ProjectDependencies) = postProject
		{BAC6751B-ADDB-4FEA-B810-2DD3631160E1} = {BAC6751B-ADDB-4FEA-B810-2DD3631160E1}
	EndProjectSection
EndProject
Project("{8BC9CEB8-8B4A-11D0-8D11-00A0C91BC942}") = "libmprssl", "appweb-windows-default\libmprssl.vcxproj", "{5CADB66D-D977-489D-AD9C-F3B41E1F084A}"
	ProjectSection(ProjectDependencies) = postProject
		{BAC6751B-ADDB-4FEA-B810-2DD3631160E1} = {BAC6751B-ADDB-4FEA-B810-2DD3631160E1}
	EndProjectSection
	ProjectSection(ProjectDependencies) = postProject
		{B56B6B05-A099-45EC-8039-70E952F0D409} = {B56B6B05-A099-45EC-8039-70E952F0D409}
	EndProjectSection
	ProjectSection(ProjectDependencies) = postProject
		{241f6c01-7af6-4659-a551-63a81e6da3ea} = {241f6c01-7af6-4659-a551-63a81e6da3ea}
	EndProjectSection
EndProject
Project("{8BC9CEB8-8B4A-11D0-8D11-00A0C91BC942}") = "manager", "appweb-windows-default\manager.vcxproj", "{95D20B47-C073-48E4-8B37-928792C27CF8}"
	ProjectSection(ProjectDependencies) = postProject
		{BAC6751B-ADDB-4FEA-B810-2DD3631160E1} = {BAC6751B-ADDB-4FEA-B810-2DD3631160E1}
	EndProjectSection
	ProjectSection(ProjectDependencies) = postProject
		{B56B6B05-A099-45EC-8039-70E952F0D409} = {B56B6B05-A099-45EC-8039-70E952F0D409}
	EndProjectSection
EndProject
Project("{8BC9CEB8-8B4A-11D0-8D11-00A0C91BC942}") = "makerom", "appweb-windows-default\makerom.vcxproj", "{6DB88AF9-66DF-4B3C-B4C6-3F3062131FEB}"
	ProjectSection(ProjectDependencies) = postProject
		{BAC6751B-ADDB-4FEA-B810-2DD3631160E1} = {BAC6751B-ADDB-4FEA-B810-2DD3631160E1}
	EndProjectSection
	ProjectSection(ProjectDependencies) = postProject
		{B56B6B05-A099-45EC-8039-70E952F0D409} = {B56B6B05-A099-45EC-8039-70E952F0D409}
	EndProjectSection
EndProject
Project("{8BC9CEB8-8B4A-11D0-8D11-00A0C91BC942}") = "libest", "appweb-windows-default\libest.vcxproj", "{241F6C01-7AF6-4659-A551-63A81E6DA3EA}"
	ProjectSection(ProjectDependencies) = postProject
		{BAC6751B-ADDB-4FEA-B810-2DD3631160E1} = {BAC6751B-ADDB-4FEA-B810-2DD3631160E1}
	EndProjectSection
EndProject
Project("{8BC9CEB8-8B4A-11D0-8D11-00A0C91BC942}") = "ca-crt", "appweb-windows-default\ca-crt.vcxproj", "{66BC7021-DFBF-4E24-8EC0-A7A42EB8C425}"
	ProjectSection(ProjectDependencies) = postProject
		{BAC6751B-ADDB-4FEA-B810-2DD3631160E1} = {BAC6751B-ADDB-4FEA-B810-2DD3631160E1}
	EndProjectSection
EndProject
Project("{8BC9CEB8-8B4A-11D0-8D11-00A0C91BC942}") = "libpcre", "appweb-windows-default\libpcre.vcxproj", "{75836505-C747-4911-8ECB-ADC5523CBF32}"
	ProjectSection(ProjectDependencies) = postProject
		{BAC6751B-ADDB-4FEA-B810-2DD3631160E1} = {BAC6751B-ADDB-4FEA-B810-2DD3631160E1}
	EndProjectSection
EndProject
Project("{8BC9CEB8-8B4A-11D0-8D11-00A0C91BC942}") = "libhttp", "appweb-windows-default\libhttp.vcxproj", "{25124A0A-E654-455D-907D-7117EE71CCF1}"
	ProjectSection(ProjectDependencies) = postProject
		{BAC6751B-ADDB-4FEA-B810-2DD3631160E1} = {BAC6751B-ADDB-4FEA-B810-2DD3631160E1}
	EndProjectSection
	ProjectSection(ProjectDependencies) = postProject
		{B56B6B05-A099-45EC-8039-70E952F0D409} = {B56B6B05-A099-45EC-8039-70E952F0D409}
	EndProjectSection
	ProjectSection(ProjectDependencies) = postProject
		{75836505-C747-4911-8ECB-ADC5523CBF32} = {75836505-C747-4911-8ECB-ADC5523CBF32}
	EndProjectSection
EndProject
Project("{8BC9CEB8-8B4A-11D0-8D11-00A0C91BC942}") = "http", "appweb-windows-default\http.vcxproj", "{8BBD5B47-8C22-4FE3-B5F5-354FBCFD35E4}"
	ProjectSection(ProjectDependencies) = postProject
		{BAC6751B-ADDB-4FEA-B810-2DD3631160E1} = {BAC6751B-ADDB-4FEA-B810-2DD3631160E1}
	EndProjectSection
	ProjectSection(ProjectDependencies) = postProject
		{25124A0A-E654-455D-907D-7117EE71CCF1} = {25124A0A-E654-455D-907D-7117EE71CCF1}
	EndProjectSection
EndProject
Project("{8BC9CEB8-8B4A-11D0-8D11-00A0C91BC942}") = "libappweb", "appweb-windows-default\libappweb.vcxproj", "{628B0A69-F128-457E-B6E6-7C9A0CB8C472}"
	ProjectSection(ProjectDependencies) = postProject
		{BAC6751B-ADDB-4FEA-B810-2DD3631160E1} = {BAC6751B-ADDB-4FEA-B810-2DD3631160E1}
	EndProjectSection
	ProjectSection(ProjectDependencies) = postProject
		{25124A0A-E654-455D-907D-7117EE71CCF1} = {25124A0A-E654-455D-907D-7117EE71CCF1}
	EndProjectSection
EndProject
Project("{8BC9CEB8-8B4A-11D0-8D11-00A0C91BC942}") = "libmod_esp", "appweb-windows-default\libmod_esp.vcxproj", "{4A2AFCFA-32C4-44F8-B18B-06E3842EF736}"
	ProjectSection(ProjectDependencies) = postProject
		{BAC6751B-ADDB-4FEA-B810-2DD3631160E1} = {BAC6751B-ADDB-4FEA-B810-2DD3631160E1}
	EndProjectSection
	ProjectSection(ProjectDependencies) = postProject
		{628B0A69-F128-457E-B6E6-7C9A0CB8C472} = {628B0A69-F128-457E-B6E6-7C9A0CB8C472}
	EndProjectSection
EndProject
Project("{8BC9CEB8-8B4A-11D0-8D11-00A0C91BC942}") = "espcmd", "appweb-windows-default\espcmd.vcxproj", "{676178FF-D3E8-4798-A9D2-3846A7E8C1D3}"
	ProjectSection(ProjectDependencies) = postProject
		{BAC6751B-ADDB-4FEA-B810-2DD3631160E1} = {BAC6751B-ADDB-4FEA-B810-2DD3631160E1}
	EndProjectSection
	ProjectSection(ProjectDependencies) = postProject
		{628B0A69-F128-457E-B6E6-7C9A0CB8C472} = {628B0A69-F128-457E-B6E6-7C9A0CB8C472}
	EndProjectSection
EndProject
Project("{8BC9CEB8-8B4A-11D0-8D11-00A0C91BC942}") = "esp.conf", "appweb-windows-default\esp.conf.vcxproj", "{8A69903C-6533-4F38-BAEA-5EDD50281AE7}"
	ProjectSection(ProjectDependencies) = postProject
		{BAC6751B-ADDB-4FEA-B810-2DD3631160E1} = {BAC6751B-ADDB-4FEA-B810-2DD3631160E1}
	EndProjectSection
EndProject
Project("{8BC9CEB8-8B4A-11D0-8D11-00A0C91BC942}") = "esp.conf.server", "appweb-windows-default\esp.conf.server.vcxproj", "{0791ED5D-5A1A-4A22-B8E5-9590BDF8A906}"
	ProjectSection(ProjectDependencies) = postProject
		{BAC6751B-ADDB-4FEA-B810-2DD3631160E1} = {BAC6751B-ADDB-4FEA-B810-2DD3631160E1}
	EndProjectSection
EndProject
Project("{8BC9CEB8-8B4A-11D0-8D11-00A0C91BC942}") = "esp.www", "appweb-windows-default\esp.www.vcxproj", "{DDF6D3B4-D72F-4A62-940B-2C470B4CF0FD}"
	ProjectSection(ProjectDependencies) = postProject
		{BAC6751B-ADDB-4FEA-B810-2DD3631160E1} = {BAC6751B-ADDB-4FEA-B810-2DD3631160E1}
	EndProjectSection
EndProject
Project("{8BC9CEB8-8B4A-11D0-8D11-00A0C91BC942}") = "libmod_cgi", "appweb-windows-default\libmod_cgi.vcxproj", "{C495CE44-D0FB-4854-ADB2-51BDCAEEBF45}"
	ProjectSection(ProjectDependencies) = postProject
		{BAC6751B-ADDB-4FEA-B810-2DD3631160E1} = {BAC6751B-ADDB-4FEA-B810-2DD3631160E1}
	EndProjectSection
	ProjectSection(ProjectDependencies) = postProject
		{628B0A69-F128-457E-B6E6-7C9A0CB8C472} = {628B0A69-F128-457E-B6E6-7C9A0CB8C472}
	EndProjectSection
EndProject
Project("{8BC9CEB8-8B4A-11D0-8D11-00A0C91BC942}") = "libmod_ssl", "appweb-windows-default\libmod_ssl.vcxproj", "{8D9A833A-D895-4090-AA2D-CFD67A200D33}"
	ProjectSection(ProjectDependencies) = postProject
		{BAC6751B-ADDB-4FEA-B810-2DD3631160E1} = {BAC6751B-ADDB-4FEA-B810-2DD3631160E1}
	EndProjectSection
	ProjectSection(ProjectDependencies) = postProject
		{628B0A69-F128-457E-B6E6-7C9A0CB8C472} = {628B0A69-F128-457E-B6E6-7C9A0CB8C472}
	EndProjectSection
EndProject
Project("{8BC9CEB8-8B4A-11D0-8D11-00A0C91BC942}") = "authpass", "appweb-windows-default\authpass.vcxproj", "{CDF92AD9-5187-4F4F-9020-0C67BCCE0BCA}"
	ProjectSection(ProjectDependencies) = postProject
		{BAC6751B-ADDB-4FEA-B810-2DD3631160E1} = {BAC6751B-ADDB-4FEA-B810-2DD3631160E1}
	EndProjectSection
	ProjectSection(ProjectDependencies) = postProject
		{628B0A69-F128-457E-B6E6-7C9A0CB8C472} = {628B0A69-F128-457E-B6E6-7C9A0CB8C472}
	EndProjectSection
EndProject
Project("{8BC9CEB8-8B4A-11D0-8D11-00A0C91BC942}") = "cgiProgram", "appweb-windows-default\cgiProgram.vcxproj", "{D88C925A-E32F-4878-9E2D-842D66786D65}"
	ProjectSection(ProjectDependencies) = postProject
		{BAC6751B-ADDB-4FEA-B810-2DD3631160E1} = {BAC6751B-ADDB-4FEA-B810-2DD3631160E1}
	EndProjectSection
EndProject
Project("{8BC9CEB8-8B4A-11D0-8D11-00A0C91BC942}") = "slink.c", "appweb-windows-default\slink.c.vcxproj", "{E411C53D-5E93-47A0-B535-91C78692793A}"
	ProjectSection(ProjectDependencies) = postProject
		{BAC6751B-ADDB-4FEA-B810-2DD3631160E1} = {BAC6751B-ADDB-4FEA-B810-2DD3631160E1}
	EndProjectSection
EndProject
Project("{8BC9CEB8-8B4A-11D0-8D11-00A0C91BC942}") = "libslink", "appweb-windows-default\libslink.vcxproj", "{A2CE709A-0F85-4B04-8E80-F364B74845B8}"
	ProjectSection(ProjectDependencies) = postProject
		{BAC6751B-ADDB-4FEA-B810-2DD3631160E1} = {BAC6751B-ADDB-4FEA-B810-2DD3631160E1}
	EndProjectSection
	ProjectSection(ProjectDependencies) = postProject
		{E411C53D-5E93-47A0-B535-91C78692793A} = {E411C53D-5E93-47A0-B535-91C78692793A}
	EndProjectSection
	ProjectSection(ProjectDependencies) = postProject
		{4A2AFCFA-32C4-44F8-B18B-06E3842EF736} = {4A2AFCFA-32C4-44F8-B18B-06E3842EF736}
	EndProjectSection
	ProjectSection(ProjectDependencies) = postProject
		{628B0A69-F128-457E-B6E6-7C9A0CB8C472} = {628B0A69-F128-457E-B6E6-7C9A0CB8C472}
	EndProjectSection
	ProjectSection(ProjectDependencies) = postProject
		{25124A0A-E654-455D-907D-7117EE71CCF1} = {25124A0A-E654-455D-907D-7117EE71CCF1}
	EndProjectSection
	ProjectSection(ProjectDependencies) = postProject
		{B56B6B05-A099-45EC-8039-70E952F0D409} = {B56B6B05-A099-45EC-8039-70E952F0D409}
	EndProjectSection
	ProjectSection(ProjectDependencies) = postProject
		{75836505-C747-4911-8ECB-ADC5523CBF32} = {75836505-C747-4911-8ECB-ADC5523CBF32}
	EndProjectSection
	ProjectSection(ProjectDependencies) = postProject
		{4A2AFCFA-32C4-44F8-B18B-06E3842EF736} = {4A2AFCFA-32C4-44F8-B18B-06E3842EF736}
	EndProjectSection
EndProject
Project("{8BC9CEB8-8B4A-11D0-8D11-00A0C91BC942}") = "appweb", "appweb-windows-default\appweb.vcxproj", "{61105389-98D7-4A55-96EC-BFC219C2A1E8}"
	ProjectSection(ProjectDependencies) = postProject
		{BAC6751B-ADDB-4FEA-B810-2DD3631160E1} = {BAC6751B-ADDB-4FEA-B810-2DD3631160E1}
	EndProjectSection
	ProjectSection(ProjectDependencies) = postProject
		{628B0A69-F128-457E-B6E6-7C9A0CB8C472} = {628B0A69-F128-457E-B6E6-7C9A0CB8C472}
	EndProjectSection
	ProjectSection(ProjectDependencies) = postProject
		{A2CE709A-0F85-4B04-8E80-F364B74845B8} = {A2CE709A-0F85-4B04-8E80-F364B74845B8}
	EndProjectSection
EndProject
Project("{8BC9CEB8-8B4A-11D0-8D11-00A0C91BC942}") = "appwebMonitor", "appweb-windows-default\appwebMonitor.vcxproj", "{97FCD9F8-F30F-491C-985A-52AE6914B84F}"
	ProjectSection(ProjectDependencies) = postProject
		{BAC6751B-ADDB-4FEA-B810-2DD3631160E1} = {BAC6751B-ADDB-4FEA-B810-2DD3631160E1}
	EndProjectSection
	ProjectSection(ProjectDependencies) = postProject
		{628B0A69-F128-457E-B6E6-7C9A0CB8C472} = {628B0A69-F128-457E-B6E6-7C9A0CB8C472}
	EndProjectSection
EndProject
Project("{8BC9CEB8-8B4A-11D0-8D11-00A0C91BC942}") = "appwebMonitor.ico", "appweb-windows-default\appwebMonitor.ico.vcxproj", "{6F0A3726-3E60-4D7C-9B77-F0A0881B832F}"
	ProjectSection(ProjectDependencies) = postProject
		{BAC6751B-ADDB-4FEA-B810-2DD3631160E1} = {BAC6751B-ADDB-4FEA-B810-2DD3631160E1}
	EndProjectSection
EndProject
Project("{8BC9CEB8-8B4A-11D0-8D11-00A0C91BC942}") = "server-cache", "appweb-windows-default\server-cache.vcxproj", "{7F652E32-6050-4470-8B23-CD48D1EA5E68}"
	ProjectSection(ProjectDependencies) = postProject
		{BAC6751B-ADDB-4FEA-B810-2DD3631160E1} = {BAC6751B-ADDB-4FEA-B810-2DD3631160E1}
	EndProjectSection
EndProject
Project("{8BC9CEB8-8B4A-11D0-8D11-00A0C91BC942}") = "testAppweb", "appweb-windows-default\testAppweb.vcxproj", "{D2FE8804-9D94-4B7C-8FB7-54CD7CB121AD}"
	ProjectSection(ProjectDependencies) = postProject
		{BAC6751B-ADDB-4FEA-B810-2DD3631160E1} = {BAC6751B-ADDB-4FEA-B810-2DD3631160E1}
	EndProjectSection
	ProjectSection(ProjectDependencies) = postProject
		{628B0A69-F128-457E-B6E6-7C9A0CB8C472} = {628B0A69-F128-457E-B6E6-7C9A0CB8C472}
	EndProjectSection
EndProject
Project("{8BC9CEB8-8B4A-11D0-8D11-00A0C91BC942}") = "test-testScript", "appweb-windows-default\test-testScript.vcxproj", "{BA83276E-734D-4ED4-B83A-D56BC227FBA0}"
	ProjectSection(ProjectDependencies) = postProject
		{BAC6751B-ADDB-4FEA-B810-2DD3631160E1} = {BAC6751B-ADDB-4FEA-B810-2DD3631160E1}
	EndProjectSection
	ProjectSection(ProjectDependencies) = postProject
		{D88C925A-E32F-4878-9E2D-842D66786D65} = {D88C925A-E32F-4878-9E2D-842D66786D65}
	EndProjectSection
EndProject
Project("{8BC9CEB8-8B4A-11D0-8D11-00A0C91BC942}") = "test-cache.cgi", "appweb-windows-default\test-cache.cgi.vcxproj", "{CA3B400E-349D-4CFF-A54B-EA2ECCC2E3C3}"
	ProjectSection(ProjectDependencies) = postProject
		{BAC6751B-ADDB-4FEA-B810-2DD3631160E1} = {BAC6751B-ADDB-4FEA-B810-2DD3631160E1}
	EndProjectSection
EndProject
Project("{8BC9CEB8-8B4A-11D0-8D11-00A0C91BC942}") = "test-basic.cgi", "appweb-windows-default\test-basic.cgi.vcxproj", "{54F78CDF-3F8E-46EC-9B55-0FFE4E1378DF}"
	ProjectSection(ProjectDependencies) = postProject
		{BAC6751B-ADDB-4FEA-B810-2DD3631160E1} = {BAC6751B-ADDB-4FEA-B810-2DD3631160E1}
	EndProjectSection
EndProject
Project("{8BC9CEB8-8B4A-11D0-8D11-00A0C91BC942}") = "test-cgiProgram", "appweb-windows-default\test-cgiProgram.vcxproj", "{66B5CBCB-2159-456E-801F-6955B2DCA307}"
	ProjectSection(ProjectDependencies) = postProject
		{BAC6751B-ADDB-4FEA-B810-2DD3631160E1} = {BAC6751B-ADDB-4FEA-B810-2DD3631160E1}
	EndProjectSection
	ProjectSection(ProjectDependencies) = postProject
		{D88C925A-E32F-4878-9E2D-842D66786D65} = {D88C925A-E32F-4878-9E2D-842D66786D65}
	EndProjectSection
EndProject
Project("{8BC9CEB8-8B4A-11D0-8D11-00A0C91BC942}") = "test.js", "appweb-windows-default\test.js.vcxproj", "{58F75389-A6F9-4FB0-AC3A-01D83DB31BD6}"
	ProjectSection(ProjectDependencies) = postProject
		{BAC6751B-ADDB-4FEA-B810-2DD3631160E1} = {BAC6751B-ADDB-4FEA-B810-2DD3631160E1}
	EndProjectSection
EndProject

Global
	GlobalSection(SolutionConfigurationPlatforms) = preSolution
		Debug|Win32 = Debug|Win32
		Debug|x64 = Debug|x64
		Release|Win32 = Release|Win32
		Release|x64 = Release|x64
	EndGlobalSection
	GlobalSection(ProjectConfigurationPlatforms) = postSolution
{BAC6751B-ADDB-4FEA-B810-2DD3631160E1}.Debug|Win32.ActiveCfg = Debug|Win32
{BAC6751B-ADDB-4FEA-B810-2DD3631160E1}.Debug|Win32.Build.0 = Debug|Win32
{BAC6751B-ADDB-4FEA-B810-2DD3631160E1}.Debug|x64.ActiveCfg = Debug|x64
{BAC6751B-ADDB-4FEA-B810-2DD3631160E1}.Debug|x64.Build.0 = Debug|x64
{BAC6751B-ADDB-4FEA-B810-2DD3631160E1}.Release|Win32.ActiveCfg = Release|Win32
{BAC6751B-ADDB-4FEA-B810-2DD3631160E1}.Release|Win32.Build.0 = Release|Win32
{BAC6751B-ADDB-4FEA-B810-2DD3631160E1}.Release|x64.ActiveCfg = Release|x64
{BAC6751B-ADDB-4FEA-B810-2DD3631160E1}.Release|x64.Build.0 = Release|x64
{09F05B2E-2705-4AB2-8F84-D369FD3720B0}.Debug|Win32.ActiveCfg = Debug|Win32
{09F05B2E-2705-4AB2-8F84-D369FD3720B0}.Debug|Win32.Build.0 = Debug|Win32
{09F05B2E-2705-4AB2-8F84-D369FD3720B0}.Debug|x64.ActiveCfg = Debug|x64
{09F05B2E-2705-4AB2-8F84-D369FD3720B0}.Debug|x64.Build.0 = Debug|x64
{09F05B2E-2705-4AB2-8F84-D369FD3720B0}.Release|Win32.ActiveCfg = Release|Win32
{09F05B2E-2705-4AB2-8F84-D369FD3720B0}.Release|Win32.Build.0 = Release|Win32
{09F05B2E-2705-4AB2-8F84-D369FD3720B0}.Release|x64.ActiveCfg = Release|x64
{09F05B2E-2705-4AB2-8F84-D369FD3720B0}.Release|x64.Build.0 = Release|x64
{B56B6B05-A099-45EC-8039-70E952F0D409}.Debug|Win32.ActiveCfg = Debug|Win32
{B56B6B05-A099-45EC-8039-70E952F0D409}.Debug|Win32.Build.0 = Debug|Win32
{B56B6B05-A099-45EC-8039-70E952F0D409}.Debug|x64.ActiveCfg = Debug|x64
{B56B6B05-A099-45EC-8039-70E952F0D409}.Debug|x64.Build.0 = Debug|x64
{B56B6B05-A099-45EC-8039-70E952F0D409}.Release|Win32.ActiveCfg = Release|Win32
{B56B6B05-A099-45EC-8039-70E952F0D409}.Release|Win32.Build.0 = Release|Win32
{B56B6B05-A099-45EC-8039-70E952F0D409}.Release|x64.ActiveCfg = Release|x64
{B56B6B05-A099-45EC-8039-70E952F0D409}.Release|x64.Build.0 = Release|x64
{5CADB66D-D977-489D-AD9C-F3B41E1F084A}.Debug|Win32.ActiveCfg = Debug|Win32
{5CADB66D-D977-489D-AD9C-F3B41E1F084A}.Debug|Win32.Build.0 = Debug|Win32
{5CADB66D-D977-489D-AD9C-F3B41E1F084A}.Debug|x64.ActiveCfg = Debug|x64
{5CADB66D-D977-489D-AD9C-F3B41E1F084A}.Debug|x64.Build.0 = Debug|x64
{5CADB66D-D977-489D-AD9C-F3B41E1F084A}.Release|Win32.ActiveCfg = Release|Win32
{5CADB66D-D977-489D-AD9C-F3B41E1F084A}.Release|Win32.Build.0 = Release|Win32
{5CADB66D-D977-489D-AD9C-F3B41E1F084A}.Release|x64.ActiveCfg = Release|x64
{5CADB66D-D977-489D-AD9C-F3B41E1F084A}.Release|x64.Build.0 = Release|x64
{95D20B47-C073-48E4-8B37-928792C27CF8}.Debug|Win32.ActiveCfg = Debug|Win32
{95D20B47-C073-48E4-8B37-928792C27CF8}.Debug|Win32.Build.0 = Debug|Win32
{95D20B47-C073-48E4-8B37-928792C27CF8}.Debug|x64.ActiveCfg = Debug|x64
{95D20B47-C073-48E4-8B37-928792C27CF8}.Debug|x64.Build.0 = Debug|x64
{95D20B47-C073-48E4-8B37-928792C27CF8}.Release|Win32.ActiveCfg = Release|Win32
{95D20B47-C073-48E4-8B37-928792C27CF8}.Release|Win32.Build.0 = Release|Win32
{95D20B47-C073-48E4-8B37-928792C27CF8}.Release|x64.ActiveCfg = Release|x64
{95D20B47-C073-48E4-8B37-928792C27CF8}.Release|x64.Build.0 = Release|x64
{6DB88AF9-66DF-4B3C-B4C6-3F3062131FEB}.Debug|Win32.ActiveCfg = Debug|Win32
{6DB88AF9-66DF-4B3C-B4C6-3F3062131FEB}.Debug|Win32.Build.0 = Debug|Win32
{6DB88AF9-66DF-4B3C-B4C6-3F3062131FEB}.Debug|x64.ActiveCfg = Debug|x64
{6DB88AF9-66DF-4B3C-B4C6-3F3062131FEB}.Debug|x64.Build.0 = Debug|x64
{6DB88AF9-66DF-4B3C-B4C6-3F3062131FEB}.Release|Win32.ActiveCfg = Release|Win32
{6DB88AF9-66DF-4B3C-B4C6-3F3062131FEB}.Release|Win32.Build.0 = Release|Win32
{6DB88AF9-66DF-4B3C-B4C6-3F3062131FEB}.Release|x64.ActiveCfg = Release|x64
{6DB88AF9-66DF-4B3C-B4C6-3F3062131FEB}.Release|x64.Build.0 = Release|x64
{241F6C01-7AF6-4659-A551-63A81E6DA3EA}.Debug|Win32.ActiveCfg = Debug|Win32
{241F6C01-7AF6-4659-A551-63A81E6DA3EA}.Debug|Win32.Build.0 = Debug|Win32
{241F6C01-7AF6-4659-A551-63A81E6DA3EA}.Debug|x64.ActiveCfg = Debug|x64
{241F6C01-7AF6-4659-A551-63A81E6DA3EA}.Debug|x64.Build.0 = Debug|x64
{241F6C01-7AF6-4659-A551-63A81E6DA3EA}.Release|Win32.ActiveCfg = Release|Win32
{241F6C01-7AF6-4659-A551-63A81E6DA3EA}.Release|Win32.Build.0 = Release|Win32
{241F6C01-7AF6-4659-A551-63A81E6DA3EA}.Release|x64.ActiveCfg = Release|x64
{241F6C01-7AF6-4659-A551-63A81E6DA3EA}.Release|x64.Build.0 = Release|x64
{66BC7021-DFBF-4E24-8EC0-A7A42EB8C425}.Debug|Win32.ActiveCfg = Debug|Win32
{66BC7021-DFBF-4E24-8EC0-A7A42EB8C425}.Debug|Win32.Build.0 = Debug|Win32
{66BC7021-DFBF-4E24-8EC0-A7A42EB8C425}.Debug|x64.ActiveCfg = Debug|x64
{66BC7021-DFBF-4E24-8EC0-A7A42EB8C425}.Debug|x64.Build.0 = Debug|x64
{66BC7021-DFBF-4E24-8EC0-A7A42EB8C425}.Release|Win32.ActiveCfg = Release|Win32
{66BC7021-DFBF-4E24-8EC0-A7A42EB8C425}.Release|Win32.Build.0 = Release|Win32
{66BC7021-DFBF-4E24-8EC0-A7A42EB8C425}.Release|x64.ActiveCfg = Release|x64
{66BC7021-DFBF-4E24-8EC0-A7A42EB8C425}.Release|x64.Build.0 = Release|x64
{75836505-C747-4911-8ECB-ADC5523CBF32}.Debug|Win32.ActiveCfg = Debug|Win32
{75836505-C747-4911-8ECB-ADC5523CBF32}.Debug|Win32.Build.0 = Debug|Win32
{75836505-C747-4911-8ECB-ADC5523CBF32}.Debug|x64.ActiveCfg = Debug|x64
{75836505-C747-4911-8ECB-ADC5523CBF32}.Debug|x64.Build.0 = Debug|x64
{75836505-C747-4911-8ECB-ADC5523CBF32}.Release|Win32.ActiveCfg = Release|Win32
{75836505-C747-4911-8ECB-ADC5523CBF32}.Release|Win32.Build.0 = Release|Win32
{75836505-C747-4911-8ECB-ADC5523CBF32}.Release|x64.ActiveCfg = Release|x64
{75836505-C747-4911-8ECB-ADC5523CBF32}.Release|x64.Build.0 = Release|x64
{25124A0A-E654-455D-907D-7117EE71CCF1}.Debug|Win32.ActiveCfg = Debug|Win32
{25124A0A-E654-455D-907D-7117EE71CCF1}.Debug|Win32.Build.0 = Debug|Win32
{25124A0A-E654-455D-907D-7117EE71CCF1}.Debug|x64.ActiveCfg = Debug|x64
{25124A0A-E654-455D-907D-7117EE71CCF1}.Debug|x64.Build.0 = Debug|x64
{25124A0A-E654-455D-907D-7117EE71CCF1}.Release|Win32.ActiveCfg = Release|Win32
{25124A0A-E654-455D-907D-7117EE71CCF1}.Release|Win32.Build.0 = Release|Win32
{25124A0A-E654-455D-907D-7117EE71CCF1}.Release|x64.ActiveCfg = Release|x64
{25124A0A-E654-455D-907D-7117EE71CCF1}.Release|x64.Build.0 = Release|x64
{8BBD5B47-8C22-4FE3-B5F5-354FBCFD35E4}.Debug|Win32.ActiveCfg = Debug|Win32
{8BBD5B47-8C22-4FE3-B5F5-354FBCFD35E4}.Debug|Win32.Build.0 = Debug|Win32
{8BBD5B47-8C22-4FE3-B5F5-354FBCFD35E4}.Debug|x64.ActiveCfg = Debug|x64
{8BBD5B47-8C22-4FE3-B5F5-354FBCFD35E4}.Debug|x64.Build.0 = Debug|x64
{8BBD5B47-8C22-4FE3-B5F5-354FBCFD35E4}.Release|Win32.ActiveCfg = Release|Win32
{8BBD5B47-8C22-4FE3-B5F5-354FBCFD35E4}.Release|Win32.Build.0 = Release|Win32
{8BBD5B47-8C22-4FE3-B5F5-354FBCFD35E4}.Release|x64.ActiveCfg = Release|x64
{8BBD5B47-8C22-4FE3-B5F5-354FBCFD35E4}.Release|x64.Build.0 = Release|x64
{628B0A69-F128-457E-B6E6-7C9A0CB8C472}.Debug|Win32.ActiveCfg = Debug|Win32
{628B0A69-F128-457E-B6E6-7C9A0CB8C472}.Debug|Win32.Build.0 = Debug|Win32
{628B0A69-F128-457E-B6E6-7C9A0CB8C472}.Debug|x64.ActiveCfg = Debug|x64
{628B0A69-F128-457E-B6E6-7C9A0CB8C472}.Debug|x64.Build.0 = Debug|x64
{628B0A69-F128-457E-B6E6-7C9A0CB8C472}.Release|Win32.ActiveCfg = Release|Win32
{628B0A69-F128-457E-B6E6-7C9A0CB8C472}.Release|Win32.Build.0 = Release|Win32
{628B0A69-F128-457E-B6E6-7C9A0CB8C472}.Release|x64.ActiveCfg = Release|x64
{628B0A69-F128-457E-B6E6-7C9A0CB8C472}.Release|x64.Build.0 = Release|x64
{4A2AFCFA-32C4-44F8-B18B-06E3842EF736}.Debug|Win32.ActiveCfg = Debug|Win32
{4A2AFCFA-32C4-44F8-B18B-06E3842EF736}.Debug|Win32.Build.0 = Debug|Win32
{4A2AFCFA-32C4-44F8-B18B-06E3842EF736}.Debug|x64.ActiveCfg = Debug|x64
{4A2AFCFA-32C4-44F8-B18B-06E3842EF736}.Debug|x64.Build.0 = Debug|x64
{4A2AFCFA-32C4-44F8-B18B-06E3842EF736}.Release|Win32.ActiveCfg = Release|Win32
{4A2AFCFA-32C4-44F8-B18B-06E3842EF736}.Release|Win32.Build.0 = Release|Win32
{4A2AFCFA-32C4-44F8-B18B-06E3842EF736}.Release|x64.ActiveCfg = Release|x64
{4A2AFCFA-32C4-44F8-B18B-06E3842EF736}.Release|x64.Build.0 = Release|x64
{676178FF-D3E8-4798-A9D2-3846A7E8C1D3}.Debug|Win32.ActiveCfg = Debug|Win32
{676178FF-D3E8-4798-A9D2-3846A7E8C1D3}.Debug|Win32.Build.0 = Debug|Win32
{676178FF-D3E8-4798-A9D2-3846A7E8C1D3}.Debug|x64.ActiveCfg = Debug|x64
{676178FF-D3E8-4798-A9D2-3846A7E8C1D3}.Debug|x64.Build.0 = Debug|x64
{676178FF-D3E8-4798-A9D2-3846A7E8C1D3}.Release|Win32.ActiveCfg = Release|Win32
{676178FF-D3E8-4798-A9D2-3846A7E8C1D3}.Release|Win32.Build.0 = Release|Win32
{676178FF-D3E8-4798-A9D2-3846A7E8C1D3}.Release|x64.ActiveCfg = Release|x64
{676178FF-D3E8-4798-A9D2-3846A7E8C1D3}.Release|x64.Build.0 = Release|x64
{8A69903C-6533-4F38-BAEA-5EDD50281AE7}.Debug|Win32.ActiveCfg = Debug|Win32
{8A69903C-6533-4F38-BAEA-5EDD50281AE7}.Debug|Win32.Build.0 = Debug|Win32
{8A69903C-6533-4F38-BAEA-5EDD50281AE7}.Debug|x64.ActiveCfg = Debug|x64
{8A69903C-6533-4F38-BAEA-5EDD50281AE7}.Debug|x64.Build.0 = Debug|x64
{8A69903C-6533-4F38-BAEA-5EDD50281AE7}.Release|Win32.ActiveCfg = Release|Win32
{8A69903C-6533-4F38-BAEA-5EDD50281AE7}.Release|Win32.Build.0 = Release|Win32
{8A69903C-6533-4F38-BAEA-5EDD50281AE7}.Release|x64.ActiveCfg = Release|x64
{8A69903C-6533-4F38-BAEA-5EDD50281AE7}.Release|x64.Build.0 = Release|x64
{0791ED5D-5A1A-4A22-B8E5-9590BDF8A906}.Debug|Win32.ActiveCfg = Debug|Win32
{0791ED5D-5A1A-4A22-B8E5-9590BDF8A906}.Debug|Win32.Build.0 = Debug|Win32
{0791ED5D-5A1A-4A22-B8E5-9590BDF8A906}.Debug|x64.ActiveCfg = Debug|x64
{0791ED5D-5A1A-4A22-B8E5-9590BDF8A906}.Debug|x64.Build.0 = Debug|x64
{0791ED5D-5A1A-4A22-B8E5-9590BDF8A906}.Release|Win32.ActiveCfg = Release|Win32
{0791ED5D-5A1A-4A22-B8E5-9590BDF8A906}.Release|Win32.Build.0 = Release|Win32
{0791ED5D-5A1A-4A22-B8E5-9590BDF8A906}.Release|x64.ActiveCfg = Release|x64
{0791ED5D-5A1A-4A22-B8E5-9590BDF8A906}.Release|x64.Build.0 = Release|x64
{DDF6D3B4-D72F-4A62-940B-2C470B4CF0FD}.Debug|Win32.ActiveCfg = Debug|Win32
{DDF6D3B4-D72F-4A62-940B-2C470B4CF0FD}.Debug|Win32.Build.0 = Debug|Win32
{DDF6D3B4-D72F-4A62-940B-2C470B4CF0FD}.Debug|x64.ActiveCfg = Debug|x64
{DDF6D3B4-D72F-4A62-940B-2C470B4CF0FD}.Debug|x64.Build.0 = Debug|x64
{DDF6D3B4-D72F-4A62-940B-2C470B4CF0FD}.Release|Win32.ActiveCfg = Release|Win32
{DDF6D3B4-D72F-4A62-940B-2C470B4CF0FD}.Release|Win32.Build.0 = Release|Win32
{DDF6D3B4-D72F-4A62-940B-2C470B4CF0FD}.Release|x64.ActiveCfg = Release|x64
{DDF6D3B4-D72F-4A62-940B-2C470B4CF0FD}.Release|x64.Build.0 = Release|x64
{C495CE44-D0FB-4854-ADB2-51BDCAEEBF45}.Debug|Win32.ActiveCfg = Debug|Win32
{C495CE44-D0FB-4854-ADB2-51BDCAEEBF45}.Debug|Win32.Build.0 = Debug|Win32
{C495CE44-D0FB-4854-ADB2-51BDCAEEBF45}.Debug|x64.ActiveCfg = Debug|x64
{C495CE44-D0FB-4854-ADB2-51BDCAEEBF45}.Debug|x64.Build.0 = Debug|x64
{C495CE44-D0FB-4854-ADB2-51BDCAEEBF45}.Release|Win32.ActiveCfg = Release|Win32
{C495CE44-D0FB-4854-ADB2-51BDCAEEBF45}.Release|Win32.Build.0 = Release|Win32
{C495CE44-D0FB-4854-ADB2-51BDCAEEBF45}.Release|x64.ActiveCfg = Release|x64
{C495CE44-D0FB-4854-ADB2-51BDCAEEBF45}.Release|x64.Build.0 = Release|x64
{8D9A833A-D895-4090-AA2D-CFD67A200D33}.Debug|Win32.ActiveCfg = Debug|Win32
{8D9A833A-D895-4090-AA2D-CFD67A200D33}.Debug|Win32.Build.0 = Debug|Win32
{8D9A833A-D895-4090-AA2D-CFD67A200D33}.Debug|x64.ActiveCfg = Debug|x64
{8D9A833A-D895-4090-AA2D-CFD67A200D33}.Debug|x64.Build.0 = Debug|x64
{8D9A833A-D895-4090-AA2D-CFD67A200D33}.Release|Win32.ActiveCfg = Release|Win32
{8D9A833A-D895-4090-AA2D-CFD67A200D33}.Release|Win32.Build.0 = Release|Win32
{8D9A833A-D895-4090-AA2D-CFD67A200D33}.Release|x64.ActiveCfg = Release|x64
{8D9A833A-D895-4090-AA2D-CFD67A200D33}.Release|x64.Build.0 = Release|x64
{CDF92AD9-5187-4F4F-9020-0C67BCCE0BCA}.Debug|Win32.ActiveCfg = Debug|Win32
{CDF92AD9-5187-4F4F-9020-0C67BCCE0BCA}.Debug|Win32.Build.0 = Debug|Win32
{CDF92AD9-5187-4F4F-9020-0C67BCCE0BCA}.Debug|x64.ActiveCfg = Debug|x64
{CDF92AD9-5187-4F4F-9020-0C67BCCE0BCA}.Debug|x64.Build.0 = Debug|x64
{CDF92AD9-5187-4F4F-9020-0C67BCCE0BCA}.Release|Win32.ActiveCfg = Release|Win32
{CDF92AD9-5187-4F4F-9020-0C67BCCE0BCA}.Release|Win32.Build.0 = Release|Win32
{CDF92AD9-5187-4F4F-9020-0C67BCCE0BCA}.Release|x64.ActiveCfg = Release|x64
{CDF92AD9-5187-4F4F-9020-0C67BCCE0BCA}.Release|x64.Build.0 = Release|x64
{D88C925A-E32F-4878-9E2D-842D66786D65}.Debug|Win32.ActiveCfg = Debug|Win32
{D88C925A-E32F-4878-9E2D-842D66786D65}.Debug|Win32.Build.0 = Debug|Win32
{D88C925A-E32F-4878-9E2D-842D66786D65}.Debug|x64.ActiveCfg = Debug|x64
{D88C925A-E32F-4878-9E2D-842D66786D65}.Debug|x64.Build.0 = Debug|x64
{D88C925A-E32F-4878-9E2D-842D66786D65}.Release|Win32.ActiveCfg = Release|Win32
{D88C925A-E32F-4878-9E2D-842D66786D65}.Release|Win32.Build.0 = Release|Win32
{D88C925A-E32F-4878-9E2D-842D66786D65}.Release|x64.ActiveCfg = Release|x64
{D88C925A-E32F-4878-9E2D-842D66786D65}.Release|x64.Build.0 = Release|x64
{E411C53D-5E93-47A0-B535-91C78692793A}.Debug|Win32.ActiveCfg = Debug|Win32
{E411C53D-5E93-47A0-B535-91C78692793A}.Debug|Win32.Build.0 = Debug|Win32
{E411C53D-5E93-47A0-B535-91C78692793A}.Debug|x64.ActiveCfg = Debug|x64
{E411C53D-5E93-47A0-B535-91C78692793A}.Debug|x64.Build.0 = Debug|x64
{E411C53D-5E93-47A0-B535-91C78692793A}.Release|Win32.ActiveCfg = Release|Win32
{E411C53D-5E93-47A0-B535-91C78692793A}.Release|Win32.Build.0 = Release|Win32
{E411C53D-5E93-47A0-B535-91C78692793A}.Release|x64.ActiveCfg = Release|x64
{E411C53D-5E93-47A0-B535-91C78692793A}.Release|x64.Build.0 = Release|x64
{A2CE709A-0F85-4B04-8E80-F364B74845B8}.Debug|Win32.ActiveCfg = Debug|Win32
{A2CE709A-0F85-4B04-8E80-F364B74845B8}.Debug|Win32.Build.0 = Debug|Win32
{A2CE709A-0F85-4B04-8E80-F364B74845B8}.Debug|x64.ActiveCfg = Debug|x64
{A2CE709A-0F85-4B04-8E80-F364B74845B8}.Debug|x64.Build.0 = Debug|x64
{A2CE709A-0F85-4B04-8E80-F364B74845B8}.Release|Win32.ActiveCfg = Release|Win32
{A2CE709A-0F85-4B04-8E80-F364B74845B8}.Release|Win32.Build.0 = Release|Win32
{A2CE709A-0F85-4B04-8E80-F364B74845B8}.Release|x64.ActiveCfg = Release|x64
{A2CE709A-0F85-4B04-8E80-F364B74845B8}.Release|x64.Build.0 = Release|x64
{61105389-98D7-4A55-96EC-BFC219C2A1E8}.Debug|Win32.ActiveCfg = Debug|Win32
{61105389-98D7-4A55-96EC-BFC219C2A1E8}.Debug|Win32.Build.0 = Debug|Win32
{61105389-98D7-4A55-96EC-BFC219C2A1E8}.Debug|x64.ActiveCfg = Debug|x64
{61105389-98D7-4A55-96EC-BFC219C2A1E8}.Debug|x64.Build.0 = Debug|x64
{61105389-98D7-4A55-96EC-BFC219C2A1E8}.Release|Win32.ActiveCfg = Release|Win32
{61105389-98D7-4A55-96EC-BFC219C2A1E8}.Release|Win32.Build.0 = Release|Win32
{61105389-98D7-4A55-96EC-BFC219C2A1E8}.Release|x64.ActiveCfg = Release|x64
{61105389-98D7-4A55-96EC-BFC219C2A1E8}.Release|x64.Build.0 = Release|x64
{97FCD9F8-F30F-491C-985A-52AE6914B84F}.Debug|Win32.ActiveCfg = Debug|Win32
{97FCD9F8-F30F-491C-985A-52AE6914B84F}.Debug|Win32.Build.0 = Debug|Win32
{97FCD9F8-F30F-491C-985A-52AE6914B84F}.Debug|x64.ActiveCfg = Debug|x64
{97FCD9F8-F30F-491C-985A-52AE6914B84F}.Debug|x64.Build.0 = Debug|x64
{97FCD9F8-F30F-491C-985A-52AE6914B84F}.Release|Win32.ActiveCfg = Release|Win32
{97FCD9F8-F30F-491C-985A-52AE6914B84F}.Release|Win32.Build.0 = Release|Win32
{97FCD9F8-F30F-491C-985A-52AE6914B84F}.Release|x64.ActiveCfg = Release|x64
{97FCD9F8-F30F-491C-985A-52AE6914B84F}.Release|x64.Build.0 = Release|x64
{6F0A3726-3E60-4D7C-9B77-F0A0881B832F}.Debug|Win32.ActiveCfg = Debug|Win32
{6F0A3726-3E60-4D7C-9B77-F0A0881B832F}.Debug|Win32.Build.0 = Debug|Win32
{6F0A3726-3E60-4D7C-9B77-F0A0881B832F}.Debug|x64.ActiveCfg = Debug|x64
{6F0A3726-3E60-4D7C-9B77-F0A0881B832F}.Debug|x64.Build.0 = Debug|x64
{6F0A3726-3E60-4D7C-9B77-F0A0881B832F}.Release|Win32.ActiveCfg = Release|Win32
{6F0A3726-3E60-4D7C-9B77-F0A0881B832F}.Release|Win32.Build.0 = Release|Win32
{6F0A3726-3E60-4D7C-9B77-F0A0881B832F}.Release|x64.ActiveCfg = Release|x64
{6F0A3726-3E60-4D7C-9B77-F0A0881B832F}.Release|x64.Build.0 = Release|x64
{7F652E32-6050-4470-8B23-CD48D1EA5E68}.Debug|Win32.ActiveCfg = Debug|Win32
{7F652E32-6050-4470-8B23-CD48D1EA5E68}.Debug|Win32.Build.0 = Debug|Win32
{7F652E32-6050-4470-8B23-CD48D1EA5E68}.Debug|x64.ActiveCfg = Debug|x64
{7F652E32-6050-4470-8B23-CD48D1EA5E68}.Debug|x64.Build.0 = Debug|x64
{7F652E32-6050-4470-8B23-CD48D1EA5E68}.Release|Win32.ActiveCfg = Release|Win32
{7F652E32-6050-4470-8B23-CD48D1EA5E68}.Release|Win32.Build.0 = Release|Win32
{7F652E32-6050-4470-8B23-CD48D1EA5E68}.Release|x64.ActiveCfg = Release|x64
{7F652E32-6050-4470-8B23-CD48D1EA5E68}.Release|x64.Build.0 = Release|x64
{D2FE8804-9D94-4B7C-8FB7-54CD7CB121AD}.Debug|Win32.ActiveCfg = Debug|Win32
{D2FE8804-9D94-4B7C-8FB7-54CD7CB121AD}.Debug|Win32.Build.0 = Debug|Win32
{D2FE8804-9D94-4B7C-8FB7-54CD7CB121AD}.Debug|x64.ActiveCfg = Debug|x64
{D2FE8804-9D94-4B7C-8FB7-54CD7CB121AD}.Debug|x64.Build.0 = Debug|x64
{D2FE8804-9D94-4B7C-8FB7-54CD7CB121AD}.Release|Win32.ActiveCfg = Release|Win32
{D2FE8804-9D94-4B7C-8FB7-54CD7CB121AD}.Release|Win32.Build.0 = Release|Win32
{D2FE8804-9D94-4B7C-8FB7-54CD7CB121AD}.Release|x64.ActiveCfg = Release|x64
{D2FE8804-9D94-4B7C-8FB7-54CD7CB121AD}.Release|x64.Build.0 = Release|x64
{BA83276E-734D-4ED4-B83A-D56BC227FBA0}.Debug|Win32.ActiveCfg = Debug|Win32
{BA83276E-734D-4ED4-B83A-D56BC227FBA0}.Debug|Win32.Build.0 = Debug|Win32
{BA83276E-734D-4ED4-B83A-D56BC227FBA0}.Debug|x64.ActiveCfg = Debug|x64
{BA83276E-734D-4ED4-B83A-D56BC227FBA0}.Debug|x64.Build.0 = Debug|x64
{BA83276E-734D-4ED4-B83A-D56BC227FBA0}.Release|Win32.ActiveCfg = Release|Win32
{BA83276E-734D-4ED4-B83A-D56BC227FBA0}.Release|Win32.Build.0 = Release|Win32
{BA83276E-734D-4ED4-B83A-D56BC227FBA0}.Release|x64.ActiveCfg = Release|x64
{BA83276E-734D-4ED4-B83A-D56BC227FBA0}.Release|x64.Build.0 = Release|x64
{CA3B400E-349D-4CFF-A54B-EA2ECCC2E3C3}.Debug|Win32.ActiveCfg = Debug|Win32
{CA3B400E-349D-4CFF-A54B-EA2ECCC2E3C3}.Debug|Win32.Build.0 = Debug|Win32
{CA3B400E-349D-4CFF-A54B-EA2ECCC2E3C3}.Debug|x64.ActiveCfg = Debug|x64
{CA3B400E-349D-4CFF-A54B-EA2ECCC2E3C3}.Debug|x64.Build.0 = Debug|x64
{CA3B400E-349D-4CFF-A54B-EA2ECCC2E3C3}.Release|Win32.ActiveCfg = Release|Win32
{CA3B400E-349D-4CFF-A54B-EA2ECCC2E3C3}.Release|Win32.Build.0 = Release|Win32
{CA3B400E-349D-4CFF-A54B-EA2ECCC2E3C3}.Release|x64.ActiveCfg = Release|x64
{CA3B400E-349D-4CFF-A54B-EA2ECCC2E3C3}.Release|x64.Build.0 = Release|x64
{54F78CDF-3F8E-46EC-9B55-0FFE4E1378DF}.Debug|Win32.ActiveCfg = Debug|Win32
{54F78CDF-3F8E-46EC-9B55-0FFE4E1378DF}.Debug|Win32.Build.0 = Debug|Win32
{54F78CDF-3F8E-46EC-9B55-0FFE4E1378DF}.Debug|x64.ActiveCfg = Debug|x64
{54F78CDF-3F8E-46EC-9B55-0FFE4E1378DF}.Debug|x64.Build.0 = Debug|x64
{54F78CDF-3F8E-46EC-9B55-0FFE4E1378DF}.Release|Win32.ActiveCfg = Release|Win32
{54F78CDF-3F8E-46EC-9B55-0FFE4E1378DF}.Release|Win32.Build.0 = Release|Win32
{54F78CDF-3F8E-46EC-9B55-0FFE4E1378DF}.Release|x64.ActiveCfg = Release|x64
{54F78CDF-3F8E-46EC-9B55-0FFE4E1378DF}.Release|x64.Build.0 = Release|x64
{66B5CBCB-2159-456E-801F-6955B2DCA307}.Debug|Win32.ActiveCfg = Debug|Win32
{66B5CBCB-2159-456E-801F-6955B2DCA307}.Debug|Win32.Build.0 = Debug|Win32
{66B5CBCB-2159-456E-801F-6955B2DCA307}.Debug|x64.ActiveCfg = Debug|x64
{66B5CBCB-2159-456E-801F-6955B2DCA307}.Debug|x64.Build.0 = Debug|x64
{66B5CBCB-2159-456E-801F-6955B2DCA307}.Release|Win32.ActiveCfg = Release|Win32
{66B5CBCB-2159-456E-801F-6955B2DCA307}.Release|Win32.Build.0 = Release|Win32
{66B5CBCB-2159-456E-801F-6955B2DCA307}.Release|x64.ActiveCfg = Release|x64
{66B5CBCB-2159-456E-801F-6955B2DCA307}.Release|x64.Build.0 = Release|x64
{58F75389-A6F9-4FB0-AC3A-01D83DB31BD6}.Debug|Win32.ActiveCfg = Debug|Win32
{58F75389-A6F9-4FB0-AC3A-01D83DB31BD6}.Debug|Win32.Build.0 = Debug|Win32
{58F75389-A6F9-4FB0-AC3A-01D83DB31BD6}.Debug|x64.ActiveCfg = Debug|x64
{58F75389-A6F9-4FB0-AC3A-01D83DB31BD6}.Debug|x64.Build.0 = Debug|x64
{58F75389-A6F9-4FB0-AC3A-01D83DB31BD6}.Release|Win32.ActiveCfg = Release|Win32
{58F75389-A6F9-4FB0-AC3A-01D83DB31BD6}.Release|Win32.Build.0 = Release|Win32
{58F75389-A6F9-4FB0-AC3A-01D83DB31BD6}.Release|x64.ActiveCfg = Release|x64
{58F75389-A6F9-4FB0-AC3A-01D83DB31BD6}.Release|x64.Build.0 = Release|x64
EndGlobalSection

  GlobalSection(SolutionProperties) = preSolution
    HideSolutionNode = FALSE
  EndGlobalSection
EndGlobal
