// !$*UTF8*$!
{
        archiveVersion = 1;
        classes = {
        };
        objectVersion = 46;
        objects = {

/* Begin PBXAggregateTarget section */
		456F1B20456F561800000006 /* esp-compile.json */ = {
    			isa = PBXAggregateTarget;
    			buildConfigurationList = 456F1B20456F561800000005 /* Build configuration list for PBXAggregateTarget "esp-compile.json" */;
    			buildPhases = (
    				456F1B20456F561800000007,
    			);
    			dependencies = (
				456F1B20456F561800000008 /* PBXTargetDependency Prep */,
			);
    			name = esp-compile.json;
    			productName = esp-compile.json;
    		};
		456F1B20456F56180000000A /* http-ca-crt */ = {
    			isa = PBXAggregateTarget;
    			buildConfigurationList = 456F1B20456F561800000009 /* Build configuration list for PBXAggregateTarget "http-ca-crt" */;
    			buildPhases = (
    				456F1B20456F56180000000B,
    			);
    			dependencies = (
				456F1B20456F56180000000C /* PBXTargetDependency Prep */,
			);
    			name = http-ca-crt;
    			productName = http-ca-crt;
    		};
		456F1B20456F56180000000E /* server-cache */ = {
    			isa = PBXAggregateTarget;
    			buildConfigurationList = 456F1B20456F56180000000D /* Build configuration list for PBXAggregateTarget "server-cache" */;
    			buildPhases = (
    				456F1B20456F56180000000F,
    			);
    			dependencies = (
				456F1B20456F561800000010 /* PBXTargetDependency Prep */,
			);
    			name = server-cache;
    			productName = server-cache;
    		};
		456F1B20456F561800000012 /* All */ = {
    			isa = PBXAggregateTarget;
    			buildConfigurationList = 456F1B20456F561800000011 /* Build configuration list for PBXAggregateTarget "All" */;
    			buildPhases = (
    				
    			);
    			dependencies = (
				456F1B20456F561800000013 /* PBXTargetDependency appweb */,
				456F1B20456F561800000014 /* PBXTargetDependency authpass */,
				456F1B20456F561800000015 /* PBXTargetDependency esp-compile.json */,
				456F1B20456F561800000016 /* PBXTargetDependency espcmd */,
				456F1B20456F561800000017 /* PBXTargetDependency http-ca-crt */,
				456F1B20456F561800000018 /* PBXTargetDependency httpcmd */,
				456F1B20456F561800000019 /* PBXTargetDependency libappweb */,
				456F1B20456F56180000001A /* PBXTargetDependency libesp */,
				456F1B20456F56180000001B /* PBXTargetDependency libhttp */,
				456F1B20456F56180000001C /* PBXTargetDependency libmpr */,
				456F1B20456F56180000001D /* PBXTargetDependency libpcre */,
				456F1B20456F56180000001E /* PBXTargetDependency openssl */,
				456F1B20456F56180000001F /* PBXTargetDependency server-cache */,
				456F1B20456F561800000020 /* PBXTargetDependency watchdog */,
				456F1B20456F561800000021 /* PBXTargetDependency All */,
				456F1B20456F561800000022 /* PBXTargetDependency Prep */,
			);
    			name = All;
    			productName = All;
    		};
		456F1B20456F561800000024 /* Prep */ = {
    			isa = PBXAggregateTarget;
    			buildConfigurationList = 456F1B20456F561800000023 /* Build configuration list for PBXAggregateTarget "Prep" */;
    			buildPhases = (
    				456F1B20456F561800000025,
    			);
    			dependencies = (
			);
    			name = Prep;
    			productName = Prep;
    		};
/* End PBXAggregateTarget section */

/* Begin PBXBuildFile section */
		456F1B20456F561800000026 /* appweb.c in Sources */ = {isa = PBXBuildFile; fileRef = 456F1B20456F561800000027 /* appweb.c */; };
		456F1B20456F561800000028 /* authpass.c in Sources */ = {isa = PBXBuildFile; fileRef = 456F1B20456F561800000029 /* authpass.c */; };
		456F1B20456F56180000002A /* esp.c in Sources */ = {isa = PBXBuildFile; fileRef = 456F1B20456F56180000002B /* esp.c */; };
		456F1B20456F56180000002C /* http.c in Sources */ = {isa = PBXBuildFile; fileRef = 456F1B20456F56180000002D /* http.c */; };
		456F1B20456F56180000002E /* config.c in Sources */ = {isa = PBXBuildFile; fileRef = 456F1B20456F56180000002F /* config.c */; };
		456F1B20456F561800000030 /* convenience.c in Sources */ = {isa = PBXBuildFile; fileRef = 456F1B20456F561800000031 /* convenience.c */; };
		456F1B20456F561800000032 /* romFiles.c in Sources */ = {isa = PBXBuildFile; fileRef = 456F1B20456F561800000033 /* romFiles.c */; };
		456F1B20456F561800000034 /* cgiHandler.c in Sources */ = {isa = PBXBuildFile; fileRef = 456F1B20456F561800000035 /* cgiHandler.c */; };
		456F1B20456F561800000036 /* espHandler.c in Sources */ = {isa = PBXBuildFile; fileRef = 456F1B20456F561800000037 /* espHandler.c */; };
		456F1B20456F561800000038 /* espLib.c in Sources */ = {isa = PBXBuildFile; fileRef = 456F1B20456F561800000039 /* espLib.c */; };
		456F1B20456F56180000003A /* httpLib.c in Sources */ = {isa = PBXBuildFile; fileRef = 456F1B20456F56180000003B /* httpLib.c */; };
		456F1B20456F56180000003C /* mprLib.c in Sources */ = {isa = PBXBuildFile; fileRef = 456F1B20456F56180000003D /* mprLib.c */; };
		456F1B20456F56180000003E /* pcre.c in Sources */ = {isa = PBXBuildFile; fileRef = 456F1B20456F56180000003F /* pcre.c */; };
		456F1B20456F561800000040 /* openssl.c in Sources */ = {isa = PBXBuildFile; fileRef = 456F1B20456F561800000041 /* openssl.c */; };
		456F1B20456F561800000042 /* watchdog.c in Sources */ = {isa = PBXBuildFile; fileRef = 456F1B20456F561800000043 /* watchdog.c */; };
		456F1B20456F561800000044 /* libappweb.a for appweb */ = {isa = PBXBuildFile; fileRef = 456F1B20456F561800000045; };
		456F1B20456F561800000046 /* libesp.a for appweb */ = {isa = PBXBuildFile; fileRef = 456F1B20456F561800000047; };
		456F1B20456F561800000048 /* libhttp.a for appweb */ = {isa = PBXBuildFile; fileRef = 456F1B20456F561800000049; };
		456F1B20456F56180000004A /* libpcre.a for appweb */ = {isa = PBXBuildFile; fileRef = 456F1B20456F56180000004B; };
		456F1B20456F56180000004C /* libmpr.a for appweb */ = {isa = PBXBuildFile; fileRef = 456F1B20456F56180000004D; };
		456F1B20456F56180000004E /* libappweb.a for authpass */ = {isa = PBXBuildFile; fileRef = 456F1B20456F561800000045; };
		456F1B20456F56180000004F /* libesp.a for authpass */ = {isa = PBXBuildFile; fileRef = 456F1B20456F561800000047; };
		456F1B20456F561800000050 /* libhttp.a for authpass */ = {isa = PBXBuildFile; fileRef = 456F1B20456F561800000049; };
		456F1B20456F561800000051 /* libpcre.a for authpass */ = {isa = PBXBuildFile; fileRef = 456F1B20456F56180000004B; };
		456F1B20456F561800000052 /* libmpr.a for authpass */ = {isa = PBXBuildFile; fileRef = 456F1B20456F56180000004D; };
		456F1B20456F561800000053 /* libesp.a for espcmd */ = {isa = PBXBuildFile; fileRef = 456F1B20456F561800000047; };
		456F1B20456F561800000054 /* libhttp.a for espcmd */ = {isa = PBXBuildFile; fileRef = 456F1B20456F561800000049; };
		456F1B20456F561800000055 /* libpcre.a for espcmd */ = {isa = PBXBuildFile; fileRef = 456F1B20456F56180000004B; };
		456F1B20456F561800000056 /* libmpr.a for espcmd */ = {isa = PBXBuildFile; fileRef = 456F1B20456F56180000004D; };
		456F1B20456F561800000057 /* libhttp.a for httpcmd */ = {isa = PBXBuildFile; fileRef = 456F1B20456F561800000049; };
		456F1B20456F561800000058 /* libpcre.a for httpcmd */ = {isa = PBXBuildFile; fileRef = 456F1B20456F56180000004B; };
		456F1B20456F561800000059 /* libmpr.a for httpcmd */ = {isa = PBXBuildFile; fileRef = 456F1B20456F56180000004D; };
		456F1B20456F56180000005A /* libesp.a for libappweb */ = {isa = PBXBuildFile; fileRef = 456F1B20456F561800000047; };
		456F1B20456F56180000005B /* libhttp.a for libappweb */ = {isa = PBXBuildFile; fileRef = 456F1B20456F561800000049; };
		456F1B20456F56180000005C /* libpcre.a for libappweb */ = {isa = PBXBuildFile; fileRef = 456F1B20456F56180000004B; };
		456F1B20456F56180000005D /* libmpr.a for libappweb */ = {isa = PBXBuildFile; fileRef = 456F1B20456F56180000004D; };
		456F1B20456F56180000005E /* libhttp.a for libesp */ = {isa = PBXBuildFile; fileRef = 456F1B20456F561800000049; };
		456F1B20456F56180000005F /* libpcre.a for libesp */ = {isa = PBXBuildFile; fileRef = 456F1B20456F56180000004B; };
		456F1B20456F561800000060 /* libmpr.a for libesp */ = {isa = PBXBuildFile; fileRef = 456F1B20456F56180000004D; };
		456F1B20456F561800000061 /* libpcre.a for libhttp */ = {isa = PBXBuildFile; fileRef = 456F1B20456F56180000004B; };
		456F1B20456F561800000062 /* libmpr.a for libhttp */ = {isa = PBXBuildFile; fileRef = 456F1B20456F56180000004D; };
		456F1B20456F561800000063 /* libmpr.a for watchdog */ = {isa = PBXBuildFile; fileRef = 456F1B20456F56180000004D; };
/* End PBXBuildFile section */

/* Begin PBXContainerItemProxy section */
		456F1B20456F561800000064 /* PBXContainerItemProxy Prep from appweb */ = {
    			isa = PBXContainerItemProxy;
    			containerPortal = 456F1B20456F561800000001 /* Project object */;
    			proxyType = 1;
    			remoteGlobalIDString = 456F1B20456F561800000024;
    			remoteInfo = Prep;
    		};
		456F1B20456F561800000065 /* PBXContainerItemProxy openssl from appweb */ = {
    			isa = PBXContainerItemProxy;
    			containerPortal = 456F1B20456F561800000001 /* Project object */;
    			proxyType = 1;
    			remoteGlobalIDString = 456F1B20456F561800000066;
    			remoteInfo = openssl;
    		};
		456F1B20456F561800000067 /* PBXContainerItemProxy libmpr from appweb */ = {
    			isa = PBXContainerItemProxy;
    			containerPortal = 456F1B20456F561800000001 /* Project object */;
    			proxyType = 1;
    			remoteGlobalIDString = 456F1B20456F561800000068;
    			remoteInfo = libmpr;
    		};
		456F1B20456F561800000069 /* PBXContainerItemProxy libpcre from appweb */ = {
    			isa = PBXContainerItemProxy;
    			containerPortal = 456F1B20456F561800000001 /* Project object */;
    			proxyType = 1;
    			remoteGlobalIDString = 456F1B20456F56180000006A;
    			remoteInfo = libpcre;
    		};
		456F1B20456F56180000006B /* PBXContainerItemProxy libhttp from appweb */ = {
    			isa = PBXContainerItemProxy;
    			containerPortal = 456F1B20456F561800000001 /* Project object */;
    			proxyType = 1;
    			remoteGlobalIDString = 456F1B20456F56180000006C;
    			remoteInfo = libhttp;
    		};
		456F1B20456F56180000006D /* PBXContainerItemProxy libesp from appweb */ = {
    			isa = PBXContainerItemProxy;
    			containerPortal = 456F1B20456F561800000001 /* Project object */;
    			proxyType = 1;
    			remoteGlobalIDString = 456F1B20456F56180000006E;
    			remoteInfo = libesp;
    		};
		456F1B20456F56180000006F /* PBXContainerItemProxy libappweb from appweb */ = {
    			isa = PBXContainerItemProxy;
    			containerPortal = 456F1B20456F561800000001 /* Project object */;
    			proxyType = 1;
    			remoteGlobalIDString = 456F1B20456F561800000070;
    			remoteInfo = libappweb;
    		};
		456F1B20456F561800000071 /* PBXContainerItemProxy Prep from authpass */ = {
    			isa = PBXContainerItemProxy;
    			containerPortal = 456F1B20456F561800000001 /* Project object */;
    			proxyType = 1;
    			remoteGlobalIDString = 456F1B20456F561800000024;
    			remoteInfo = Prep;
    		};
		456F1B20456F561800000072 /* PBXContainerItemProxy openssl from authpass */ = {
    			isa = PBXContainerItemProxy;
    			containerPortal = 456F1B20456F561800000001 /* Project object */;
    			proxyType = 1;
    			remoteGlobalIDString = 456F1B20456F561800000066;
    			remoteInfo = openssl;
    		};
		456F1B20456F561800000073 /* PBXContainerItemProxy libmpr from authpass */ = {
    			isa = PBXContainerItemProxy;
    			containerPortal = 456F1B20456F561800000001 /* Project object */;
    			proxyType = 1;
    			remoteGlobalIDString = 456F1B20456F561800000068;
    			remoteInfo = libmpr;
    		};
		456F1B20456F561800000074 /* PBXContainerItemProxy libpcre from authpass */ = {
    			isa = PBXContainerItemProxy;
    			containerPortal = 456F1B20456F561800000001 /* Project object */;
    			proxyType = 1;
    			remoteGlobalIDString = 456F1B20456F56180000006A;
    			remoteInfo = libpcre;
    		};
		456F1B20456F561800000075 /* PBXContainerItemProxy libhttp from authpass */ = {
    			isa = PBXContainerItemProxy;
    			containerPortal = 456F1B20456F561800000001 /* Project object */;
    			proxyType = 1;
    			remoteGlobalIDString = 456F1B20456F56180000006C;
    			remoteInfo = libhttp;
    		};
		456F1B20456F561800000076 /* PBXContainerItemProxy libesp from authpass */ = {
    			isa = PBXContainerItemProxy;
    			containerPortal = 456F1B20456F561800000001 /* Project object */;
    			proxyType = 1;
    			remoteGlobalIDString = 456F1B20456F56180000006E;
    			remoteInfo = libesp;
    		};
		456F1B20456F561800000077 /* PBXContainerItemProxy libappweb from authpass */ = {
    			isa = PBXContainerItemProxy;
    			containerPortal = 456F1B20456F561800000001 /* Project object */;
    			proxyType = 1;
    			remoteGlobalIDString = 456F1B20456F561800000070;
    			remoteInfo = libappweb;
    		};
		456F1B20456F561800000078 /* PBXContainerItemProxy Prep from esp-compile.json */ = {
    			isa = PBXContainerItemProxy;
    			containerPortal = 456F1B20456F561800000001 /* Project object */;
    			proxyType = 1;
    			remoteGlobalIDString = 456F1B20456F561800000024;
    			remoteInfo = Prep;
    		};
		456F1B20456F561800000079 /* PBXContainerItemProxy Prep from espcmd */ = {
    			isa = PBXContainerItemProxy;
    			containerPortal = 456F1B20456F561800000001 /* Project object */;
    			proxyType = 1;
    			remoteGlobalIDString = 456F1B20456F561800000024;
    			remoteInfo = Prep;
    		};
		456F1B20456F56180000007A /* PBXContainerItemProxy openssl from espcmd */ = {
    			isa = PBXContainerItemProxy;
    			containerPortal = 456F1B20456F561800000001 /* Project object */;
    			proxyType = 1;
    			remoteGlobalIDString = 456F1B20456F561800000066;
    			remoteInfo = openssl;
    		};
		456F1B20456F56180000007B /* PBXContainerItemProxy libmpr from espcmd */ = {
    			isa = PBXContainerItemProxy;
    			containerPortal = 456F1B20456F561800000001 /* Project object */;
    			proxyType = 1;
    			remoteGlobalIDString = 456F1B20456F561800000068;
    			remoteInfo = libmpr;
    		};
		456F1B20456F56180000007C /* PBXContainerItemProxy libpcre from espcmd */ = {
    			isa = PBXContainerItemProxy;
    			containerPortal = 456F1B20456F561800000001 /* Project object */;
    			proxyType = 1;
    			remoteGlobalIDString = 456F1B20456F56180000006A;
    			remoteInfo = libpcre;
    		};
		456F1B20456F56180000007D /* PBXContainerItemProxy libhttp from espcmd */ = {
    			isa = PBXContainerItemProxy;
    			containerPortal = 456F1B20456F561800000001 /* Project object */;
    			proxyType = 1;
    			remoteGlobalIDString = 456F1B20456F56180000006C;
    			remoteInfo = libhttp;
    		};
		456F1B20456F56180000007E /* PBXContainerItemProxy libesp from espcmd */ = {
    			isa = PBXContainerItemProxy;
    			containerPortal = 456F1B20456F561800000001 /* Project object */;
    			proxyType = 1;
    			remoteGlobalIDString = 456F1B20456F56180000006E;
    			remoteInfo = libesp;
    		};
		456F1B20456F56180000007F /* PBXContainerItemProxy Prep from http-ca-crt */ = {
    			isa = PBXContainerItemProxy;
    			containerPortal = 456F1B20456F561800000001 /* Project object */;
    			proxyType = 1;
    			remoteGlobalIDString = 456F1B20456F561800000024;
    			remoteInfo = Prep;
    		};
		456F1B20456F561800000080 /* PBXContainerItemProxy Prep from httpcmd */ = {
    			isa = PBXContainerItemProxy;
    			containerPortal = 456F1B20456F561800000001 /* Project object */;
    			proxyType = 1;
    			remoteGlobalIDString = 456F1B20456F561800000024;
    			remoteInfo = Prep;
    		};
		456F1B20456F561800000081 /* PBXContainerItemProxy openssl from httpcmd */ = {
    			isa = PBXContainerItemProxy;
    			containerPortal = 456F1B20456F561800000001 /* Project object */;
    			proxyType = 1;
    			remoteGlobalIDString = 456F1B20456F561800000066;
    			remoteInfo = openssl;
    		};
		456F1B20456F561800000082 /* PBXContainerItemProxy libmpr from httpcmd */ = {
    			isa = PBXContainerItemProxy;
    			containerPortal = 456F1B20456F561800000001 /* Project object */;
    			proxyType = 1;
    			remoteGlobalIDString = 456F1B20456F561800000068;
    			remoteInfo = libmpr;
    		};
		456F1B20456F561800000083 /* PBXContainerItemProxy libpcre from httpcmd */ = {
    			isa = PBXContainerItemProxy;
    			containerPortal = 456F1B20456F561800000001 /* Project object */;
    			proxyType = 1;
    			remoteGlobalIDString = 456F1B20456F56180000006A;
    			remoteInfo = libpcre;
    		};
		456F1B20456F561800000084 /* PBXContainerItemProxy libhttp from httpcmd */ = {
    			isa = PBXContainerItemProxy;
    			containerPortal = 456F1B20456F561800000001 /* Project object */;
    			proxyType = 1;
    			remoteGlobalIDString = 456F1B20456F56180000006C;
    			remoteInfo = libhttp;
    		};
		456F1B20456F561800000085 /* PBXContainerItemProxy Prep from libappweb */ = {
    			isa = PBXContainerItemProxy;
    			containerPortal = 456F1B20456F561800000001 /* Project object */;
    			proxyType = 1;
    			remoteGlobalIDString = 456F1B20456F561800000024;
    			remoteInfo = Prep;
    		};
		456F1B20456F561800000086 /* PBXContainerItemProxy openssl from libappweb */ = {
    			isa = PBXContainerItemProxy;
    			containerPortal = 456F1B20456F561800000001 /* Project object */;
    			proxyType = 1;
    			remoteGlobalIDString = 456F1B20456F561800000066;
    			remoteInfo = openssl;
    		};
		456F1B20456F561800000087 /* PBXContainerItemProxy libmpr from libappweb */ = {
    			isa = PBXContainerItemProxy;
    			containerPortal = 456F1B20456F561800000001 /* Project object */;
    			proxyType = 1;
    			remoteGlobalIDString = 456F1B20456F561800000068;
    			remoteInfo = libmpr;
    		};
		456F1B20456F561800000088 /* PBXContainerItemProxy libpcre from libappweb */ = {
    			isa = PBXContainerItemProxy;
    			containerPortal = 456F1B20456F561800000001 /* Project object */;
    			proxyType = 1;
    			remoteGlobalIDString = 456F1B20456F56180000006A;
    			remoteInfo = libpcre;
    		};
		456F1B20456F561800000089 /* PBXContainerItemProxy libhttp from libappweb */ = {
    			isa = PBXContainerItemProxy;
    			containerPortal = 456F1B20456F561800000001 /* Project object */;
    			proxyType = 1;
    			remoteGlobalIDString = 456F1B20456F56180000006C;
    			remoteInfo = libhttp;
    		};
		456F1B20456F56180000008A /* PBXContainerItemProxy libesp from libappweb */ = {
    			isa = PBXContainerItemProxy;
    			containerPortal = 456F1B20456F561800000001 /* Project object */;
    			proxyType = 1;
    			remoteGlobalIDString = 456F1B20456F56180000006E;
    			remoteInfo = libesp;
    		};
		456F1B20456F56180000008B /* PBXContainerItemProxy Prep from libesp */ = {
    			isa = PBXContainerItemProxy;
    			containerPortal = 456F1B20456F561800000001 /* Project object */;
    			proxyType = 1;
    			remoteGlobalIDString = 456F1B20456F561800000024;
    			remoteInfo = Prep;
    		};
		456F1B20456F56180000008C /* PBXContainerItemProxy openssl from libesp */ = {
    			isa = PBXContainerItemProxy;
    			containerPortal = 456F1B20456F561800000001 /* Project object */;
    			proxyType = 1;
    			remoteGlobalIDString = 456F1B20456F561800000066;
    			remoteInfo = openssl;
    		};
		456F1B20456F56180000008D /* PBXContainerItemProxy libmpr from libesp */ = {
    			isa = PBXContainerItemProxy;
    			containerPortal = 456F1B20456F561800000001 /* Project object */;
    			proxyType = 1;
    			remoteGlobalIDString = 456F1B20456F561800000068;
    			remoteInfo = libmpr;
    		};
		456F1B20456F56180000008E /* PBXContainerItemProxy libpcre from libesp */ = {
    			isa = PBXContainerItemProxy;
    			containerPortal = 456F1B20456F561800000001 /* Project object */;
    			proxyType = 1;
    			remoteGlobalIDString = 456F1B20456F56180000006A;
    			remoteInfo = libpcre;
    		};
		456F1B20456F56180000008F /* PBXContainerItemProxy libhttp from libesp */ = {
    			isa = PBXContainerItemProxy;
    			containerPortal = 456F1B20456F561800000001 /* Project object */;
    			proxyType = 1;
    			remoteGlobalIDString = 456F1B20456F56180000006C;
    			remoteInfo = libhttp;
    		};
		456F1B20456F561800000090 /* PBXContainerItemProxy Prep from libhttp */ = {
    			isa = PBXContainerItemProxy;
    			containerPortal = 456F1B20456F561800000001 /* Project object */;
    			proxyType = 1;
    			remoteGlobalIDString = 456F1B20456F561800000024;
    			remoteInfo = Prep;
    		};
		456F1B20456F561800000091 /* PBXContainerItemProxy openssl from libhttp */ = {
    			isa = PBXContainerItemProxy;
    			containerPortal = 456F1B20456F561800000001 /* Project object */;
    			proxyType = 1;
    			remoteGlobalIDString = 456F1B20456F561800000066;
    			remoteInfo = openssl;
    		};
		456F1B20456F561800000092 /* PBXContainerItemProxy libmpr from libhttp */ = {
    			isa = PBXContainerItemProxy;
    			containerPortal = 456F1B20456F561800000001 /* Project object */;
    			proxyType = 1;
    			remoteGlobalIDString = 456F1B20456F561800000068;
    			remoteInfo = libmpr;
    		};
		456F1B20456F561800000093 /* PBXContainerItemProxy libpcre from libhttp */ = {
    			isa = PBXContainerItemProxy;
    			containerPortal = 456F1B20456F561800000001 /* Project object */;
    			proxyType = 1;
    			remoteGlobalIDString = 456F1B20456F56180000006A;
    			remoteInfo = libpcre;
    		};
		456F1B20456F561800000094 /* PBXContainerItemProxy Prep from libmpr */ = {
    			isa = PBXContainerItemProxy;
    			containerPortal = 456F1B20456F561800000001 /* Project object */;
    			proxyType = 1;
    			remoteGlobalIDString = 456F1B20456F561800000024;
    			remoteInfo = Prep;
    		};
		456F1B20456F561800000095 /* PBXContainerItemProxy openssl from libmpr */ = {
    			isa = PBXContainerItemProxy;
    			containerPortal = 456F1B20456F561800000001 /* Project object */;
    			proxyType = 1;
    			remoteGlobalIDString = 456F1B20456F561800000066;
    			remoteInfo = openssl;
    		};
		456F1B20456F561800000096 /* PBXContainerItemProxy Prep from libpcre */ = {
    			isa = PBXContainerItemProxy;
    			containerPortal = 456F1B20456F561800000001 /* Project object */;
    			proxyType = 1;
    			remoteGlobalIDString = 456F1B20456F561800000024;
    			remoteInfo = Prep;
    		};
		456F1B20456F561800000097 /* PBXContainerItemProxy Prep from openssl */ = {
    			isa = PBXContainerItemProxy;
    			containerPortal = 456F1B20456F561800000001 /* Project object */;
    			proxyType = 1;
    			remoteGlobalIDString = 456F1B20456F561800000024;
    			remoteInfo = Prep;
    		};
		456F1B20456F561800000098 /* PBXContainerItemProxy Prep from server-cache */ = {
    			isa = PBXContainerItemProxy;
    			containerPortal = 456F1B20456F561800000001 /* Project object */;
    			proxyType = 1;
    			remoteGlobalIDString = 456F1B20456F561800000024;
    			remoteInfo = Prep;
    		};
		456F1B20456F561800000099 /* PBXContainerItemProxy Prep from watchdog */ = {
    			isa = PBXContainerItemProxy;
    			containerPortal = 456F1B20456F561800000001 /* Project object */;
    			proxyType = 1;
    			remoteGlobalIDString = 456F1B20456F561800000024;
    			remoteInfo = Prep;
    		};
		456F1B20456F56180000009A /* PBXContainerItemProxy openssl from watchdog */ = {
    			isa = PBXContainerItemProxy;
    			containerPortal = 456F1B20456F561800000001 /* Project object */;
    			proxyType = 1;
    			remoteGlobalIDString = 456F1B20456F561800000066;
    			remoteInfo = openssl;
    		};
		456F1B20456F56180000009B /* PBXContainerItemProxy libmpr from watchdog */ = {
    			isa = PBXContainerItemProxy;
    			containerPortal = 456F1B20456F561800000001 /* Project object */;
    			proxyType = 1;
    			remoteGlobalIDString = 456F1B20456F561800000068;
    			remoteInfo = libmpr;
    		};
		456F1B20456F56180000009C /* PBXContainerItemProxy Prep from All */ = {
    			isa = PBXContainerItemProxy;
    			containerPortal = 456F1B20456F561800000001 /* Project object */;
    			proxyType = 1;
    			remoteGlobalIDString = 456F1B20456F561800000024;
    			remoteInfo = Prep;
    		};
		456F1B20456F56180000009D /* PBXContainerItemProxy openssl from All */ = {
    			isa = PBXContainerItemProxy;
    			containerPortal = 456F1B20456F561800000001 /* Project object */;
    			proxyType = 1;
    			remoteGlobalIDString = 456F1B20456F561800000066;
    			remoteInfo = openssl;
    		};
		456F1B20456F56180000009E /* PBXContainerItemProxy libmpr from All */ = {
    			isa = PBXContainerItemProxy;
    			containerPortal = 456F1B20456F561800000001 /* Project object */;
    			proxyType = 1;
    			remoteGlobalIDString = 456F1B20456F561800000068;
    			remoteInfo = libmpr;
    		};
		456F1B20456F56180000009F /* PBXContainerItemProxy libpcre from All */ = {
    			isa = PBXContainerItemProxy;
    			containerPortal = 456F1B20456F561800000001 /* Project object */;
    			proxyType = 1;
    			remoteGlobalIDString = 456F1B20456F56180000006A;
    			remoteInfo = libpcre;
    		};
		456F1B20456F5618000000A0 /* PBXContainerItemProxy libhttp from All */ = {
    			isa = PBXContainerItemProxy;
    			containerPortal = 456F1B20456F561800000001 /* Project object */;
    			proxyType = 1;
    			remoteGlobalIDString = 456F1B20456F56180000006C;
    			remoteInfo = libhttp;
    		};
		456F1B20456F5618000000A1 /* PBXContainerItemProxy libesp from All */ = {
    			isa = PBXContainerItemProxy;
    			containerPortal = 456F1B20456F561800000001 /* Project object */;
    			proxyType = 1;
    			remoteGlobalIDString = 456F1B20456F56180000006E;
    			remoteInfo = libesp;
    		};
		456F1B20456F5618000000A2 /* PBXContainerItemProxy libappweb from All */ = {
    			isa = PBXContainerItemProxy;
    			containerPortal = 456F1B20456F561800000001 /* Project object */;
    			proxyType = 1;
    			remoteGlobalIDString = 456F1B20456F561800000070;
    			remoteInfo = libappweb;
    		};
		456F1B20456F5618000000A3 /* PBXContainerItemProxy appweb from All */ = {
    			isa = PBXContainerItemProxy;
    			containerPortal = 456F1B20456F561800000001 /* Project object */;
    			proxyType = 1;
    			remoteGlobalIDString = 456F1B20456F5618000000A4;
    			remoteInfo = appweb;
    		};
		456F1B20456F5618000000A5 /* PBXContainerItemProxy authpass from All */ = {
    			isa = PBXContainerItemProxy;
    			containerPortal = 456F1B20456F561800000001 /* Project object */;
    			proxyType = 1;
    			remoteGlobalIDString = 456F1B20456F5618000000A6;
    			remoteInfo = authpass;
    		};
		456F1B20456F5618000000A7 /* PBXContainerItemProxy esp-compile.json from All */ = {
    			isa = PBXContainerItemProxy;
    			containerPortal = 456F1B20456F561800000001 /* Project object */;
    			proxyType = 1;
    			remoteGlobalIDString = 456F1B20456F561800000006;
    			remoteInfo = esp-compile.json;
    		};
		456F1B20456F5618000000A8 /* PBXContainerItemProxy espcmd from All */ = {
    			isa = PBXContainerItemProxy;
    			containerPortal = 456F1B20456F561800000001 /* Project object */;
    			proxyType = 1;
    			remoteGlobalIDString = 456F1B20456F5618000000A9;
    			remoteInfo = espcmd;
    		};
		456F1B20456F5618000000AA /* PBXContainerItemProxy http-ca-crt from All */ = {
    			isa = PBXContainerItemProxy;
    			containerPortal = 456F1B20456F561800000001 /* Project object */;
    			proxyType = 1;
    			remoteGlobalIDString = 456F1B20456F56180000000A;
    			remoteInfo = http-ca-crt;
    		};
		456F1B20456F5618000000AB /* PBXContainerItemProxy httpcmd from All */ = {
    			isa = PBXContainerItemProxy;
    			containerPortal = 456F1B20456F561800000001 /* Project object */;
    			proxyType = 1;
    			remoteGlobalIDString = 456F1B20456F5618000000AC;
    			remoteInfo = httpcmd;
    		};
		456F1B20456F5618000000AD /* PBXContainerItemProxy server-cache from All */ = {
    			isa = PBXContainerItemProxy;
    			containerPortal = 456F1B20456F561800000001 /* Project object */;
    			proxyType = 1;
    			remoteGlobalIDString = 456F1B20456F56180000000E;
    			remoteInfo = server-cache;
    		};
		456F1B20456F5618000000AE /* PBXContainerItemProxy watchdog from All */ = {
    			isa = PBXContainerItemProxy;
    			containerPortal = 456F1B20456F561800000001 /* Project object */;
    			proxyType = 1;
    			remoteGlobalIDString = 456F1B20456F5618000000AF;
    			remoteInfo = watchdog;
    		};
/* End PBXContainerItemProxy section */

/* Begin PBXFileReference section */
		456F1B20456F561800000027 /* appweb.c */ = {isa = PBXFileReference; fileEncoding = 4; lastKnownFileType = sourcecode.c.c; name = appweb.c; path = src/server/appweb.c; sourceTree = "<group>"; };
		456F1B20456F5618000000B0 /* appweb.h */ = {isa = PBXFileReference; fileEncoding = 4; lastKnownFileType = sourcecode.c.h; name = appweb.h; path = build/macosx-x64-static/inc/appweb.h; sourceTree = "<group>"; };
		456F1B20456F5618000000B1 /* appweb */ = {isa = PBXFileReference; explicitFileType = "compiled.mach-o.executable"; includeInIndex = 0; path = appweb; sourceTree = BUILT_PRODUCTS_DIR; };
		456F1B20456F561800000029 /* authpass.c */ = {isa = PBXFileReference; fileEncoding = 4; lastKnownFileType = sourcecode.c.c; name = authpass.c; path = src/utils/authpass.c; sourceTree = "<group>"; };
		456F1B20456F5618000000B2 /* authpass */ = {isa = PBXFileReference; explicitFileType = "compiled.mach-o.executable"; includeInIndex = 0; path = authpass; sourceTree = BUILT_PRODUCTS_DIR; };
		456F1B20456F56180000002B /* esp.c */ = {isa = PBXFileReference; fileEncoding = 4; lastKnownFileType = sourcecode.c.c; name = esp.c; path = src/esp/esp.c; sourceTree = "<group>"; };
		456F1B20456F5618000000B3 /* esp.h */ = {isa = PBXFileReference; fileEncoding = 4; lastKnownFileType = sourcecode.c.h; name = esp.h; path = build/macosx-x64-static/inc/esp.h; sourceTree = "<group>"; };
		456F1B20456F5618000000B4 /* espcmd */ = {isa = PBXFileReference; explicitFileType = "compiled.mach-o.executable"; includeInIndex = 0; path = esp; sourceTree = BUILT_PRODUCTS_DIR; };
		456F1B20456F56180000002D /* http.c */ = {isa = PBXFileReference; fileEncoding = 4; lastKnownFileType = sourcecode.c.c; name = http.c; path = src/http/http.c; sourceTree = "<group>"; };
		456F1B20456F5618000000B5 /* http.h */ = {isa = PBXFileReference; fileEncoding = 4; lastKnownFileType = sourcecode.c.h; name = http.h; path = build/macosx-x64-static/inc/http.h; sourceTree = "<group>"; };
		456F1B20456F5618000000B6 /* httpcmd */ = {isa = PBXFileReference; explicitFileType = "compiled.mach-o.executable"; includeInIndex = 0; path = http; sourceTree = BUILT_PRODUCTS_DIR; };
		456F1B20456F56180000002F /* config.c */ = {isa = PBXFileReference; fileEncoding = 4; lastKnownFileType = sourcecode.c.c; name = config.c; path = src/config.c; sourceTree = "<group>"; };
		456F1B20456F5618000000B7 /* pcre.h */ = {isa = PBXFileReference; fileEncoding = 4; lastKnownFileType = sourcecode.c.h; name = pcre.h; path = build/macosx-x64-static/inc/pcre.h; sourceTree = "<group>"; };
		456F1B20456F561800000031 /* convenience.c */ = {isa = PBXFileReference; fileEncoding = 4; lastKnownFileType = sourcecode.c.c; name = convenience.c; path = src/convenience.c; sourceTree = "<group>"; };
		456F1B20456F561800000033 /* romFiles.c */ = {isa = PBXFileReference; fileEncoding = 4; lastKnownFileType = sourcecode.c.c; name = romFiles.c; path = src/romFiles.c; sourceTree = "<group>"; };
		456F1B20456F5618000000B8 /* mpr.h */ = {isa = PBXFileReference; fileEncoding = 4; lastKnownFileType = sourcecode.c.h; name = mpr.h; path = build/macosx-x64-static/inc/mpr.h; sourceTree = "<group>"; };
		456F1B20456F561800000035 /* cgiHandler.c */ = {isa = PBXFileReference; fileEncoding = 4; lastKnownFileType = sourcecode.c.c; name = cgiHandler.c; path = src/modules/cgiHandler.c; sourceTree = "<group>"; };
		456F1B20456F561800000037 /* espHandler.c */ = {isa = PBXFileReference; fileEncoding = 4; lastKnownFileType = sourcecode.c.c; name = espHandler.c; path = src/modules/espHandler.c; sourceTree = "<group>"; };
		456F1B20456F561800000045 /* libappweb */ = {isa = PBXFileReference; explicitFileType = "compiled.mach-o.dylib"; includeInIndex = 0; path = libappweb.a; sourceTree = BUILT_PRODUCTS_DIR; };
		456F1B20456F561800000039 /* espLib.c */ = {isa = PBXFileReference; fileEncoding = 4; lastKnownFileType = sourcecode.c.c; name = espLib.c; path = src/esp/espLib.c; sourceTree = "<group>"; };
		456F1B20456F561800000047 /* libesp */ = {isa = PBXFileReference; explicitFileType = "compiled.mach-o.dylib"; includeInIndex = 0; path = libesp.a; sourceTree = BUILT_PRODUCTS_DIR; };
		456F1B20456F56180000003B /* httpLib.c */ = {isa = PBXFileReference; fileEncoding = 4; lastKnownFileType = sourcecode.c.c; name = httpLib.c; path = src/http/httpLib.c; sourceTree = "<group>"; };
		456F1B20456F561800000049 /* libhttp */ = {isa = PBXFileReference; explicitFileType = "compiled.mach-o.dylib"; includeInIndex = 0; path = libhttp.a; sourceTree = BUILT_PRODUCTS_DIR; };
		456F1B20456F56180000003D /* mprLib.c */ = {isa = PBXFileReference; fileEncoding = 4; lastKnownFileType = sourcecode.c.c; name = mprLib.c; path = src/mpr/mprLib.c; sourceTree = "<group>"; };
		456F1B20456F56180000004D /* libmpr */ = {isa = PBXFileReference; explicitFileType = "compiled.mach-o.dylib"; includeInIndex = 0; path = libmpr.a; sourceTree = BUILT_PRODUCTS_DIR; };
		456F1B20456F56180000003F /* pcre.c */ = {isa = PBXFileReference; fileEncoding = 4; lastKnownFileType = sourcecode.c.c; name = pcre.c; path = src/pcre/pcre.c; sourceTree = "<group>"; };
		456F1B20456F5618000000B9 /* me.h */ = {isa = PBXFileReference; fileEncoding = 4; lastKnownFileType = sourcecode.c.h; name = me.h; path = build/macosx-x64-static/inc/me.h; sourceTree = "<group>"; };
		456F1B20456F56180000004B /* libpcre */ = {isa = PBXFileReference; explicitFileType = "compiled.mach-o.dylib"; includeInIndex = 0; path = libpcre.a; sourceTree = BUILT_PRODUCTS_DIR; };
		456F1B20456F561800000041 /* openssl.c */ = {isa = PBXFileReference; fileEncoding = 4; lastKnownFileType = sourcecode.c.c; name = openssl.c; path = src/mpr-openssl/openssl.c; sourceTree = "<group>"; };
		456F1B20456F5618000000BA /* openssl */ = {isa = PBXFileReference; explicitFileType = "compiled.mach-o.dylib"; includeInIndex = 0; path = libopenssl.a; sourceTree = BUILT_PRODUCTS_DIR; };
		456F1B20456F561800000043 /* watchdog.c */ = {isa = PBXFileReference; fileEncoding = 4; lastKnownFileType = sourcecode.c.c; name = watchdog.c; path = src/watchdog/watchdog.c; sourceTree = "<group>"; };
		456F1B20456F5618000000BB /* watchdog */ = {isa = PBXFileReference; explicitFileType = "compiled.mach-o.executable"; includeInIndex = 0; path = appman; sourceTree = BUILT_PRODUCTS_DIR; };
/* End PBXFileReference section */

/* Begin PBXFrameworksBuildPhase section */
		456F1B20456F5618000000BC /* Frameworks and Libraries for appweb */ = {
                isa = PBXFrameworksBuildPhase;
                buildActionMask = 2147483647;
                files = (
    				456F1B20456F561800000044 /* libappweb */,
				456F1B20456F561800000046 /* libesp */,
				456F1B20456F561800000048 /* libhttp */,
				456F1B20456F56180000004A /* libpcre */,
				456F1B20456F56180000004C /* libmpr */,				
                );
                runOnlyForDeploymentPostprocessing = 0;
            };
		456F1B20456F5618000000BD /* Frameworks and Libraries for authpass */ = {
                isa = PBXFrameworksBuildPhase;
                buildActionMask = 2147483647;
                files = (
    				456F1B20456F56180000004E /* libappweb */,
				456F1B20456F56180000004F /* libesp */,
				456F1B20456F561800000050 /* libhttp */,
				456F1B20456F561800000051 /* libpcre */,
				456F1B20456F561800000052 /* libmpr */,				
                );
                runOnlyForDeploymentPostprocessing = 0;
            };
		456F1B20456F5618000000BE /* Frameworks and Libraries for espcmd */ = {
                isa = PBXFrameworksBuildPhase;
                buildActionMask = 2147483647;
                files = (
    				456F1B20456F561800000053 /* libesp */,
				456F1B20456F561800000054 /* libhttp */,
				456F1B20456F561800000055 /* libpcre */,
				456F1B20456F561800000056 /* libmpr */,				
                );
                runOnlyForDeploymentPostprocessing = 0;
            };
		456F1B20456F5618000000BF /* Frameworks and Libraries for httpcmd */ = {
                isa = PBXFrameworksBuildPhase;
                buildActionMask = 2147483647;
                files = (
    				456F1B20456F561800000057 /* libhttp */,
				456F1B20456F561800000058 /* libpcre */,
				456F1B20456F561800000059 /* libmpr */,				
                );
                runOnlyForDeploymentPostprocessing = 0;
            };
		456F1B20456F5618000000C0 /* Frameworks and Libraries for libappweb */ = {
                isa = PBXFrameworksBuildPhase;
                buildActionMask = 2147483647;
                files = (
    				456F1B20456F56180000005A /* libesp */,
				456F1B20456F56180000005B /* libhttp */,
				456F1B20456F56180000005C /* libpcre */,
				456F1B20456F56180000005D /* libmpr */,				
                );
                runOnlyForDeploymentPostprocessing = 0;
            };
		456F1B20456F5618000000C1 /* Frameworks and Libraries for libesp */ = {
                isa = PBXFrameworksBuildPhase;
                buildActionMask = 2147483647;
                files = (
    				456F1B20456F56180000005E /* libhttp */,
				456F1B20456F56180000005F /* libpcre */,
				456F1B20456F561800000060 /* libmpr */,				
                );
                runOnlyForDeploymentPostprocessing = 0;
            };
		456F1B20456F5618000000C2 /* Frameworks and Libraries for libhttp */ = {
                isa = PBXFrameworksBuildPhase;
                buildActionMask = 2147483647;
                files = (
    				456F1B20456F561800000061 /* libpcre */,
				456F1B20456F561800000062 /* libmpr */,				
                );
                runOnlyForDeploymentPostprocessing = 0;
            };
		456F1B20456F5618000000C3 /* Frameworks and Libraries for libmpr */ = {
                isa = PBXFrameworksBuildPhase;
                buildActionMask = 2147483647;
                files = (
    				
                );
                runOnlyForDeploymentPostprocessing = 0;
            };
		456F1B20456F5618000000C4 /* Frameworks and Libraries for libpcre */ = {
                isa = PBXFrameworksBuildPhase;
                buildActionMask = 2147483647;
                files = (
    				
                );
                runOnlyForDeploymentPostprocessing = 0;
            };
		456F1B20456F5618000000C5 /* Frameworks and Libraries for openssl */ = {
                isa = PBXFrameworksBuildPhase;
                buildActionMask = 2147483647;
                files = (
    				
                );
                runOnlyForDeploymentPostprocessing = 0;
            };
		456F1B20456F5618000000C6 /* Frameworks and Libraries for watchdog */ = {
                isa = PBXFrameworksBuildPhase;
                buildActionMask = 2147483647;
                files = (
    				456F1B20456F561800000063 /* libmpr */,				
                );
                runOnlyForDeploymentPostprocessing = 0;
            };
/* End PBXFrameworksBuildPhase section */

/* Begin PBXGroup section */
		456F1B20456F5618000000C7 /* Top Group */ = {
                isa = PBXGroup;
                children = (
				456F1B20456F5618000000C8 /* libappweb */,
				456F1B20456F5618000000C9 /* libesp */,
				456F1B20456F5618000000CA /* libhttp */,
				456F1B20456F5618000000CB /* libmpr */,
				456F1B20456F5618000000CC /* libpcre */,
				456F1B20456F5618000000CD /* openssl */,
				456F1B20456F5618000000CE /* appweb */,
				456F1B20456F5618000000CF /* authpass */,
				456F1B20456F5618000000D0 /* espcmd */,
				456F1B20456F5618000000D1 /* httpcmd */,
				456F1B20456F5618000000D2 /* watchdog */,
				456F1B20456F5618000000D3 /* Products */,
			);
                sourceTree = "<group>";
            };
		456F1B20456F5618000000CE /* appweb */ = {
                isa = PBXGroup;
                children = (
				456F1B20456F561800000027 /* appweb.c */,
			);
                name = "appweb";
                path = ..;
                sourceTree = SOURCE_ROOT;
            };
		456F1B20456F5618000000CF /* authpass */ = {
                isa = PBXGroup;
                children = (
				456F1B20456F561800000029 /* authpass.c */,
			);
                name = "authpass";
                path = ..;
                sourceTree = SOURCE_ROOT;
            };
		456F1B20456F5618000000D0 /* espcmd */ = {
                isa = PBXGroup;
                children = (
				456F1B20456F56180000002B /* esp.c */,
			);
                name = "espcmd";
                path = ..;
                sourceTree = SOURCE_ROOT;
            };
		456F1B20456F5618000000D1 /* httpcmd */ = {
                isa = PBXGroup;
                children = (
				456F1B20456F56180000002D /* http.c */,
			);
                name = "httpcmd";
                path = ..;
                sourceTree = SOURCE_ROOT;
            };
		456F1B20456F5618000000C8 /* libappweb */ = {
                isa = PBXGroup;
                children = (
				456F1B20456F5618000000B0 /* appweb.h */,
				456F1B20456F56180000002F /* config.c */,
				456F1B20456F561800000031 /* convenience.c */,
				456F1B20456F561800000033 /* romFiles.c */,
				456F1B20456F561800000035 /* cgiHandler.c */,
				456F1B20456F561800000037 /* espHandler.c */,
			);
                name = "libappweb";
                path = ..;
                sourceTree = SOURCE_ROOT;
            };
		456F1B20456F5618000000C9 /* libesp */ = {
                isa = PBXGroup;
                children = (
				456F1B20456F5618000000B3 /* esp.h */,
				456F1B20456F561800000039 /* espLib.c */,
			);
                name = "libesp";
                path = ..;
                sourceTree = SOURCE_ROOT;
            };
		456F1B20456F5618000000CA /* libhttp */ = {
                isa = PBXGroup;
                children = (
				456F1B20456F5618000000B5 /* http.h */,
				456F1B20456F56180000003B /* httpLib.c */,
			);
                name = "libhttp";
                path = ..;
                sourceTree = SOURCE_ROOT;
            };
		456F1B20456F5618000000CB /* libmpr */ = {
                isa = PBXGroup;
                children = (
				456F1B20456F5618000000B8 /* mpr.h */,
				456F1B20456F56180000003D /* mprLib.c */,
			);
                name = "libmpr";
                path = ..;
                sourceTree = SOURCE_ROOT;
            };
		456F1B20456F5618000000CC /* libpcre */ = {
                isa = PBXGroup;
                children = (
				456F1B20456F5618000000B7 /* pcre.h */,
				456F1B20456F56180000003F /* pcre.c */,
			);
                name = "libpcre";
                path = ..;
                sourceTree = SOURCE_ROOT;
            };
		456F1B20456F5618000000CD /* openssl */ = {
                isa = PBXGroup;
                children = (
				456F1B20456F561800000041 /* openssl.c */,
			);
                name = "openssl";
                path = ..;
                sourceTree = SOURCE_ROOT;
            };
		456F1B20456F5618000000D2 /* watchdog */ = {
                isa = PBXGroup;
                children = (
				456F1B20456F561800000043 /* watchdog.c */,
			);
                name = "watchdog";
                path = ..;
                sourceTree = SOURCE_ROOT;
            };
		456F1B20456F5618000000D3 /* Products */ = {
                isa = PBXGroup;
                children = (
				456F1B20456F5618000000B1 /* appweb */,
				456F1B20456F5618000000B2 /* authpass */,
				456F1B20456F5618000000B4 /* espcmd */,
				456F1B20456F5618000000B6 /* httpcmd */,
				456F1B20456F561800000045 /* libappweb */,
				456F1B20456F561800000047 /* libesp */,
				456F1B20456F561800000049 /* libhttp */,
				456F1B20456F56180000004D /* libmpr */,
				456F1B20456F56180000004B /* libpcre */,
				456F1B20456F5618000000BA /* openssl */,
				456F1B20456F5618000000BB /* watchdog */,
			);
                name = "Products";
                path = ..;
                sourceTree = SOURCE_ROOT;
            };
/* End PBXGroup section */

/* Begin PBXNativeTarget section */
		456F1B20456F5618000000A4 /* appweb */ = {
    			isa = PBXNativeTarget;
    			buildConfigurationList = 456F1B20456F5618000000D5 /* Build configuration list for PBXNativeTarget "appweb" */;
    			buildPhases = (
    				456F1B20456F5618000000D4 /* Sources */,
    				456F1B20456F5618000000BC /* Frameworks */,
    			);
    			buildRules = (
    			);
    			dependencies = (
    				456F1B20456F5618000000D6 /* Prep */,
				456F1B20456F5618000000D7 /* openssl */,
				456F1B20456F5618000000D8 /* libmpr */,
				456F1B20456F5618000000D9 /* libpcre */,
				456F1B20456F5618000000DA /* libhttp */,
				456F1B20456F5618000000DB /* libesp */,
				456F1B20456F5618000000DC /* libappweb */,				
    			);
    			name = appweb;
    			productName = appweb;
    			productReference = 456F1B20456F5618000000B1 /* appweb */;
    			productType = "com.apple.product-type.tool";
    		};
		456F1B20456F5618000000A6 /* authpass */ = {
    			isa = PBXNativeTarget;
    			buildConfigurationList = 456F1B20456F5618000000DE /* Build configuration list for PBXNativeTarget "authpass" */;
    			buildPhases = (
    				456F1B20456F5618000000DD /* Sources */,
    				456F1B20456F5618000000BD /* Frameworks */,
    			);
    			buildRules = (
    			);
    			dependencies = (
    				456F1B20456F5618000000DF /* Prep */,
				456F1B20456F5618000000E0 /* openssl */,
				456F1B20456F5618000000E1 /* libmpr */,
				456F1B20456F5618000000E2 /* libpcre */,
				456F1B20456F5618000000E3 /* libhttp */,
				456F1B20456F5618000000E4 /* libesp */,
				456F1B20456F5618000000E5 /* libappweb */,				
    			);
    			name = authpass;
    			productName = appweb;
    			productReference = 456F1B20456F5618000000B2 /* authpass */;
    			productType = "com.apple.product-type.tool";
    		};
		456F1B20456F5618000000A9 /* espcmd */ = {
    			isa = PBXNativeTarget;
    			buildConfigurationList = 456F1B20456F5618000000E7 /* Build configuration list for PBXNativeTarget "espcmd" */;
    			buildPhases = (
    				456F1B20456F5618000000E6 /* Sources */,
    				456F1B20456F5618000000BE /* Frameworks */,
    			);
    			buildRules = (
    			);
    			dependencies = (
    				456F1B20456F5618000000E8 /* Prep */,
				456F1B20456F5618000000E9 /* openssl */,
				456F1B20456F5618000000EA /* libmpr */,
				456F1B20456F5618000000EB /* libpcre */,
				456F1B20456F5618000000EC /* libhttp */,
				456F1B20456F5618000000ED /* libesp */,				
    			);
    			name = espcmd;
    			productName = appweb;
    			productReference = 456F1B20456F5618000000B4 /* espcmd */;
    			productType = "com.apple.product-type.tool";
    		};
		456F1B20456F5618000000AC /* httpcmd */ = {
    			isa = PBXNativeTarget;
    			buildConfigurationList = 456F1B20456F5618000000EF /* Build configuration list for PBXNativeTarget "httpcmd" */;
    			buildPhases = (
    				456F1B20456F5618000000EE /* Sources */,
    				456F1B20456F5618000000BF /* Frameworks */,
    			);
    			buildRules = (
    			);
    			dependencies = (
    				456F1B20456F5618000000F0 /* Prep */,
				456F1B20456F5618000000F1 /* openssl */,
				456F1B20456F5618000000F2 /* libmpr */,
				456F1B20456F5618000000F3 /* libpcre */,
				456F1B20456F5618000000F4 /* libhttp */,				
    			);
    			name = httpcmd;
    			productName = appweb;
    			productReference = 456F1B20456F5618000000B6 /* httpcmd */;
    			productType = "com.apple.product-type.tool";
    		};
		456F1B20456F561800000070 /* libappweb */ = {
    			isa = PBXNativeTarget;
    			buildConfigurationList = 456F1B20456F5618000000F6 /* Build configuration list for PBXNativeTarget "libappweb" */;
    			buildPhases = (
    				456F1B20456F5618000000F5 /* Sources */,
    				456F1B20456F5618000000C0 /* Frameworks */,
    			);
    			buildRules = (
    			);
    			dependencies = (
    				456F1B20456F5618000000F7 /* Prep */,
				456F1B20456F5618000000F8 /* openssl */,
				456F1B20456F5618000000F9 /* libmpr */,
				456F1B20456F5618000000FA /* libpcre */,
				456F1B20456F5618000000FB /* libhttp */,
				456F1B20456F5618000000FC /* libesp */,				
    			);
    			name = libappweb;
    			productName = appweb;
    			productReference = 456F1B20456F561800000045 /* libappweb */;
    			productType = "com.apple.product-type.library.dynamic";
    		};
		456F1B20456F56180000006E /* libesp */ = {
    			isa = PBXNativeTarget;
    			buildConfigurationList = 456F1B20456F5618000000FE /* Build configuration list for PBXNativeTarget "libesp" */;
    			buildPhases = (
    				456F1B20456F5618000000FD /* Sources */,
    				456F1B20456F5618000000C1 /* Frameworks */,
    			);
    			buildRules = (
    			);
    			dependencies = (
    				456F1B20456F5618000000FF /* Prep */,
				456F1B20456F561800000100 /* openssl */,
				456F1B20456F561800000101 /* libmpr */,
				456F1B20456F561800000102 /* libpcre */,
				456F1B20456F561800000103 /* libhttp */,				
    			);
    			name = libesp;
    			productName = appweb;
    			productReference = 456F1B20456F561800000047 /* libesp */;
    			productType = "com.apple.product-type.library.dynamic";
    		};
		456F1B20456F56180000006C /* libhttp */ = {
    			isa = PBXNativeTarget;
    			buildConfigurationList = 456F1B20456F561800000105 /* Build configuration list for PBXNativeTarget "libhttp" */;
    			buildPhases = (
    				456F1B20456F561800000104 /* Sources */,
    				456F1B20456F5618000000C2 /* Frameworks */,
    			);
    			buildRules = (
    			);
    			dependencies = (
    				456F1B20456F561800000106 /* Prep */,
				456F1B20456F561800000107 /* openssl */,
				456F1B20456F561800000108 /* libmpr */,
				456F1B20456F561800000109 /* libpcre */,				
    			);
    			name = libhttp;
    			productName = appweb;
    			productReference = 456F1B20456F561800000049 /* libhttp */;
    			productType = "com.apple.product-type.library.dynamic";
    		};
		456F1B20456F561800000068 /* libmpr */ = {
    			isa = PBXNativeTarget;
    			buildConfigurationList = 456F1B20456F56180000010B /* Build configuration list for PBXNativeTarget "libmpr" */;
    			buildPhases = (
    				456F1B20456F56180000010A /* Sources */,
    				456F1B20456F5618000000C3 /* Frameworks */,
    			);
    			buildRules = (
    			);
    			dependencies = (
    				456F1B20456F56180000010C /* Prep */,
				456F1B20456F56180000010D /* openssl */,				
    			);
    			name = libmpr;
    			productName = appweb;
    			productReference = 456F1B20456F56180000004D /* libmpr */;
    			productType = "com.apple.product-type.library.dynamic";
    		};
		456F1B20456F56180000006A /* libpcre */ = {
    			isa = PBXNativeTarget;
    			buildConfigurationList = 456F1B20456F56180000010F /* Build configuration list for PBXNativeTarget "libpcre" */;
    			buildPhases = (
    				456F1B20456F56180000010E /* Sources */,
    				456F1B20456F5618000000C4 /* Frameworks */,
    			);
    			buildRules = (
    			);
    			dependencies = (
    				456F1B20456F561800000110 /* Prep */,				
    			);
    			name = libpcre;
    			productName = appweb;
    			productReference = 456F1B20456F56180000004B /* libpcre */;
    			productType = "com.apple.product-type.library.dynamic";
    		};
		456F1B20456F561800000066 /* openssl */ = {
    			isa = PBXNativeTarget;
    			buildConfigurationList = 456F1B20456F561800000112 /* Build configuration list for PBXNativeTarget "openssl" */;
    			buildPhases = (
    				456F1B20456F561800000111 /* Sources */,
    				456F1B20456F5618000000C5 /* Frameworks */,
    			);
    			buildRules = (
    			);
    			dependencies = (
    				456F1B20456F561800000113 /* Prep */,				
    			);
    			name = openssl;
    			productName = appweb;
    			productReference = 456F1B20456F5618000000BA /* openssl */;
    			productType = "com.apple.product-type.library.dynamic";
    		};
		456F1B20456F5618000000AF /* watchdog */ = {
    			isa = PBXNativeTarget;
    			buildConfigurationList = 456F1B20456F561800000115 /* Build configuration list for PBXNativeTarget "watchdog" */;
    			buildPhases = (
    				456F1B20456F561800000114 /* Sources */,
    				456F1B20456F5618000000C6 /* Frameworks */,
    			);
    			buildRules = (
    			);
    			dependencies = (
    				456F1B20456F561800000116 /* Prep */,
				456F1B20456F561800000117 /* openssl */,
				456F1B20456F561800000118 /* libmpr */,				
    			);
    			name = watchdog;
    			productName = appweb;
    			productReference = 456F1B20456F5618000000BB /* watchdog */;
    			productType = "com.apple.product-type.tool";
    		};
/* End PBXNativeTarget section */

/* Begin PBXShellScriptBuildPhase section */
		456F1B20456F561800000007 /* ShellScript for esp-compile.json */ = {
    			isa = PBXShellScriptBuildPhase;
    			buildActionMask = 2147483647;
    			files = (
    			);
    			inputPaths = (
    ../src/esp/esp-compile.json
    			);
    			outputPaths = (
    ../build/macosx-x64-static/bin/esp-compile.json
    			);
    			runOnlyForDeploymentPostprocessing = 0;
    			shellPath = /bin/bash;
    			shellScript = "PATH=$PATH:/usr/local/bin
cd ..
	mkdir -p \"build/macosx-x64-static/bin\"
	cp src/esp/esp-compile.json build/macosx-x64-static/bin/esp-compile.json
";
    		};
		456F1B20456F56180000000B /* ShellScript for http-ca-crt */ = {
    			isa = PBXShellScriptBuildPhase;
    			buildActionMask = 2147483647;
    			files = (
    			);
    			inputPaths = (
    ../src/http/ca.crt
    			);
    			outputPaths = (
    ../build/macosx-x64-static/bin/ca.crt
    			);
    			runOnlyForDeploymentPostprocessing = 0;
    			shellPath = /bin/bash;
    			shellScript = "PATH=$PATH:/usr/local/bin
cd ..
	mkdir -p \"build/macosx-x64-static/bin\"
	cp src/http/ca.crt build/macosx-x64-static/bin/ca.crt
";
    		};
		456F1B20456F56180000000F /* ShellScript for server-cache */ = {
    			isa = PBXShellScriptBuildPhase;
    			buildActionMask = 2147483647;
    			files = (
    			);
    			inputPaths = (
    
    			);
    			outputPaths = (
    ../src/server/cache
    			);
    			runOnlyForDeploymentPostprocessing = 0;
    			shellPath = /bin/bash;
    			shellScript = "PATH=$PATH:/usr/local/bin
cd ../src/server
	mkdir -p \"cache\"
";
    		};
		456F1B20456F561800000025 /* ShellScript for Prep */ = {
    			isa = PBXShellScriptBuildPhase;
    			buildActionMask = 2147483647;
    			files = (
    			);
    			inputPaths = (
    
    			);
    			outputPaths = (
    
    			);
    			runOnlyForDeploymentPostprocessing = 0;
    			shellPath = /bin/bash;
    			shellScript = "PATH=$PATH:/usr/local/bin
[ ! -x ${INC_DIR} ] && mkdir -p ${INC_DIR} ${OBJ_DIR} ${LIB_DIR} ${BIN_DIR}
[ ! -f ${INC_DIR}/me.h -a -f appweb-macosx-static-me.h ] && cp appweb-macosx-static-me.h ${INC_DIR}/me.h
if [ -f appweb-macosx-static-me.h ] ; then
if ! diff ${INC_DIR}/me.h appweb-macosx-static-me.h >/dev/null 2>&1 ; then
cp appweb-macosx-static-me.h ${INC_DIR}/me.h
fi
fi
if [ ../src/appweb.h -nt ${OUT_DIR}/inc/appweb.h ] ; then
cp ../src/appweb.h ${OUT_DIR}/inc/appweb.h
fi
if [ ../src/customize.h -nt ${OUT_DIR}/inc/customize.h ] ; then
cp ../src/customize.h ${OUT_DIR}/inc/customize.h
fi
if [ ../src/esp/esp.h -nt ${OUT_DIR}/inc/esp.h ] ; then
cp ../src/esp/esp.h ${OUT_DIR}/inc/esp.h
fi
if [ ../src/http/http.h -nt ${OUT_DIR}/inc/http.h ] ; then
cp ../src/http/http.h ${OUT_DIR}/inc/http.h
fi
if [ ../src/mpr/mpr.h -nt ${OUT_DIR}/inc/mpr.h ] ; then
cp ../src/mpr/mpr.h ${OUT_DIR}/inc/mpr.h
fi
if [ ../src/osdep/osdep.h -nt ${OUT_DIR}/inc/osdep.h ] ; then
cp ../src/osdep/osdep.h ${OUT_DIR}/inc/osdep.h
fi
if [ ../src/pcre/pcre.h -nt ${OUT_DIR}/inc/pcre.h ] ; then
cp ../src/pcre/pcre.h ${OUT_DIR}/inc/pcre.h
fi
if [ ../src/appweb.h -nt ${OUT_DIR}/inc/appweb.h ] ; then
cp ../src/appweb.h ${OUT_DIR}/inc/appweb.h
fi
if [ ../src/customize.h -nt ${OUT_DIR}/inc/customize.h ] ; then
cp ../src/customize.h ${OUT_DIR}/inc/customize.h
fi
if [ ../src/esp/esp.h -nt ${OUT_DIR}/inc/esp.h ] ; then
cp ../src/esp/esp.h ${OUT_DIR}/inc/esp.h
fi
if [ ../src/http/http.h -nt ${OUT_DIR}/inc/http.h ] ; then
cp ../src/http/http.h ${OUT_DIR}/inc/http.h
fi
if [ ../src/mpr/mpr.h -nt ${OUT_DIR}/inc/mpr.h ] ; then
cp ../src/mpr/mpr.h ${OUT_DIR}/inc/mpr.h
fi
if [ ../src/pcre/pcre.h -nt ${OUT_DIR}/inc/pcre.h ] ; then
cp ../src/pcre/pcre.h ${OUT_DIR}/inc/pcre.h
fi";
    		};
/* End PBXShellScriptBuildPhase section */

    /* Begin PBXProject section */
    		456F1B20456F561800000001 /* Project object */ = {
    			isa = PBXProject;
    			attributes = {
    				LastUpgradeCheck = 0430;
    				ORGANIZATIONNAME = "embedthis";
    			};
    			buildConfigurationList = 456F1B20456F561800000002 /* Build configuration list for PBXProject "appweb" */;
    			compatibilityVersion = "Xcode 3.2";
    			developmentRegion = English;
    			hasScannedForEncodings = 0;
    			knownRegions = (
    				en,
    			);
    			mainGroup = 456F1B20456F5618000000C7;
    			productRefGroup = 456F1B20456F5618000000D3 /* Products */;
    			projectDirPath = "";
    			projectRoot = "";
    			targets = (
				456F1B20456F561800000012 /* All */,
				456F1B20456F561800000024 /* Prep */,
				456F1B20456F561800000070 /* libappweb */,
				456F1B20456F56180000006E /* libesp */,
				456F1B20456F56180000006C /* libhttp */,
				456F1B20456F561800000068 /* libmpr */,
				456F1B20456F56180000006A /* libpcre */,
				456F1B20456F561800000066 /* openssl */,
				456F1B20456F5618000000A4 /* appweb */,
				456F1B20456F5618000000A6 /* authpass */,
				456F1B20456F5618000000A9 /* espcmd */,
				456F1B20456F5618000000AC /* httpcmd */,
				456F1B20456F5618000000AF /* watchdog */,
				456F1B20456F561800000006 /* esp-compile.json */,
				456F1B20456F56180000000A /* http-ca-crt */,
				456F1B20456F56180000000E /* server-cache */,
			);
    		};
    /* End PBXProject section */

/* Begin PBXSourcesBuildPhase section */
		456F1B20456F5618000000D4 /* appweb Sources */ = {
    			isa = PBXSourcesBuildPhase;
    			buildActionMask = 2147483647;
    			files = (
    				456F1B20456F561800000026 /* appweb.c in Sources */,
    			);
    			runOnlyForDeploymentPostprocessing = 0;
    		};
		456F1B20456F5618000000DD /* authpass Sources */ = {
    			isa = PBXSourcesBuildPhase;
    			buildActionMask = 2147483647;
    			files = (
    				456F1B20456F561800000028 /* authpass.c in Sources */,
    			);
    			runOnlyForDeploymentPostprocessing = 0;
    		};
		456F1B20456F5618000000E6 /* espcmd Sources */ = {
    			isa = PBXSourcesBuildPhase;
    			buildActionMask = 2147483647;
    			files = (
    				456F1B20456F56180000002A /* esp.c in Sources */,
    			);
    			runOnlyForDeploymentPostprocessing = 0;
    		};
		456F1B20456F5618000000EE /* httpcmd Sources */ = {
    			isa = PBXSourcesBuildPhase;
    			buildActionMask = 2147483647;
    			files = (
    				456F1B20456F56180000002C /* http.c in Sources */,
    			);
    			runOnlyForDeploymentPostprocessing = 0;
    		};
		456F1B20456F5618000000F5 /* libappweb Sources */ = {
    			isa = PBXSourcesBuildPhase;
    			buildActionMask = 2147483647;
    			files = (
    				456F1B20456F56180000002E /* config.c in Sources */,
				456F1B20456F561800000030 /* convenience.c in Sources */,
				456F1B20456F561800000032 /* romFiles.c in Sources */,
				456F1B20456F561800000034 /* cgiHandler.c in Sources */,
				456F1B20456F561800000036 /* espHandler.c in Sources */,
    			);
    			runOnlyForDeploymentPostprocessing = 0;
    		};
		456F1B20456F5618000000FD /* libesp Sources */ = {
    			isa = PBXSourcesBuildPhase;
    			buildActionMask = 2147483647;
    			files = (
    				456F1B20456F561800000038 /* espLib.c in Sources */,
    			);
    			runOnlyForDeploymentPostprocessing = 0;
    		};
		456F1B20456F561800000104 /* libhttp Sources */ = {
    			isa = PBXSourcesBuildPhase;
    			buildActionMask = 2147483647;
    			files = (
    				456F1B20456F56180000003A /* httpLib.c in Sources */,
    			);
    			runOnlyForDeploymentPostprocessing = 0;
    		};
		456F1B20456F56180000010A /* libmpr Sources */ = {
    			isa = PBXSourcesBuildPhase;
    			buildActionMask = 2147483647;
    			files = (
    				456F1B20456F56180000003C /* mprLib.c in Sources */,
    			);
    			runOnlyForDeploymentPostprocessing = 0;
    		};
		456F1B20456F56180000010E /* libpcre Sources */ = {
    			isa = PBXSourcesBuildPhase;
    			buildActionMask = 2147483647;
    			files = (
    				456F1B20456F56180000003E /* pcre.c in Sources */,
    			);
    			runOnlyForDeploymentPostprocessing = 0;
    		};
		456F1B20456F561800000111 /* openssl Sources */ = {
    			isa = PBXSourcesBuildPhase;
    			buildActionMask = 2147483647;
    			files = (
    				456F1B20456F561800000040 /* openssl.c in Sources */,
    			);
    			runOnlyForDeploymentPostprocessing = 0;
    		};
		456F1B20456F561800000114 /* watchdog Sources */ = {
    			isa = PBXSourcesBuildPhase;
    			buildActionMask = 2147483647;
    			files = (
    				456F1B20456F561800000042 /* watchdog.c in Sources */,
    			);
    			runOnlyForDeploymentPostprocessing = 0;
    		};
/* End PBXSourcesBuildPhase section */

/* Begin PBXTargetDependency section */
		456F1B20456F5618000000D6 /* PBXTargetDependency appweb depends on Prep */ = {
    			isa = PBXTargetDependency;
    			target = 456F1B20456F561800000024 /* Prep */;
    			targetProxy = 456F1B20456F561800000064 /* PBXContainerItemProxy */;
    		};
		456F1B20456F5618000000D7 /* PBXTargetDependency appweb depends on openssl */ = {
    			isa = PBXTargetDependency;
    			target = 456F1B20456F561800000066 /* openssl */;
    			targetProxy = 456F1B20456F561800000065 /* PBXContainerItemProxy */;
    		};
		456F1B20456F5618000000D8 /* PBXTargetDependency appweb depends on libmpr */ = {
    			isa = PBXTargetDependency;
    			target = 456F1B20456F561800000068 /* libmpr */;
    			targetProxy = 456F1B20456F561800000067 /* PBXContainerItemProxy */;
    		};
		456F1B20456F5618000000D9 /* PBXTargetDependency appweb depends on libpcre */ = {
    			isa = PBXTargetDependency;
    			target = 456F1B20456F56180000006A /* libpcre */;
    			targetProxy = 456F1B20456F561800000069 /* PBXContainerItemProxy */;
    		};
		456F1B20456F5618000000DA /* PBXTargetDependency appweb depends on libhttp */ = {
    			isa = PBXTargetDependency;
    			target = 456F1B20456F56180000006C /* libhttp */;
    			targetProxy = 456F1B20456F56180000006B /* PBXContainerItemProxy */;
    		};
		456F1B20456F5618000000DB /* PBXTargetDependency appweb depends on libesp */ = {
    			isa = PBXTargetDependency;
    			target = 456F1B20456F56180000006E /* libesp */;
    			targetProxy = 456F1B20456F56180000006D /* PBXContainerItemProxy */;
    		};
		456F1B20456F5618000000DC /* PBXTargetDependency appweb depends on libappweb */ = {
    			isa = PBXTargetDependency;
    			target = 456F1B20456F561800000070 /* libappweb */;
    			targetProxy = 456F1B20456F56180000006F /* PBXContainerItemProxy */;
    		};
		456F1B20456F5618000000DF /* PBXTargetDependency authpass depends on Prep */ = {
    			isa = PBXTargetDependency;
    			target = 456F1B20456F561800000024 /* Prep */;
    			targetProxy = 456F1B20456F561800000071 /* PBXContainerItemProxy */;
    		};
		456F1B20456F5618000000E0 /* PBXTargetDependency authpass depends on openssl */ = {
    			isa = PBXTargetDependency;
    			target = 456F1B20456F561800000066 /* openssl */;
    			targetProxy = 456F1B20456F561800000072 /* PBXContainerItemProxy */;
    		};
		456F1B20456F5618000000E1 /* PBXTargetDependency authpass depends on libmpr */ = {
    			isa = PBXTargetDependency;
    			target = 456F1B20456F561800000068 /* libmpr */;
    			targetProxy = 456F1B20456F561800000073 /* PBXContainerItemProxy */;
    		};
		456F1B20456F5618000000E2 /* PBXTargetDependency authpass depends on libpcre */ = {
    			isa = PBXTargetDependency;
    			target = 456F1B20456F56180000006A /* libpcre */;
    			targetProxy = 456F1B20456F561800000074 /* PBXContainerItemProxy */;
    		};
		456F1B20456F5618000000E3 /* PBXTargetDependency authpass depends on libhttp */ = {
    			isa = PBXTargetDependency;
    			target = 456F1B20456F56180000006C /* libhttp */;
    			targetProxy = 456F1B20456F561800000075 /* PBXContainerItemProxy */;
    		};
		456F1B20456F5618000000E4 /* PBXTargetDependency authpass depends on libesp */ = {
    			isa = PBXTargetDependency;
    			target = 456F1B20456F56180000006E /* libesp */;
    			targetProxy = 456F1B20456F561800000076 /* PBXContainerItemProxy */;
    		};
		456F1B20456F5618000000E5 /* PBXTargetDependency authpass depends on libappweb */ = {
    			isa = PBXTargetDependency;
    			target = 456F1B20456F561800000070 /* libappweb */;
    			targetProxy = 456F1B20456F561800000077 /* PBXContainerItemProxy */;
    		};
		456F1B20456F561800000008 /* PBXTargetDependency esp-compile.json depends on Prep */ = {
    			isa = PBXTargetDependency;
    			target = 456F1B20456F561800000024 /* Prep */;
    			targetProxy = 456F1B20456F561800000078 /* PBXContainerItemProxy */;
    		};
		456F1B20456F5618000000E8 /* PBXTargetDependency espcmd depends on Prep */ = {
    			isa = PBXTargetDependency;
    			target = 456F1B20456F561800000024 /* Prep */;
    			targetProxy = 456F1B20456F561800000079 /* PBXContainerItemProxy */;
    		};
		456F1B20456F5618000000E9 /* PBXTargetDependency espcmd depends on openssl */ = {
    			isa = PBXTargetDependency;
    			target = 456F1B20456F561800000066 /* openssl */;
    			targetProxy = 456F1B20456F56180000007A /* PBXContainerItemProxy */;
    		};
		456F1B20456F5618000000EA /* PBXTargetDependency espcmd depends on libmpr */ = {
    			isa = PBXTargetDependency;
    			target = 456F1B20456F561800000068 /* libmpr */;
    			targetProxy = 456F1B20456F56180000007B /* PBXContainerItemProxy */;
    		};
		456F1B20456F5618000000EB /* PBXTargetDependency espcmd depends on libpcre */ = {
    			isa = PBXTargetDependency;
    			target = 456F1B20456F56180000006A /* libpcre */;
    			targetProxy = 456F1B20456F56180000007C /* PBXContainerItemProxy */;
    		};
		456F1B20456F5618000000EC /* PBXTargetDependency espcmd depends on libhttp */ = {
    			isa = PBXTargetDependency;
    			target = 456F1B20456F56180000006C /* libhttp */;
    			targetProxy = 456F1B20456F56180000007D /* PBXContainerItemProxy */;
    		};
		456F1B20456F5618000000ED /* PBXTargetDependency espcmd depends on libesp */ = {
    			isa = PBXTargetDependency;
    			target = 456F1B20456F56180000006E /* libesp */;
    			targetProxy = 456F1B20456F56180000007E /* PBXContainerItemProxy */;
    		};
		456F1B20456F56180000000C /* PBXTargetDependency http-ca-crt depends on Prep */ = {
    			isa = PBXTargetDependency;
    			target = 456F1B20456F561800000024 /* Prep */;
    			targetProxy = 456F1B20456F56180000007F /* PBXContainerItemProxy */;
    		};
		456F1B20456F5618000000F0 /* PBXTargetDependency httpcmd depends on Prep */ = {
    			isa = PBXTargetDependency;
    			target = 456F1B20456F561800000024 /* Prep */;
    			targetProxy = 456F1B20456F561800000080 /* PBXContainerItemProxy */;
    		};
		456F1B20456F5618000000F1 /* PBXTargetDependency httpcmd depends on openssl */ = {
    			isa = PBXTargetDependency;
    			target = 456F1B20456F561800000066 /* openssl */;
    			targetProxy = 456F1B20456F561800000081 /* PBXContainerItemProxy */;
    		};
		456F1B20456F5618000000F2 /* PBXTargetDependency httpcmd depends on libmpr */ = {
    			isa = PBXTargetDependency;
    			target = 456F1B20456F561800000068 /* libmpr */;
    			targetProxy = 456F1B20456F561800000082 /* PBXContainerItemProxy */;
    		};
		456F1B20456F5618000000F3 /* PBXTargetDependency httpcmd depends on libpcre */ = {
    			isa = PBXTargetDependency;
    			target = 456F1B20456F56180000006A /* libpcre */;
    			targetProxy = 456F1B20456F561800000083 /* PBXContainerItemProxy */;
    		};
		456F1B20456F5618000000F4 /* PBXTargetDependency httpcmd depends on libhttp */ = {
    			isa = PBXTargetDependency;
    			target = 456F1B20456F56180000006C /* libhttp */;
    			targetProxy = 456F1B20456F561800000084 /* PBXContainerItemProxy */;
    		};
		456F1B20456F5618000000F7 /* PBXTargetDependency libappweb depends on Prep */ = {
    			isa = PBXTargetDependency;
    			target = 456F1B20456F561800000024 /* Prep */;
    			targetProxy = 456F1B20456F561800000085 /* PBXContainerItemProxy */;
    		};
		456F1B20456F5618000000F8 /* PBXTargetDependency libappweb depends on openssl */ = {
    			isa = PBXTargetDependency;
    			target = 456F1B20456F561800000066 /* openssl */;
    			targetProxy = 456F1B20456F561800000086 /* PBXContainerItemProxy */;
    		};
		456F1B20456F5618000000F9 /* PBXTargetDependency libappweb depends on libmpr */ = {
    			isa = PBXTargetDependency;
    			target = 456F1B20456F561800000068 /* libmpr */;
    			targetProxy = 456F1B20456F561800000087 /* PBXContainerItemProxy */;
    		};
		456F1B20456F5618000000FA /* PBXTargetDependency libappweb depends on libpcre */ = {
    			isa = PBXTargetDependency;
    			target = 456F1B20456F56180000006A /* libpcre */;
    			targetProxy = 456F1B20456F561800000088 /* PBXContainerItemProxy */;
    		};
		456F1B20456F5618000000FB /* PBXTargetDependency libappweb depends on libhttp */ = {
    			isa = PBXTargetDependency;
    			target = 456F1B20456F56180000006C /* libhttp */;
    			targetProxy = 456F1B20456F561800000089 /* PBXContainerItemProxy */;
    		};
		456F1B20456F5618000000FC /* PBXTargetDependency libappweb depends on libesp */ = {
    			isa = PBXTargetDependency;
    			target = 456F1B20456F56180000006E /* libesp */;
    			targetProxy = 456F1B20456F56180000008A /* PBXContainerItemProxy */;
    		};
		456F1B20456F5618000000FF /* PBXTargetDependency libesp depends on Prep */ = {
    			isa = PBXTargetDependency;
    			target = 456F1B20456F561800000024 /* Prep */;
    			targetProxy = 456F1B20456F56180000008B /* PBXContainerItemProxy */;
    		};
		456F1B20456F561800000100 /* PBXTargetDependency libesp depends on openssl */ = {
    			isa = PBXTargetDependency;
    			target = 456F1B20456F561800000066 /* openssl */;
    			targetProxy = 456F1B20456F56180000008C /* PBXContainerItemProxy */;
    		};
		456F1B20456F561800000101 /* PBXTargetDependency libesp depends on libmpr */ = {
    			isa = PBXTargetDependency;
    			target = 456F1B20456F561800000068 /* libmpr */;
    			targetProxy = 456F1B20456F56180000008D /* PBXContainerItemProxy */;
    		};
		456F1B20456F561800000102 /* PBXTargetDependency libesp depends on libpcre */ = {
    			isa = PBXTargetDependency;
    			target = 456F1B20456F56180000006A /* libpcre */;
    			targetProxy = 456F1B20456F56180000008E /* PBXContainerItemProxy */;
    		};
		456F1B20456F561800000103 /* PBXTargetDependency libesp depends on libhttp */ = {
    			isa = PBXTargetDependency;
    			target = 456F1B20456F56180000006C /* libhttp */;
    			targetProxy = 456F1B20456F56180000008F /* PBXContainerItemProxy */;
    		};
		456F1B20456F561800000106 /* PBXTargetDependency libhttp depends on Prep */ = {
    			isa = PBXTargetDependency;
    			target = 456F1B20456F561800000024 /* Prep */;
    			targetProxy = 456F1B20456F561800000090 /* PBXContainerItemProxy */;
    		};
		456F1B20456F561800000107 /* PBXTargetDependency libhttp depends on openssl */ = {
    			isa = PBXTargetDependency;
    			target = 456F1B20456F561800000066 /* openssl */;
    			targetProxy = 456F1B20456F561800000091 /* PBXContainerItemProxy */;
    		};
		456F1B20456F561800000108 /* PBXTargetDependency libhttp depends on libmpr */ = {
    			isa = PBXTargetDependency;
    			target = 456F1B20456F561800000068 /* libmpr */;
    			targetProxy = 456F1B20456F561800000092 /* PBXContainerItemProxy */;
    		};
		456F1B20456F561800000109 /* PBXTargetDependency libhttp depends on libpcre */ = {
    			isa = PBXTargetDependency;
    			target = 456F1B20456F56180000006A /* libpcre */;
    			targetProxy = 456F1B20456F561800000093 /* PBXContainerItemProxy */;
    		};
		456F1B20456F56180000010C /* PBXTargetDependency libmpr depends on Prep */ = {
    			isa = PBXTargetDependency;
    			target = 456F1B20456F561800000024 /* Prep */;
    			targetProxy = 456F1B20456F561800000094 /* PBXContainerItemProxy */;
    		};
		456F1B20456F56180000010D /* PBXTargetDependency libmpr depends on openssl */ = {
    			isa = PBXTargetDependency;
    			target = 456F1B20456F561800000066 /* openssl */;
    			targetProxy = 456F1B20456F561800000095 /* PBXContainerItemProxy */;
    		};
		456F1B20456F561800000110 /* PBXTargetDependency libpcre depends on Prep */ = {
    			isa = PBXTargetDependency;
    			target = 456F1B20456F561800000024 /* Prep */;
    			targetProxy = 456F1B20456F561800000096 /* PBXContainerItemProxy */;
    		};
		456F1B20456F561800000113 /* PBXTargetDependency openssl depends on Prep */ = {
    			isa = PBXTargetDependency;
    			target = 456F1B20456F561800000024 /* Prep */;
    			targetProxy = 456F1B20456F561800000097 /* PBXContainerItemProxy */;
    		};
		456F1B20456F561800000010 /* PBXTargetDependency server-cache depends on Prep */ = {
    			isa = PBXTargetDependency;
    			target = 456F1B20456F561800000024 /* Prep */;
    			targetProxy = 456F1B20456F561800000098 /* PBXContainerItemProxy */;
    		};
		456F1B20456F561800000116 /* PBXTargetDependency watchdog depends on Prep */ = {
    			isa = PBXTargetDependency;
    			target = 456F1B20456F561800000024 /* Prep */;
    			targetProxy = 456F1B20456F561800000099 /* PBXContainerItemProxy */;
    		};
		456F1B20456F561800000117 /* PBXTargetDependency watchdog depends on openssl */ = {
    			isa = PBXTargetDependency;
    			target = 456F1B20456F561800000066 /* openssl */;
    			targetProxy = 456F1B20456F56180000009A /* PBXContainerItemProxy */;
    		};
		456F1B20456F561800000118 /* PBXTargetDependency watchdog depends on libmpr */ = {
    			isa = PBXTargetDependency;
    			target = 456F1B20456F561800000068 /* libmpr */;
    			targetProxy = 456F1B20456F56180000009B /* PBXContainerItemProxy */;
    		};
		456F1B20456F561800000022 /* PBXTargetDependency All depends on Prep */ = {
    			isa = PBXTargetDependency;
    			target = 456F1B20456F561800000024 /* Prep */;
    			targetProxy = 456F1B20456F56180000009C /* PBXContainerItemProxy */;
    		};
		456F1B20456F56180000001E /* PBXTargetDependency All depends on openssl */ = {
    			isa = PBXTargetDependency;
    			target = 456F1B20456F561800000066 /* openssl */;
    			targetProxy = 456F1B20456F56180000009D /* PBXContainerItemProxy */;
    		};
		456F1B20456F56180000001C /* PBXTargetDependency All depends on libmpr */ = {
    			isa = PBXTargetDependency;
    			target = 456F1B20456F561800000068 /* libmpr */;
    			targetProxy = 456F1B20456F56180000009E /* PBXContainerItemProxy */;
    		};
		456F1B20456F56180000001D /* PBXTargetDependency All depends on libpcre */ = {
    			isa = PBXTargetDependency;
    			target = 456F1B20456F56180000006A /* libpcre */;
    			targetProxy = 456F1B20456F56180000009F /* PBXContainerItemProxy */;
    		};
		456F1B20456F56180000001B /* PBXTargetDependency All depends on libhttp */ = {
    			isa = PBXTargetDependency;
    			target = 456F1B20456F56180000006C /* libhttp */;
    			targetProxy = 456F1B20456F5618000000A0 /* PBXContainerItemProxy */;
    		};
		456F1B20456F56180000001A /* PBXTargetDependency All depends on libesp */ = {
    			isa = PBXTargetDependency;
    			target = 456F1B20456F56180000006E /* libesp */;
    			targetProxy = 456F1B20456F5618000000A1 /* PBXContainerItemProxy */;
    		};
		456F1B20456F561800000019 /* PBXTargetDependency All depends on libappweb */ = {
    			isa = PBXTargetDependency;
    			target = 456F1B20456F561800000070 /* libappweb */;
    			targetProxy = 456F1B20456F5618000000A2 /* PBXContainerItemProxy */;
    		};
		456F1B20456F561800000013 /* PBXTargetDependency All depends on appweb */ = {
    			isa = PBXTargetDependency;
    			target = 456F1B20456F5618000000A4 /* appweb */;
    			targetProxy = 456F1B20456F5618000000A3 /* PBXContainerItemProxy */;
    		};
		456F1B20456F561800000014 /* PBXTargetDependency All depends on authpass */ = {
    			isa = PBXTargetDependency;
    			target = 456F1B20456F5618000000A6 /* authpass */;
    			targetProxy = 456F1B20456F5618000000A5 /* PBXContainerItemProxy */;
    		};
		456F1B20456F561800000015 /* PBXTargetDependency All depends on esp-compile.json */ = {
    			isa = PBXTargetDependency;
    			target = 456F1B20456F561800000006 /* esp-compile.json */;
    			targetProxy = 456F1B20456F5618000000A7 /* PBXContainerItemProxy */;
    		};
		456F1B20456F561800000016 /* PBXTargetDependency All depends on espcmd */ = {
    			isa = PBXTargetDependency;
    			target = 456F1B20456F5618000000A9 /* espcmd */;
    			targetProxy = 456F1B20456F5618000000A8 /* PBXContainerItemProxy */;
    		};
		456F1B20456F561800000017 /* PBXTargetDependency All depends on http-ca-crt */ = {
    			isa = PBXTargetDependency;
    			target = 456F1B20456F56180000000A /* http-ca-crt */;
    			targetProxy = 456F1B20456F5618000000AA /* PBXContainerItemProxy */;
    		};
		456F1B20456F561800000018 /* PBXTargetDependency All depends on httpcmd */ = {
    			isa = PBXTargetDependency;
    			target = 456F1B20456F5618000000AC /* httpcmd */;
    			targetProxy = 456F1B20456F5618000000AB /* PBXContainerItemProxy */;
    		};
		456F1B20456F56180000001F /* PBXTargetDependency All depends on server-cache */ = {
    			isa = PBXTargetDependency;
    			target = 456F1B20456F56180000000E /* server-cache */;
    			targetProxy = 456F1B20456F5618000000AD /* PBXContainerItemProxy */;
    		};
		456F1B20456F561800000020 /* PBXTargetDependency All depends on watchdog */ = {
    			isa = PBXTargetDependency;
    			target = 456F1B20456F5618000000AF /* watchdog */;
    			targetProxy = 456F1B20456F5618000000AE /* PBXContainerItemProxy */;
    		};
/* End PBXTargetDependency section */

    /* Begin XCBuildConfiguration section */
    		456F1B20456F561800000003 /* Debug */ = {
    			isa = XCBuildConfiguration;
    			buildSettings = {
    
                    /* Common Settings */
    				ALWAYS_SEARCH_USER_PATHS = NO;
                    ONLY_ACTIVE_ARCH = YES;
                    CURRENT_PROJECT_VERSION = 5.4;
                    DYLIB_COMPATIBILITY_VERSION = "$(CURRENT_PROJECT_VERSION)";
                    DYLIB_CURRENT_VERSION = "$(CURRENT_PROJECT_VERSION)";
    				GCC_C_LANGUAGE_STANDARD = gnu99;
    				GCC_VERSION = com.apple.compilers.llvm.clang.1_0;
    				GCC_WARN_ABOUT_RETURN_TYPE = YES;
                    LD_DYLIB_INSTALL_NAME = "@rpath/$(EXECUTABLE_PATH)";
    				MACOSX_DEPLOYMENT_TARGET = 10.7;
    				SDKROOT = macosx;

                    OUT_DIR = "../build/macosx-x64-static";
                    BIN_DIR = "../build/macosx-x64-static/bin";
                    LIB_DIR = "../src";
                    INC_DIR = "../build/macosx-x64-static/inc";
                    OBJ_DIR = "../build/macosx-x64-static/obj";
                    SRC_DIR = "../src";

                    CONFIGURATION_TEMP_DIR = "$(OBJ_DIR)/appweb-xcode/$(CONFIGURATION)";
                    CONFIGURATION_BUILD_DIR = "$(BIN_DIR)";
                    INSTALL_PATH = "/usr/lib/appweb";
                    DSTROOT = "/tmp/appweb.dst";
                    OBJROOT = "$(OBJ_DIR)";
                    SYMROOT = "$(BIN_DIR)";
    				GCC_WARN_64_TO_32_ME_CONVERSION = YES;
				GCC_WARN_64_TO_32_ME_CONVERSION = YES;
				GCC_WARN_UNUSED_VARIABLE = NO;
				GCC_WARN_UNUSED_FUNCTION = NO;
				GCC_WARN_UNUSED_LABEL = NO;
				GCC_WARN_64_TO_32_ME_CONVERSION = YES;
				GCC_WARN_64_TO_32_ME_CONVERSION = YES;
				GCC_WARN_UNUSED_VARIABLE = NO;
				GCC_WARN_UNUSED_FUNCTION = NO;
				GCC_WARN_UNUSED_LABEL = NO;

                    /* Debug Settings */
    				COPY_PHASE_STRIP = NO;
    				GCC_OPTIMIZATION_LEVEL = 0;
    				GCC_SYMBOLS_PRIVATE_EXTERN = NO;
    				HEADER_SEARCH_PATHS = (
					"../build/macosx-x64-static/inc",
					"$(inherited)"
				);
				GCC_PREPROCESSOR_DEFINITIONS = (
					"ME_DEBUG",
					"$(inherited)"
				);
				LIBRARY_SEARCH_PATHS = (
					"../build/macosx-x64-static/bin",
					"$(inherited)"
				);
				OTHER_LDFLAGS = (
					"-Wl,-rpath,@executable_path/",
					"-Wl,-rpath,@loader_path/",
					"-ldl",
					"-lpthread",
					"-lm",
					"$(inherited)"
				);

    			};
    			name = Debug;
    		};
    		456F1B20456F561800000004 /* Release */ = {
    			isa = XCBuildConfiguration;
    			buildSettings = {
    
                    /* Common Settings */
    				ALWAYS_SEARCH_USER_PATHS = NO;
                    ONLY_ACTIVE_ARCH = YES;
                    CURRENT_PROJECT_VERSION = 5.4;
                    DYLIB_COMPATIBILITY_VERSION = "$(CURRENT_PROJECT_VERSION)";
                    DYLIB_CURRENT_VERSION = "$(CURRENT_PROJECT_VERSION)";
    				GCC_C_LANGUAGE_STANDARD = gnu99;
    				GCC_VERSION = com.apple.compilers.llvm.clang.1_0;
    				GCC_WARN_ABOUT_RETURN_TYPE = YES;
                    LD_DYLIB_INSTALL_NAME = "@rpath/$(EXECUTABLE_PATH)";
    				MACOSX_DEPLOYMENT_TARGET = 10.7;
    				SDKROOT = macosx;

                    OUT_DIR = "../build/macosx-x64-static";
                    BIN_DIR = "../build/macosx-x64-static/bin";
                    LIB_DIR = "../src";
                    INC_DIR = "../build/macosx-x64-static/inc";
                    OBJ_DIR = "../build/macosx-x64-static/obj";
                    SRC_DIR = "../src";

                    CONFIGURATION_TEMP_DIR = "$(OBJ_DIR)/appweb-xcode/$(CONFIGURATION)";
                    CONFIGURATION_BUILD_DIR = "$(BIN_DIR)";
                    INSTALL_PATH = "/usr/lib/appweb";
                    DSTROOT = "/tmp/appweb.dst";
                    OBJROOT = "$(OBJ_DIR)";
                    SYMROOT = "$(BIN_DIR)";
    				GCC_WARN_64_TO_32_ME_CONVERSION = YES;
				GCC_WARN_64_TO_32_ME_CONVERSION = YES;
				GCC_WARN_UNUSED_VARIABLE = NO;
				GCC_WARN_UNUSED_FUNCTION = NO;
				GCC_WARN_UNUSED_LABEL = NO;
				GCC_WARN_64_TO_32_ME_CONVERSION = YES;
				GCC_WARN_64_TO_32_ME_CONVERSION = YES;
				GCC_WARN_UNUSED_VARIABLE = NO;
				GCC_WARN_UNUSED_FUNCTION = NO;
				GCC_WARN_UNUSED_LABEL = NO;

                    /* Release Settings */
    				COPY_PHASE_STRIP = YES;
    				DEBUG_INFORMATION_FORMAT = "dwarf-with-dsym";
    				GCC_OPTIMIZATION_LEVEL = s;
                    GCC_WARN_UNINITIALIZED_AUTOS = NO;
    				HEADER_SEARCH_PATHS = (
					"../build/macosx-x64-static/inc",
					"$(inherited)"
				);

				LIBRARY_SEARCH_PATHS = (
					"../build/macosx-x64-static/bin",
					"$(inherited)"
				);
				OTHER_LDFLAGS = (
					"-Wl,-rpath,@executable_path/",
					"-Wl,-rpath,@loader_path/",
					"-ldl",
					"-lpthread",
					"-lm",
					"$(inherited)"
				);

    			};
    			name = Release;
    		};
		456F1B20456F561800000119 /* Debug */ = {
    			isa = XCBuildConfiguration;
    			buildSettings = {
    				PRODUCT_NAME = appweb;
    
    				GCC_PREPROCESSOR_DEFINITIONS = (
					"ME_DEBUG",
					"$(inherited)"
				);
				OTHER_LDFLAGS = (
					"-lpam",
					"-lopenssl",
					"-lssl",
					"-lcrypto",
					);

				MACH_O_TYPE = mh_execute;

    			};
    			name = Debug;
    		};
    		456F1B20456F56180000011A /* Release */ = {
    			isa = XCBuildConfiguration;
    			buildSettings = {
    				PRODUCT_NAME = appweb;
    
    				OTHER_LDFLAGS = (
					"-lpam",
					"-lopenssl",
					"-lssl",
					"-lcrypto",
					);

				MACH_O_TYPE = mh_execute;

    			};
    			name = Release;
    		};
		456F1B20456F56180000011B /* Debug */ = {
    			isa = XCBuildConfiguration;
    			buildSettings = {
    				PRODUCT_NAME = authpass;
    
    				GCC_PREPROCESSOR_DEFINITIONS = (
					"ME_DEBUG",
					"$(inherited)"
				);
				OTHER_LDFLAGS = (
					"-lpam",
					"-lopenssl",
					"-lssl",
					"-lcrypto",
					);

				MACH_O_TYPE = mh_execute;

    			};
    			name = Debug;
    		};
    		456F1B20456F56180000011C /* Release */ = {
    			isa = XCBuildConfiguration;
    			buildSettings = {
    				PRODUCT_NAME = authpass;
    
    				OTHER_LDFLAGS = (
					"-lpam",
					"-lopenssl",
					"-lssl",
					"-lcrypto",
					);

				MACH_O_TYPE = mh_execute;

    			};
    			name = Release;
    		};
		456F1B20456F56180000011D /* Debug */ = {
    			isa = XCBuildConfiguration;
    			buildSettings = {
    				PRODUCT_NAME = esp-compile;
    
    				GCC_PREPROCESSOR_DEFINITIONS = (
					"ME_DEBUG",
					"$(inherited)"
				);
				OTHER_LDFLAGS = ();

				MACH_O_TYPE = mh_execute;

    			};
    			name = Debug;
    		};
    		456F1B20456F56180000011E /* Release */ = {
    			isa = XCBuildConfiguration;
    			buildSettings = {
    				PRODUCT_NAME = esp-compile;
    
    				OTHER_LDFLAGS = ();

				MACH_O_TYPE = mh_execute;

    			};
    			name = Release;
    		};
		456F1B20456F56180000011F /* Debug */ = {
    			isa = XCBuildConfiguration;
    			buildSettings = {
    				PRODUCT_NAME = esp;
    
    				GCC_PREPROCESSOR_DEFINITIONS = (
					"ME_DEBUG",
					"$(inherited)"
				);
				OTHER_LDFLAGS = (
					"-lpam",
					"-lopenssl",
					"-lssl",
					"-lcrypto",
					);

				MACH_O_TYPE = mh_execute;

    			};
    			name = Debug;
    		};
    		456F1B20456F561800000120 /* Release */ = {
    			isa = XCBuildConfiguration;
    			buildSettings = {
    				PRODUCT_NAME = esp;
    
    				OTHER_LDFLAGS = (
					"-lpam",
					"-lopenssl",
					"-lssl",
					"-lcrypto",
					);

				MACH_O_TYPE = mh_execute;

    			};
    			name = Release;
    		};
		456F1B20456F561800000121 /* Debug */ = {
    			isa = XCBuildConfiguration;
    			buildSettings = {
    				PRODUCT_NAME = ca;
    
    				GCC_PREPROCESSOR_DEFINITIONS = (
					"ME_DEBUG",
					"$(inherited)"
				);
				OTHER_LDFLAGS = ();

				MACH_O_TYPE = mh_execute;

    			};
    			name = Debug;
    		};
    		456F1B20456F561800000122 /* Release */ = {
    			isa = XCBuildConfiguration;
    			buildSettings = {
    				PRODUCT_NAME = ca;
    
    				OTHER_LDFLAGS = ();

				MACH_O_TYPE = mh_execute;

    			};
    			name = Release;
    		};
		456F1B20456F561800000123 /* Debug */ = {
    			isa = XCBuildConfiguration;
    			buildSettings = {
    				PRODUCT_NAME = http;
    
    				GCC_PREPROCESSOR_DEFINITIONS = (
					"ME_DEBUG",
					"$(inherited)"
				);
				OTHER_LDFLAGS = (
					"-lpam",
					"-lopenssl",
					"-lssl",
					"-lcrypto",
					);

				MACH_O_TYPE = mh_execute;

    			};
    			name = Debug;
    		};
    		456F1B20456F561800000124 /* Release */ = {
    			isa = XCBuildConfiguration;
    			buildSettings = {
    				PRODUCT_NAME = http;
    
    				OTHER_LDFLAGS = (
					"-lpam",
					"-lopenssl",
					"-lssl",
					"-lcrypto",
					);

				MACH_O_TYPE = mh_execute;

    			};
    			name = Release;
    		};
		456F1B20456F561800000125 /* Debug */ = {
    			isa = XCBuildConfiguration;
    			buildSettings = {
    				PRODUCT_NAME = libappweb;
    				EXECUTABLE_EXTENSION = a;

    				GCC_PREPROCESSOR_DEFINITIONS = (
					"ME_DEBUG",
					"$(inherited)"
				);
				OTHER_LDFLAGS = (
					"",
					"",
					"",
					"",
					);

				MACH_O_TYPE = staticlib;

    			};
    			name = Debug;
    		};
    		456F1B20456F561800000126 /* Release */ = {
    			isa = XCBuildConfiguration;
    			buildSettings = {
    				PRODUCT_NAME = libappweb;
    				EXECUTABLE_EXTENSION = a;

    				OTHER_LDFLAGS = (
					"",
					"",
					"",
					"",
					);

				MACH_O_TYPE = staticlib;

    			};
    			name = Release;
    		};
		456F1B20456F561800000127 /* Debug */ = {
    			isa = XCBuildConfiguration;
    			buildSettings = {
    				PRODUCT_NAME = libesp;
    				EXECUTABLE_EXTENSION = a;

    				GCC_PREPROCESSOR_DEFINITIONS = (
					"ME_DEBUG",
					"$(inherited)"
				);
				OTHER_LDFLAGS = (
					"",
					"",
					"",
					"",
					);

				MACH_O_TYPE = staticlib;

    			};
    			name = Debug;
    		};
    		456F1B20456F561800000128 /* Release */ = {
    			isa = XCBuildConfiguration;
    			buildSettings = {
    				PRODUCT_NAME = libesp;
    				EXECUTABLE_EXTENSION = a;

    				OTHER_LDFLAGS = (
					"",
					"",
					"",
					"",
					);

				MACH_O_TYPE = staticlib;

    			};
    			name = Release;
    		};
		456F1B20456F561800000129 /* Debug */ = {
    			isa = XCBuildConfiguration;
    			buildSettings = {
    				PRODUCT_NAME = libhttp;
    				EXECUTABLE_EXTENSION = a;

    				GCC_PREPROCESSOR_DEFINITIONS = (
					"ME_DEBUG",
					"$(inherited)"
				);
				OTHER_LDFLAGS = (
					"",
					"",
					"",
					"",
					);

				MACH_O_TYPE = staticlib;

    			};
    			name = Debug;
    		};
    		456F1B20456F56180000012A /* Release */ = {
    			isa = XCBuildConfiguration;
    			buildSettings = {
    				PRODUCT_NAME = libhttp;
    				EXECUTABLE_EXTENSION = a;

    				OTHER_LDFLAGS = (
					"",
					"",
					"",
					"",
					);

				MACH_O_TYPE = staticlib;

    			};
    			name = Release;
    		};
		456F1B20456F56180000012B /* Debug */ = {
    			isa = XCBuildConfiguration;
    			buildSettings = {
    				PRODUCT_NAME = libmpr;
    				EXECUTABLE_EXTENSION = a;

    				GCC_PREPROCESSOR_DEFINITIONS = (
					"ME_DEBUG",
					"$(inherited)"
				);
				OTHER_LDFLAGS = (
					"",
					"",
					"",
					);

				MACH_O_TYPE = staticlib;

    			};
    			name = Debug;
    		};
    		456F1B20456F56180000012C /* Release */ = {
    			isa = XCBuildConfiguration;
    			buildSettings = {
    				PRODUCT_NAME = libmpr;
    				EXECUTABLE_EXTENSION = a;

    				OTHER_LDFLAGS = (
					"",
					"",
					"",
					);

				MACH_O_TYPE = staticlib;

    			};
    			name = Release;
    		};
		456F1B20456F56180000012D /* Debug */ = {
    			isa = XCBuildConfiguration;
    			buildSettings = {
    				PRODUCT_NAME = libpcre;
    				EXECUTABLE_EXTENSION = a;

    				GCC_PREPROCESSOR_DEFINITIONS = (
					"PCRE_CHAR=char",
					"ME_DEBUG",
					"$(inherited)"
				);
				OTHER_LDFLAGS = ();

				MACH_O_TYPE = staticlib;

    			};
    			name = Debug;
    		};
    		456F1B20456F56180000012E /* Release */ = {
    			isa = XCBuildConfiguration;
    			buildSettings = {
    				PRODUCT_NAME = libpcre;
    				EXECUTABLE_EXTENSION = a;

    				GCC_PREPROCESSOR_DEFINITIONS = (
					"PCRE_CHAR=char",
					"$(inherited)"
				);
				OTHER_LDFLAGS = ();

				MACH_O_TYPE = staticlib;

    			};
    			name = Release;
    		};
		456F1B20456F56180000012F /* Debug */ = {
    			isa = XCBuildConfiguration;
    			buildSettings = {
    				PRODUCT_NAME = libopenssl;
    				EXECUTABLE_EXTENSION = a;

    				GCC_PREPROCESSOR_DEFINITIONS = (
					"ME_DEBUG",
					"$(inherited)"
				);
				OTHER_LDFLAGS = (
					"",
					"",
					);

				MACH_O_TYPE = staticlib;

    			};
    			name = Debug;
    		};
    		456F1B20456F561800000130 /* Release */ = {
    			isa = XCBuildConfiguration;
    			buildSettings = {
    				PRODUCT_NAME = libopenssl;
    				EXECUTABLE_EXTENSION = a;

    				OTHER_LDFLAGS = (
					"",
					"",
					);

				MACH_O_TYPE = staticlib;

    			};
    			name = Release;
    		};
		456F1B20456F561800000131 /* Debug */ = {
    			isa = XCBuildConfiguration;
    			buildSettings = {
    				PRODUCT_NAME = cache;
    
    				GCC_PREPROCESSOR_DEFINITIONS = (
					"ME_DEBUG",
					"$(inherited)"
				);
				OTHER_LDFLAGS = ();

				MACH_O_TYPE = mh_execute;

    			};
    			name = Debug;
    		};
    		456F1B20456F561800000132 /* Release */ = {
    			isa = XCBuildConfiguration;
    			buildSettings = {
    				PRODUCT_NAME = cache;
    
    				OTHER_LDFLAGS = ();

				MACH_O_TYPE = mh_execute;

    			};
    			name = Release;
    		};
		456F1B20456F561800000133 /* Debug */ = {
    			isa = XCBuildConfiguration;
    			buildSettings = {
    				PRODUCT_NAME = appman;
    
    				GCC_PREPROCESSOR_DEFINITIONS = (
					"ME_DEBUG",
					"$(inherited)"
				);
				OTHER_LDFLAGS = (
					"-lopenssl",
					"-lssl",
					"-lcrypto",
					);

				MACH_O_TYPE = mh_execute;

    			};
    			name = Debug;
    		};
    		456F1B20456F561800000134 /* Release */ = {
    			isa = XCBuildConfiguration;
    			buildSettings = {
    				PRODUCT_NAME = appman;
    
    				OTHER_LDFLAGS = (
					"-lopenssl",
					"-lssl",
					"-lcrypto",
					);

				MACH_O_TYPE = mh_execute;

    			};
    			name = Release;
    		};
		456F1B20456F561800000135 /* Debug */ = {
    			isa = XCBuildConfiguration;
    			buildSettings = {
    				PRODUCT_NAME = All;
    
    				GCC_PREPROCESSOR_DEFINITIONS = (
					"ME_DEBUG",
					"$(inherited)"
				);
				OTHER_LDFLAGS = ();

				MACH_O_TYPE = mh_execute;

    			};
    			name = Debug;
    		};
    		456F1B20456F561800000136 /* Release */ = {
    			isa = XCBuildConfiguration;
    			buildSettings = {
    				PRODUCT_NAME = All;
    
    				OTHER_LDFLAGS = ();

				MACH_O_TYPE = mh_execute;

    			};
    			name = Release;
    		};
		456F1B20456F561800000137 /* Debug */ = {
    			isa = XCBuildConfiguration;
    			buildSettings = {
    				PRODUCT_NAME = Prep;
    
    				GCC_PREPROCESSOR_DEFINITIONS = (
					"ME_DEBUG",
					"$(inherited)"
				);
				OTHER_LDFLAGS = ();

				MACH_O_TYPE = mh_execute;

    			};
    			name = Debug;
    		};
    		456F1B20456F561800000138 /* Release */ = {
    			isa = XCBuildConfiguration;
    			buildSettings = {
    				PRODUCT_NAME = Prep;
    
    				OTHER_LDFLAGS = ();

				MACH_O_TYPE = mh_execute;

    			};
    			name = Release;
    		};
/* End XCBuildConfiguration section */

    /* Begin XCConfigurationList section */
    		456F1B20456F561800000002 /* Build configuration list for PBXProject "appweb" */ = {
    			isa = XCConfigurationList;
    			buildConfigurations = (
    				456F1B20456F561800000003 /* Debug */,
    				456F1B20456F561800000004 /* Release */,
    			);
    			defaultConfigurationIsVisible = 0;
    			defaultConfigurationName = Release;
    		};
		456F1B20456F5618000000D5 /* Build configuration list for PBXNativeTarget "appweb" */ = {
    			isa = XCConfigurationList;
    			buildConfigurations = (
    				456F1B20456F561800000119 /* Debug */,
    				456F1B20456F56180000011A /* Release */,
    			);
    			defaultConfigurationIsVisible = 0;
    			defaultConfigurationName = Release;
    		};
		456F1B20456F5618000000DE /* Build configuration list for PBXNativeTarget "authpass" */ = {
    			isa = XCConfigurationList;
    			buildConfigurations = (
    				456F1B20456F56180000011B /* Debug */,
    				456F1B20456F56180000011C /* Release */,
    			);
    			defaultConfigurationIsVisible = 0;
    			defaultConfigurationName = Release;
    		};
		456F1B20456F561800000005 /* Build configuration list for PBXNativeTarget "esp-compile.json" */ = {
    			isa = XCConfigurationList;
    			buildConfigurations = (
    				456F1B20456F56180000011D /* Debug */,
    				456F1B20456F56180000011E /* Release */,
    			);
    			defaultConfigurationIsVisible = 0;
    			defaultConfigurationName = Release;
    		};
		456F1B20456F5618000000E7 /* Build configuration list for PBXNativeTarget "espcmd" */ = {
    			isa = XCConfigurationList;
    			buildConfigurations = (
    				456F1B20456F56180000011F /* Debug */,
    				456F1B20456F561800000120 /* Release */,
    			);
    			defaultConfigurationIsVisible = 0;
    			defaultConfigurationName = Release;
    		};
		456F1B20456F561800000009 /* Build configuration list for PBXNativeTarget "http-ca-crt" */ = {
    			isa = XCConfigurationList;
    			buildConfigurations = (
    				456F1B20456F561800000121 /* Debug */,
    				456F1B20456F561800000122 /* Release */,
    			);
    			defaultConfigurationIsVisible = 0;
    			defaultConfigurationName = Release;
    		};
		456F1B20456F5618000000EF /* Build configuration list for PBXNativeTarget "httpcmd" */ = {
    			isa = XCConfigurationList;
    			buildConfigurations = (
    				456F1B20456F561800000123 /* Debug */,
    				456F1B20456F561800000124 /* Release */,
    			);
    			defaultConfigurationIsVisible = 0;
    			defaultConfigurationName = Release;
    		};
		456F1B20456F5618000000F6 /* Build configuration list for PBXNativeTarget "libappweb" */ = {
    			isa = XCConfigurationList;
    			buildConfigurations = (
    				456F1B20456F561800000125 /* Debug */,
    				456F1B20456F561800000126 /* Release */,
    			);
    			defaultConfigurationIsVisible = 0;
    			defaultConfigurationName = Release;
    		};
		456F1B20456F5618000000FE /* Build configuration list for PBXNativeTarget "libesp" */ = {
    			isa = XCConfigurationList;
    			buildConfigurations = (
    				456F1B20456F561800000127 /* Debug */,
    				456F1B20456F561800000128 /* Release */,
    			);
    			defaultConfigurationIsVisible = 0;
    			defaultConfigurationName = Release;
    		};
		456F1B20456F561800000105 /* Build configuration list for PBXNativeTarget "libhttp" */ = {
    			isa = XCConfigurationList;
    			buildConfigurations = (
    				456F1B20456F561800000129 /* Debug */,
    				456F1B20456F56180000012A /* Release */,
    			);
    			defaultConfigurationIsVisible = 0;
    			defaultConfigurationName = Release;
    		};
		456F1B20456F56180000010B /* Build configuration list for PBXNativeTarget "libmpr" */ = {
    			isa = XCConfigurationList;
    			buildConfigurations = (
    				456F1B20456F56180000012B /* Debug */,
    				456F1B20456F56180000012C /* Release */,
    			);
    			defaultConfigurationIsVisible = 0;
    			defaultConfigurationName = Release;
    		};
		456F1B20456F56180000010F /* Build configuration list for PBXNativeTarget "libpcre" */ = {
    			isa = XCConfigurationList;
    			buildConfigurations = (
    				456F1B20456F56180000012D /* Debug */,
    				456F1B20456F56180000012E /* Release */,
    			);
    			defaultConfigurationIsVisible = 0;
    			defaultConfigurationName = Release;
    		};
		456F1B20456F561800000112 /* Build configuration list for PBXNativeTarget "openssl" */ = {
    			isa = XCConfigurationList;
    			buildConfigurations = (
    				456F1B20456F56180000012F /* Debug */,
    				456F1B20456F561800000130 /* Release */,
    			);
    			defaultConfigurationIsVisible = 0;
    			defaultConfigurationName = Release;
    		};
		456F1B20456F56180000000D /* Build configuration list for PBXNativeTarget "server-cache" */ = {
    			isa = XCConfigurationList;
    			buildConfigurations = (
    				456F1B20456F561800000131 /* Debug */,
    				456F1B20456F561800000132 /* Release */,
    			);
    			defaultConfigurationIsVisible = 0;
    			defaultConfigurationName = Release;
    		};
		456F1B20456F561800000115 /* Build configuration list for PBXNativeTarget "watchdog" */ = {
    			isa = XCConfigurationList;
    			buildConfigurations = (
    				456F1B20456F561800000133 /* Debug */,
    				456F1B20456F561800000134 /* Release */,
    			);
    			defaultConfigurationIsVisible = 0;
    			defaultConfigurationName = Release;
    		};
		456F1B20456F561800000011 /* Build configuration list for PBXNativeTarget "All" */ = {
    			isa = XCConfigurationList;
    			buildConfigurations = (
    				456F1B20456F561800000135 /* Debug */,
    				456F1B20456F561800000136 /* Release */,
    			);
    			defaultConfigurationIsVisible = 0;
    			defaultConfigurationName = Release;
    		};
		456F1B20456F561800000023 /* Build configuration list for PBXNativeTarget "Prep" */ = {
    			isa = XCConfigurationList;
    			buildConfigurations = (
    				456F1B20456F561800000137 /* Debug */,
    				456F1B20456F561800000138 /* Release */,
    			);
    			defaultConfigurationIsVisible = 0;
    			defaultConfigurationName = Release;
    		};
/* End XCConfigurationList section */
	};
	rootObject = 456F1B20456F561800000001 /* Project object */;
}
