// !$*UTF8*$!
{
	archiveVersion = 1;
	classes = {
	};
	objectVersion = 46;
	objects = {

/* Begin PBXGroup section */
		C939B8F01767F5EC00A205A0 = {
			isa = PBXGroup;
			children = (
			);
			sourceTree = "<group>";
		};
/* End PBXGroup section */

/* Begin PBXProject section */
		C939B8F11767F5EC00A205A0 /* Project object */ = {
			isa = PBXProject;
			attributes = {
				LastUpgradeCheck = 0460;
			};
			buildConfigurationList = C939B8F41767F5EC00A205A0 /* Build configuration list for PBXProject "appweb-standalone" */;
			compatibilityVersion = "Xcode 3.2";
			developmentRegion = English;
			hasScannedForEncodings = 0;
			knownRegions = (
				en,
			);
			mainGroup = C939B8F01767F5EC00A205A0;
			projectDirPath = "";
			projectRoot = "";
			targets = (
			);
		};
/* End PBXProject section */

/* Begin XCBuildConfiguration section */
		C939B8F51767F5EC00A205A0 /* Debug */ = {
			isa = XCBuildConfiguration;
			buildSettings = {
			};
			name = Debug;
		};
		C939B8F61767F5EC00A205A0 /* Release */ = {
			isa = XCBuildConfiguration;
			buildSettings = {
			};
			name = Release;
		};
/* End XCBuildConfiguration section */

/* Begin XCConfigurationList section */
		C939B8F41767F5EC00A205A0 /* Build configuration list for PBXProject "appweb-standalone" */ = {
			isa = XCConfigurationList;
			buildConfigurations = (
				C939B8F51767F5EC00A205A0 /* Debug */,
				C939B8F61767F5EC00A205A0 /* Release */,
			);
			defaultConfigurationIsVisible = 0;
			defaultConfigurationName = Release;
		};
/* End XCConfigurationList section */
	};
	rootObject = C939B8F11767F5EC00A205A0 /* Project object */;
}
